
Microsoft Visual Studio Solution File, Format Version 12.00
# Visual Studio 15
VisualStudioVersion = 15.0.27703.2018
MinimumVisualStudioVersion = 10.0.40219.1
Project("{2150E333-8FDC-42A3-9474-1A3956D46DE8}") = "Exercises", "Exercises", "{D9AA0602-E529-44F8-B984-AFDB0CE52686}"
EndProject
Project("{2150E333-8FDC-42A3-9474-1A3956D46DE8}") = "Lab", "Lab", "{3AED015D-A9F8-40E2-8EB0-28BECC632073}"
EndProject
Project("{9A19103F-16F7-4668-BE54-9A1E7A4F7556}") = "01-MaxSequenceofEqualElements", "Exercises\01-MaxSequenceofEqualElements\01-MaxSequenceofEqualElements.csproj", "{5719C4F1-EC5B-42E3-AADD-7F5996B2AD3E}"
EndProject
Project("{9A19103F-16F7-4668-BE54-9A1E7A4F7556}") = "02-ChangeList", "Exercises\02-ChangeList\02-ChangeList.csproj", "{71A19622-AB93-4F02-8570-C4CB5DA551C5}"
EndProject
Project("{9A19103F-16F7-4668-BE54-9A1E7A4F7556}") = "03-SearchForANumber", "Exercises\03-SearchForANumber\03-SearchForANumber.csproj", "{8F5C7721-ACD8-43DE-A635-C99EF675DF97}"
EndProject
Project("{9A19103F-16F7-4668-BE54-9A1E7A4F7556}") = "04-LongestIncreasingSubsequence", "Exercises\04-LongestIncreasingSubsequence\04-LongestIncreasingSubsequence.csproj", "{FA16A829-D501-4ED0-B606-E9E592518B7C}"
EndProject
Project("{9A19103F-16F7-4668-BE54-9A1E7A4F7556}") = "05-ArrayManipulator", "Exercises\05-ArrayManipulator\05-ArrayManipulator.csproj", "{2C36C5C1-510B-46C5-AC66-D81226DB7FD6}"
EndProject
Project("{9A19103F-16F7-4668-BE54-9A1E7A4F7556}") = "06-SumReversedNumbers", "Exercises\06-SumReversedNumbers\06-SumReversedNumbers.csproj", "{21C38794-B8A9-4654-8DDF-65DE6425E7DD}"
EndProject
Project("{9A19103F-16F7-4668-BE54-9A1E7A4F7556}") = "07-BombNumbers", "Exercises\07-BombNumbers\07-BombNumbers.csproj", "{D7614123-A77D-4635-B598-7CB7E20B7D82}"
EndProject
Project("{9A19103F-16F7-4668-BE54-9A1E7A4F7556}") = "01-RemoveNegativesAndReverse", "Lab\01-RemoveNegativesAndReverse\01-RemoveNegativesAndReverse.csproj", "{48F11753-499C-47A7-89AC-91C6B5774C71}"
EndProject
Project("{9A19103F-16F7-4668-BE54-9A1E7A4F7556}") = "02-AppendList", "Lab\02-AppendList\02-AppendList.csproj", "{272DB61C-793E-4953-91A4-43421CEB7CF9}"
EndProject
Project("{9A19103F-16F7-4668-BE54-9A1E7A4F7556}") = "03-SumAdjacentEqualNumbers", "Lab\03-SumAdjacentEqualNumbers\03-SumAdjacentEqualNumbers.csproj", "{D989F9A0-D296-4004-BB46-512500AD52EB}"
EndProject
Project("{9A19103F-16F7-4668-BE54-9A1E7A4F7556}") = "04-SplitByWordCasting", "Lab\04-SplitByWordCasting\04-SplitByWordCasting.csproj", "{9812333B-CC30-40B4-8106-D5BE1DE47855}"
EndProject
Project("{9A19103F-16F7-4668-BE54-9A1E7A4F7556}") = "05-SortNumbers", "Lab\05-SortNumbers\05-SortNumbers.csproj", "{ECF96363-394F-453B-999B-1B7C6F2DBE7A}"
EndProject
Project("{9A19103F-16F7-4668-BE54-9A1E7A4F7556}") = "06-SquareNumbers", "Lab\06-SquareNumbers\06-SquareNumbers.csproj", "{CDB4D7AF-3447-463E-BE34-E9C3F2A25C4C}"
EndProject
Project("{9A19103F-16F7-4668-BE54-9A1E7A4F7556}") = "07-CountNumbers", "Lab\07-CountNumbers\07-CountNumbers.csproj", "{75AF2887-6270-454E-940E-3E9B9930EBCA}"
EndProject
Global
	GlobalSection(SolutionConfigurationPlatforms) = preSolution
		Debug|Any CPU = Debug|Any CPU
		Release|Any CPU = Release|Any CPU
	EndGlobalSection
	GlobalSection(ProjectConfigurationPlatforms) = postSolution
		{5719C4F1-EC5B-42E3-AADD-7F5996B2AD3E}.Debug|Any CPU.ActiveCfg = Debug|Any CPU
		{5719C4F1-EC5B-42E3-AADD-7F5996B2AD3E}.Debug|Any CPU.Build.0 = Debug|Any CPU
		{5719C4F1-EC5B-42E3-AADD-7F5996B2AD3E}.Release|Any CPU.ActiveCfg = Release|Any CPU
		{5719C4F1-EC5B-42E3-AADD-7F5996B2AD3E}.Release|Any CPU.Build.0 = Release|Any CPU
		{71A19622-AB93-4F02-8570-C4CB5DA551C5}.Debug|Any CPU.ActiveCfg = Debug|Any CPU
		{71A19622-AB93-4F02-8570-C4CB5DA551C5}.Debug|Any CPU.Build.0 = Debug|Any CPU
		{71A19622-AB93-4F02-8570-C4CB5DA551C5}.Release|Any CPU.ActiveCfg = Release|Any CPU
		{71A19622-AB93-4F02-8570-C4CB5DA551C5}.Release|Any CPU.Build.0 = Release|Any CPU
		{8F5C7721-ACD8-43DE-A635-C99EF675DF97}.Debug|Any CPU.ActiveCfg = Debug|Any CPU
		{8F5C7721-ACD8-43DE-A635-C99EF675DF97}.Debug|Any CPU.Build.0 = Debug|Any CPU
		{8F5C7721-ACD8-43DE-A635-C99EF675DF97}.Release|Any CPU.ActiveCfg = Release|Any CPU
		{8F5C7721-ACD8-43DE-A635-C99EF675DF97}.Release|Any CPU.Build.0 = Release|Any CPU
		{FA16A829-D501-4ED0-B606-E9E592518B7C}.Debug|Any CPU.ActiveCfg = Debug|Any CPU
		{FA16A829-D501-4ED0-B606-E9E592518B7C}.Debug|Any CPU.Build.0 = Debug|Any CPU
		{FA16A829-D501-4ED0-B606-E9E592518B7C}.Release|Any CPU.ActiveCfg = Release|Any CPU
		{FA16A829-D501-4ED0-B606-E9E592518B7C}.Release|Any CPU.Build.0 = Release|Any CPU
		{2C36C5C1-510B-46C5-AC66-D81226DB7FD6}.Debug|Any CPU.ActiveCfg = Debug|Any CPU
		{2C36C5C1-510B-46C5-AC66-D81226DB7FD6}.Debug|Any CPU.Build.0 = Debug|Any CPU
		{2C36C5C1-510B-46C5-AC66-D81226DB7FD6}.Release|Any CPU.ActiveCfg = Release|Any CPU
		{2C36C5C1-510B-46C5-AC66-D81226DB7FD6}.Release|Any CPU.Build.0 = Release|Any CPU
		{21C38794-B8A9-4654-8DDF-65DE6425E7DD}.Debug|Any CPU.ActiveCfg = Debug|Any CPU
		{21C38794-B8A9-4654-8DDF-65DE6425E7DD}.Debug|Any CPU.Build.0 = Debug|Any CPU
		{21C38794-B8A9-4654-8DDF-65DE6425E7DD}.Release|Any CPU.ActiveCfg = Release|Any CPU
		{21C38794-B8A9-4654-8DDF-65DE6425E7DD}.Release|Any CPU.Build.0 = Release|Any CPU
		{D7614123-A77D-4635-B598-7CB7E20B7D82}.Debug|Any CPU.ActiveCfg = Debug|Any CPU
		{D7614123-A77D-4635-B598-7CB7E20B7D82}.Debug|Any CPU.Build.0 = Debug|Any CPU
		{D7614123-A77D-4635-B598-7CB7E20B7D82}.Release|Any CPU.ActiveCfg = Release|Any CPU
		{D7614123-A77D-4635-B598-7CB7E20B7D82}.Release|Any CPU.Build.0 = Release|Any CPU
		{48F11753-499C-47A7-89AC-91C6B5774C71}.Debug|Any CPU.ActiveCfg = Debug|Any CPU
		{48F11753-499C-47A7-89AC-91C6B5774C71}.Debug|Any CPU.Build.0 = Debug|Any CPU
		{48F11753-499C-47A7-89AC-91C6B5774C71}.Release|Any CPU.ActiveCfg = Release|Any CPU
		{48F11753-499C-47A7-89AC-91C6B5774C71}.Release|Any CPU.Build.0 = Release|Any CPU
		{272DB61C-793E-4953-91A4-43421CEB7CF9}.Debug|Any CPU.ActiveCfg = Debug|Any CPU
		{272DB61C-793E-4953-91A4-43421CEB7CF9}.Debug|Any CPU.Build.0 = Debug|Any CPU
		{272DB61C-793E-4953-91A4-43421CEB7CF9}.Release|Any CPU.ActiveCfg = Release|Any CPU
		{272DB61C-793E-4953-91A4-43421CEB7CF9}.Release|Any CPU.Build.0 = Release|Any CPU
		{D989F9A0-D296-4004-BB46-512500AD52EB}.Debug|Any CPU.ActiveCfg = Debug|Any CPU
		{D989F9A0-D296-4004-BB46-512500AD52EB}.Debug|Any CPU.Build.0 = Debug|Any CPU
		{D989F9A0-D296-4004-BB46-512500AD52EB}.Release|Any CPU.ActiveCfg = Release|Any CPU
		{D989F9A0-D296-4004-BB46-512500AD52EB}.Release|Any CPU.Build.0 = Release|Any CPU
		{9812333B-CC30-40B4-8106-D5BE1DE47855}.Debug|Any CPU.ActiveCfg = Debug|Any CPU
		{9812333B-CC30-40B4-8106-D5BE1DE47855}.Debug|Any CPU.Build.0 = Debug|Any CPU
		{9812333B-CC30-40B4-8106-D5BE1DE47855}.Release|Any CPU.ActiveCfg = Release|Any CPU
		{9812333B-CC30-40B4-8106-D5BE1DE47855}.Release|Any CPU.Build.0 = Release|Any CPU
		{ECF96363-394F-453B-999B-1B7C6F2DBE7A}.Debug|Any CPU.ActiveCfg = Debug|Any CPU
		{ECF96363-394F-453B-999B-1B7C6F2DBE7A}.Debug|Any CPU.Build.0 = Debug|Any CPU
		{ECF96363-394F-453B-999B-1B7C6F2DBE7A}.Release|Any CPU.ActiveCfg = Release|Any CPU
		{ECF96363-394F-453B-999B-1B7C6F2DBE7A}.Release|Any CPU.Build.0 = Release|Any CPU
		{CDB4D7AF-3447-463E-BE34-E9C3F2A25C4C}.Debug|Any CPU.ActiveCfg = Debug|Any CPU
		{CDB4D7AF-3447-463E-BE34-E9C3F2A25C4C}.Debug|Any CPU.Build.0 = Debug|Any CPU
		{CDB4D7AF-3447-463E-BE34-E9C3F2A25C4C}.Release|Any CPU.ActiveCfg = Release|Any CPU
		{CDB4D7AF-3447-463E-BE34-E9C3F2A25C4C}.Release|Any CPU.Build.0 = Release|Any CPU
		{75AF2887-6270-454E-940E-3E9B9930EBCA}.Debug|Any CPU.ActiveCfg = Debug|Any CPU
		{75AF2887-6270-454E-940E-3E9B9930EBCA}.Debug|Any CPU.Build.0 = Debug|Any CPU
		{75AF2887-6270-454E-940E-3E9B9930EBCA}.Release|Any CPU.ActiveCfg = Release|Any CPU
		{75AF2887-6270-454E-940E-3E9B9930EBCA}.Release|Any CPU.Build.0 = Release|Any CPU
	EndGlobalSection
	GlobalSection(SolutionProperties) = preSolution
		HideSolutionNode = FALSE
	EndGlobalSection
	GlobalSection(NestedProjects) = preSolution
		{5719C4F1-EC5B-42E3-AADD-7F5996B2AD3E} = {D9AA0602-E529-44F8-B984-AFDB0CE52686}
		{71A19622-AB93-4F02-8570-C4CB5DA551C5} = {D9AA0602-E529-44F8-B984-AFDB0CE52686}
		{8F5C7721-ACD8-43DE-A635-C99EF675DF97} = {D9AA0602-E529-44F8-B984-AFDB0CE52686}
		{FA16A829-D501-4ED0-B606-E9E592518B7C} = {D9AA0602-E529-44F8-B984-AFDB0CE52686}
		{2C36C5C1-510B-46C5-AC66-D81226DB7FD6} = {D9AA0602-E529-44F8-B984-AFDB0CE52686}
		{21C38794-B8A9-4654-8DDF-65DE6425E7DD} = {D9AA0602-E529-44F8-B984-AFDB0CE52686}
		{D7614123-A77D-4635-B598-7CB7E20B7D82} = {D9AA0602-E529-44F8-B984-AFDB0CE52686}
		{48F11753-499C-47A7-89AC-91C6B5774C71} = {3AED015D-A9F8-40E2-8EB0-28BECC632073}
		{272DB61C-793E-4953-91A4-43421CEB7CF9} = {3AED015D-A9F8-40E2-8EB0-28BECC632073}
		{D989F9A0-D296-4004-BB46-512500AD52EB} = {3AED015D-A9F8-40E2-8EB0-28BECC632073}
		{9812333B-CC30-40B4-8106-D5BE1DE47855} = {3AED015D-A9F8-40E2-8EB0-28BECC632073}
		{ECF96363-394F-453B-999B-1B7C6F2DBE7A} = {3AED015D-A9F8-40E2-8EB0-28BECC632073}
		{CDB4D7AF-3447-463E-BE34-E9C3F2A25C4C} = {3AED015D-A9F8-40E2-8EB0-28BECC632073}
		{75AF2887-6270-454E-940E-3E9B9930EBCA} = {3AED015D-A9F8-40E2-8EB0-28BECC632073}
	EndGlobalSection
	GlobalSection(ExtensibilityGlobals) = postSolution
		SolutionGuid = {B4583165-7956-4791-B728-59707438CECB}
	EndGlobalSection
EndGlobal
