
Microsoft Visual Studio Solution File, Format Version 12.00
# Visual Studio Version 16
VisualStudioVersion = 16.0.29503.13
MinimumVisualStudioVersion = 10.0.40219.1
Project("{2150E333-8FDC-42A3-9474-1A3956D46DE8}") = "Lab", "Lab", "{E92E20B1-44C1-46E0-8E89-A807C4087874}"
EndProject
Project("{9A19103F-16F7-4668-BE54-9A1E7A4F7556}") = "CarManufacturer", "Car\CarManufacturer.csproj", "{88D462F3-6899-4D4A-AA1A-93C556672B16}"
EndProject
Project("{2150E333-8FDC-42A3-9474-1A3956D46DE8}") = "Excercises", "Excercises", "{3143157E-A5C5-4656-8468-E821CA8E660F}"
EndProject
Project("{9A19103F-16F7-4668-BE54-9A1E7A4F7556}") = "ClassPerson", "DefineClassPerson\ClassPerson.csproj", "{36117B07-3525-409C-A949-A0147D10D70E}"
EndProject
Project("{9A19103F-16F7-4668-BE54-9A1E7A4F7556}") = "DateModifier", "DateModifier\DateModifier.csproj", "{4DBE696E-34EE-470B-810C-D2445280FE96}"
EndProject
Project("{9A19103F-16F7-4668-BE54-9A1E7A4F7556}") = "SpeedRacing", "SpeedRacing\SpeedRacing.csproj", "{07715E3C-DB3B-4083-9C88-0A54538F02D2}"
EndProject
Project("{9A19103F-16F7-4668-BE54-9A1E7A4F7556}") = "RawData", "RawData\RawData.csproj", "{C041DA2F-F43C-4615-ABBF-80E9E2997218}"
EndProject
Project("{9A19103F-16F7-4668-BE54-9A1E7A4F7556}") = "CarSalesMan", "CarSalesMan\CarSalesMan.csproj", "{962593AE-C7C8-43F6-A1D3-32096E942622}"
EndProject
Project("{9A19103F-16F7-4668-BE54-9A1E7A4F7556}") = "PokemonTrainer", "PokemonTrainer\PokemonTrainer.csproj", "{3FDE479D-C01D-4A30-96E6-C162BB2C3B49}"
EndProject
Project("{9A19103F-16F7-4668-BE54-9A1E7A4F7556}") = "SoftUniParking", "SoftuniParking\SoftUniParking.csproj", "{136B11C2-A83F-4594-A36B-452A6BE2A3A3}"
EndProject
Global
	GlobalSection(SolutionConfigurationPlatforms) = preSolution
		Debug|Any CPU = Debug|Any CPU
		Release|Any CPU = Release|Any CPU
	EndGlobalSection
	GlobalSection(ProjectConfigurationPlatforms) = postSolution
		{88D462F3-6899-4D4A-AA1A-93C556672B16}.Debug|Any CPU.ActiveCfg = Debug|Any CPU
		{88D462F3-6899-4D4A-AA1A-93C556672B16}.Debug|Any CPU.Build.0 = Debug|Any CPU
		{88D462F3-6899-4D4A-AA1A-93C556672B16}.Release|Any CPU.ActiveCfg = Release|Any CPU
		{88D462F3-6899-4D4A-AA1A-93C556672B16}.Release|Any CPU.Build.0 = Release|Any CPU
		{36117B07-3525-409C-A949-A0147D10D70E}.Debug|Any CPU.ActiveCfg = Debug|Any CPU
		{36117B07-3525-409C-A949-A0147D10D70E}.Debug|Any CPU.Build.0 = Debug|Any CPU
		{36117B07-3525-409C-A949-A0147D10D70E}.Release|Any CPU.ActiveCfg = Release|Any CPU
		{36117B07-3525-409C-A949-A0147D10D70E}.Release|Any CPU.Build.0 = Release|Any CPU
		{4DBE696E-34EE-470B-810C-D2445280FE96}.Debug|Any CPU.ActiveCfg = Debug|Any CPU
		{4DBE696E-34EE-470B-810C-D2445280FE96}.Debug|Any CPU.Build.0 = Debug|Any CPU
		{4DBE696E-34EE-470B-810C-D2445280FE96}.Release|Any CPU.ActiveCfg = Release|Any CPU
		{4DBE696E-34EE-470B-810C-D2445280FE96}.Release|Any CPU.Build.0 = Release|Any CPU
		{07715E3C-DB3B-4083-9C88-0A54538F02D2}.Debug|Any CPU.ActiveCfg = Debug|Any CPU
		{07715E3C-DB3B-4083-9C88-0A54538F02D2}.Debug|Any CPU.Build.0 = Debug|Any CPU
		{07715E3C-DB3B-4083-9C88-0A54538F02D2}.Release|Any CPU.ActiveCfg = Release|Any CPU
		{07715E3C-DB3B-4083-9C88-0A54538F02D2}.Release|Any CPU.Build.0 = Release|Any CPU
		{C041DA2F-F43C-4615-ABBF-80E9E2997218}.Debug|Any CPU.ActiveCfg = Debug|Any CPU
		{C041DA2F-F43C-4615-ABBF-80E9E2997218}.Debug|Any CPU.Build.0 = Debug|Any CPU
		{C041DA2F-F43C-4615-ABBF-80E9E2997218}.Release|Any CPU.ActiveCfg = Release|Any CPU
		{C041DA2F-F43C-4615-ABBF-80E9E2997218}.Release|Any CPU.Build.0 = Release|Any CPU
		{962593AE-C7C8-43F6-A1D3-32096E942622}.Debug|Any CPU.ActiveCfg = Debug|Any CPU
		{962593AE-C7C8-43F6-A1D3-32096E942622}.Debug|Any CPU.Build.0 = Debug|Any CPU
		{962593AE-C7C8-43F6-A1D3-32096E942622}.Release|Any CPU.ActiveCfg = Release|Any CPU
		{962593AE-C7C8-43F6-A1D3-32096E942622}.Release|Any CPU.Build.0 = Release|Any CPU
		{3FDE479D-C01D-4A30-96E6-C162BB2C3B49}.Debug|Any CPU.ActiveCfg = Debug|Any CPU
		{3FDE479D-C01D-4A30-96E6-C162BB2C3B49}.Debug|Any CPU.Build.0 = Debug|Any CPU
		{3FDE479D-C01D-4A30-96E6-C162BB2C3B49}.Release|Any CPU.ActiveCfg = Release|Any CPU
		{3FDE479D-C01D-4A30-96E6-C162BB2C3B49}.Release|Any CPU.Build.0 = Release|Any CPU
		{136B11C2-A83F-4594-A36B-452A6BE2A3A3}.Debug|Any CPU.ActiveCfg = Debug|Any CPU
		{136B11C2-A83F-4594-A36B-452A6BE2A3A3}.Debug|Any CPU.Build.0 = Debug|Any CPU
		{136B11C2-A83F-4594-A36B-452A6BE2A3A3}.Release|Any CPU.ActiveCfg = Release|Any CPU
		{136B11C2-A83F-4594-A36B-452A6BE2A3A3}.Release|Any CPU.Build.0 = Release|Any CPU
	EndGlobalSection
	GlobalSection(SolutionProperties) = preSolution
		HideSolutionNode = FALSE
	EndGlobalSection
	GlobalSection(NestedProjects) = preSolution
		{88D462F3-6899-4D4A-AA1A-93C556672B16} = {E92E20B1-44C1-46E0-8E89-A807C4087874}
		{36117B07-3525-409C-A949-A0147D10D70E} = {3143157E-A5C5-4656-8468-E821CA8E660F}
		{4DBE696E-34EE-470B-810C-D2445280FE96} = {3143157E-A5C5-4656-8468-E821CA8E660F}
		{07715E3C-DB3B-4083-9C88-0A54538F02D2} = {3143157E-A5C5-4656-8468-E821CA8E660F}
		{C041DA2F-F43C-4615-ABBF-80E9E2997218} = {3143157E-A5C5-4656-8468-E821CA8E660F}
		{962593AE-C7C8-43F6-A1D3-32096E942622} = {3143157E-A5C5-4656-8468-E821CA8E660F}
		{3FDE479D-C01D-4A30-96E6-C162BB2C3B49} = {3143157E-A5C5-4656-8468-E821CA8E660F}
		{136B11C2-A83F-4594-A36B-452A6BE2A3A3} = {3143157E-A5C5-4656-8468-E821CA8E660F}
	EndGlobalSection
	GlobalSection(ExtensibilityGlobals) = postSolution
		SolutionGuid = {53F7BFB0-9937-4457-B302-894E7B67BD0E}
	EndGlobalSection
EndGlobal
