
Microsoft Visual Studio Solution File, Format Version 12.00
# Visual Studio 15
VisualStudioVersion = 15.0.28010.2026
MinimumVisualStudioVersion = 10.0.40219.1
Project("{2150E333-8FDC-42A3-9474-1A3956D46DE8}") = "Lab", "Lab", "{E62A26A5-F9BD-4CE1-B4F0-8B80C5AF4ED4}"
EndProject
Project("{2150E333-8FDC-42A3-9474-1A3956D46DE8}") = "Exercises", "Exercises", "{09CA4BC0-060E-4530-A893-A49CBB47DCAC}"
EndProject
Project("{FAE04EC0-301F-11D3-BF4B-00C04F79EFBC}") = "01-1-SortEvenNumbers", "Lab\01-1-SortEvenNumbers\01-1-SortEvenNumbers.csproj", "{8CC30542-3CF0-4849-B84F-25745D4E3734}"
EndProject
Project("{FAE04EC0-301F-11D3-BF4B-00C04F79EFBC}") = "02-1-SumNumbers", "Lab\02-1-SumNumbers\02-1-SumNumbers.csproj", "{839C1B51-40E6-4E57-B55B-880F1BA4BD51}"
EndProject
Project("{9A19103F-16F7-4668-BE54-9A1E7A4F7556}") = "03-1-CountUppercaseWords", "Lab\03-1-CountUppercaseWords\03-1-CountUppercaseWords.csproj", "{74EF0BDE-F59C-404C-A3EB-AD1BDC2FF948}"
EndProject
Project("{FAE04EC0-301F-11D3-BF4B-00C04F79EFBC}") = "04-1-AddVat", "Lab\04-1-AddVat\04-1-AddVat.csproj", "{D1185580-A483-4692-9246-8DB925C42DAF}"
EndProject
Project("{FAE04EC0-301F-11D3-BF4B-00C04F79EFBC}") = "05-1-FilterByAge", "Lab\05-1-FilterByAge\05-1-FilterByAge.csproj", "{F1CF67D3-304D-45E0-880D-897E4EC5E118}"
EndProject
Project("{FAE04EC0-301F-11D3-BF4B-00C04F79EFBC}") = "01-1-ActionPrint", "Exercises\01-1-ActionPrint\01-1-ActionPrint.csproj", "{4636D777-09CF-49C8-B254-0969CA06B445}"
EndProject
Project("{FAE04EC0-301F-11D3-BF4B-00C04F79EFBC}") = "02-1-KnightsForHonoe", "Exercises\02-1-KnightsForHonoe\02-1-KnightsForHonoe.csproj", "{0E1A6EB2-A159-4BFD-ADE1-10B88043A152}"
EndProject
Project("{FAE04EC0-301F-11D3-BF4B-00C04F79EFBC}") = "04-1-FindEvensOrOdds", "Exercises\04-1-FindEvensOrOdds\04-1-FindEvensOrOdds.csproj", "{2A573C71-0C64-4B9E-8DF5-A6087B975905}"
EndProject
Project("{9A19103F-16F7-4668-BE54-9A1E7A4F7556}") = "03-1-CustomMinFunction", "Exercises\03-1-CustomMinFunction\03-1-CustomMinFunction.csproj", "{738D0E3D-6734-485B-9B68-8FDCEA8F4F8B}"
EndProject
Project("{FAE04EC0-301F-11D3-BF4B-00C04F79EFBC}") = "05-1-AppliedArithmetics", "Exercises\05-1-AppliedArithmetics\05-1-AppliedArithmetics.csproj", "{CF368A15-FB6A-4F16-912E-734C7456EF87}"
EndProject
Project("{FAE04EC0-301F-11D3-BF4B-00C04F79EFBC}") = "06-1-ReverseAndExclude", "Exercises\06-1-ReverseAndExclude\06-1-ReverseAndExclude.csproj", "{0B35EB41-85C3-46EC-B490-6703329C8364}"
EndProject
Project("{FAE04EC0-301F-11D3-BF4B-00C04F79EFBC}") = "07-1-PredicateForNames", "Exercises\07-1-PredicateForNames\07-1-PredicateForNames.csproj", "{5982DFDA-25FE-453F-8A1F-BED8B15E0843}"
EndProject
Project("{FAE04EC0-301F-11D3-BF4B-00C04F79EFBC}") = "08-1-CustomComparator", "Exercises\08-1-CustomComparator\08-1-CustomComparator.csproj", "{500F7102-5921-49B9-A9B2-65B9BAD1FA61}"
EndProject
Project("{FAE04EC0-301F-11D3-BF4B-00C04F79EFBC}") = "09-1-ListOfPredicates", "Exercises\09-1-ListOfPredicates\09-1-ListOfPredicates.csproj", "{8479D4E4-FD9C-46F7-B4CA-397A9867B49C}"
EndProject
Project("{FAE04EC0-301F-11D3-BF4B-00C04F79EFBC}") = "10-1-PredicateParty", "Exercises\10-1-PredicateParty\10-1-PredicateParty.csproj", "{0FDCBCD2-F26B-496B-BC98-199CF5D1A6C3}"
EndProject
Project("{FAE04EC0-301F-11D3-BF4B-00C04F79EFBC}") = "11-1-ThePartyReservationFilter", "Exercises\11-1-ThePartyReservationFilter\11-1-ThePartyReservationFilter.csproj", "{DBBEECCA-6FC1-4D6D-9BCF-CFB276253CFF}"
EndProject
Project("{FAE04EC0-301F-11D3-BF4B-00C04F79EFBC}") = "12-1-InfernoIII", "Exercises\12-1-InfernoIII\12-1-InfernoIII.csproj", "{04F3F9AF-8DFC-428A-817D-A5CE6F77A535}"
EndProject
Project("{FAE04EC0-301F-11D3-BF4B-00C04F79EFBC}") = "13-1-TriFunction", "Exercises\13-1-TriFunction\13-1-TriFunction.csproj", "{A22D2D33-547E-4F1B-9E0A-B7CD1C624DD4}"
EndProject
Global
	GlobalSection(SolutionConfigurationPlatforms) = preSolution
		Debug|Any CPU = Debug|Any CPU
		Release|Any CPU = Release|Any CPU
	EndGlobalSection
	GlobalSection(ProjectConfigurationPlatforms) = postSolution
		{8CC30542-3CF0-4849-B84F-25745D4E3734}.Debug|Any CPU.ActiveCfg = Debug|Any CPU
		{8CC30542-3CF0-4849-B84F-25745D4E3734}.Debug|Any CPU.Build.0 = Debug|Any CPU
		{8CC30542-3CF0-4849-B84F-25745D4E3734}.Release|Any CPU.ActiveCfg = Release|Any CPU
		{8CC30542-3CF0-4849-B84F-25745D4E3734}.Release|Any CPU.Build.0 = Release|Any CPU
		{839C1B51-40E6-4E57-B55B-880F1BA4BD51}.Debug|Any CPU.ActiveCfg = Debug|Any CPU
		{839C1B51-40E6-4E57-B55B-880F1BA4BD51}.Debug|Any CPU.Build.0 = Debug|Any CPU
		{839C1B51-40E6-4E57-B55B-880F1BA4BD51}.Release|Any CPU.ActiveCfg = Release|Any CPU
		{839C1B51-40E6-4E57-B55B-880F1BA4BD51}.Release|Any CPU.Build.0 = Release|Any CPU
		{74EF0BDE-F59C-404C-A3EB-AD1BDC2FF948}.Debug|Any CPU.ActiveCfg = Debug|Any CPU
		{74EF0BDE-F59C-404C-A3EB-AD1BDC2FF948}.Debug|Any CPU.Build.0 = Debug|Any CPU
		{74EF0BDE-F59C-404C-A3EB-AD1BDC2FF948}.Release|Any CPU.ActiveCfg = Release|Any CPU
		{74EF0BDE-F59C-404C-A3EB-AD1BDC2FF948}.Release|Any CPU.Build.0 = Release|Any CPU
		{D1185580-A483-4692-9246-8DB925C42DAF}.Debug|Any CPU.ActiveCfg = Debug|Any CPU
		{D1185580-A483-4692-9246-8DB925C42DAF}.Debug|Any CPU.Build.0 = Debug|Any CPU
		{D1185580-A483-4692-9246-8DB925C42DAF}.Release|Any CPU.ActiveCfg = Release|Any CPU
		{D1185580-A483-4692-9246-8DB925C42DAF}.Release|Any CPU.Build.0 = Release|Any CPU
		{F1CF67D3-304D-45E0-880D-897E4EC5E118}.Debug|Any CPU.ActiveCfg = Debug|Any CPU
		{F1CF67D3-304D-45E0-880D-897E4EC5E118}.Debug|Any CPU.Build.0 = Debug|Any CPU
		{F1CF67D3-304D-45E0-880D-897E4EC5E118}.Release|Any CPU.ActiveCfg = Release|Any CPU
		{F1CF67D3-304D-45E0-880D-897E4EC5E118}.Release|Any CPU.Build.0 = Release|Any CPU
		{4636D777-09CF-49C8-B254-0969CA06B445}.Debug|Any CPU.ActiveCfg = Debug|Any CPU
		{4636D777-09CF-49C8-B254-0969CA06B445}.Debug|Any CPU.Build.0 = Debug|Any CPU
		{4636D777-09CF-49C8-B254-0969CA06B445}.Release|Any CPU.ActiveCfg = Release|Any CPU
		{4636D777-09CF-49C8-B254-0969CA06B445}.Release|Any CPU.Build.0 = Release|Any CPU
		{0E1A6EB2-A159-4BFD-ADE1-10B88043A152}.Debug|Any CPU.ActiveCfg = Debug|Any CPU
		{0E1A6EB2-A159-4BFD-ADE1-10B88043A152}.Debug|Any CPU.Build.0 = Debug|Any CPU
		{0E1A6EB2-A159-4BFD-ADE1-10B88043A152}.Release|Any CPU.ActiveCfg = Release|Any CPU
		{0E1A6EB2-A159-4BFD-ADE1-10B88043A152}.Release|Any CPU.Build.0 = Release|Any CPU
		{2A573C71-0C64-4B9E-8DF5-A6087B975905}.Debug|Any CPU.ActiveCfg = Debug|Any CPU
		{2A573C71-0C64-4B9E-8DF5-A6087B975905}.Debug|Any CPU.Build.0 = Debug|Any CPU
		{2A573C71-0C64-4B9E-8DF5-A6087B975905}.Release|Any CPU.ActiveCfg = Release|Any CPU
		{2A573C71-0C64-4B9E-8DF5-A6087B975905}.Release|Any CPU.Build.0 = Release|Any CPU
		{738D0E3D-6734-485B-9B68-8FDCEA8F4F8B}.Debug|Any CPU.ActiveCfg = Debug|Any CPU
		{738D0E3D-6734-485B-9B68-8FDCEA8F4F8B}.Debug|Any CPU.Build.0 = Debug|Any CPU
		{738D0E3D-6734-485B-9B68-8FDCEA8F4F8B}.Release|Any CPU.ActiveCfg = Release|Any CPU
		{738D0E3D-6734-485B-9B68-8FDCEA8F4F8B}.Release|Any CPU.Build.0 = Release|Any CPU
		{CF368A15-FB6A-4F16-912E-734C7456EF87}.Debug|Any CPU.ActiveCfg = Debug|Any CPU
		{CF368A15-FB6A-4F16-912E-734C7456EF87}.Debug|Any CPU.Build.0 = Debug|Any CPU
		{CF368A15-FB6A-4F16-912E-734C7456EF87}.Release|Any CPU.ActiveCfg = Release|Any CPU
		{CF368A15-FB6A-4F16-912E-734C7456EF87}.Release|Any CPU.Build.0 = Release|Any CPU
		{0B35EB41-85C3-46EC-B490-6703329C8364}.Debug|Any CPU.ActiveCfg = Debug|Any CPU
		{0B35EB41-85C3-46EC-B490-6703329C8364}.Debug|Any CPU.Build.0 = Debug|Any CPU
		{0B35EB41-85C3-46EC-B490-6703329C8364}.Release|Any CPU.ActiveCfg = Release|Any CPU
		{0B35EB41-85C3-46EC-B490-6703329C8364}.Release|Any CPU.Build.0 = Release|Any CPU
		{5982DFDA-25FE-453F-8A1F-BED8B15E0843}.Debug|Any CPU.ActiveCfg = Debug|Any CPU
		{5982DFDA-25FE-453F-8A1F-BED8B15E0843}.Debug|Any CPU.Build.0 = Debug|Any CPU
		{5982DFDA-25FE-453F-8A1F-BED8B15E0843}.Release|Any CPU.ActiveCfg = Release|Any CPU
		{5982DFDA-25FE-453F-8A1F-BED8B15E0843}.Release|Any CPU.Build.0 = Release|Any CPU
		{500F7102-5921-49B9-A9B2-65B9BAD1FA61}.Debug|Any CPU.ActiveCfg = Debug|Any CPU
		{500F7102-5921-49B9-A9B2-65B9BAD1FA61}.Debug|Any CPU.Build.0 = Debug|Any CPU
		{500F7102-5921-49B9-A9B2-65B9BAD1FA61}.Release|Any CPU.ActiveCfg = Release|Any CPU
		{500F7102-5921-49B9-A9B2-65B9BAD1FA61}.Release|Any CPU.Build.0 = Release|Any CPU
		{8479D4E4-FD9C-46F7-B4CA-397A9867B49C}.Debug|Any CPU.ActiveCfg = Debug|Any CPU
		{8479D4E4-FD9C-46F7-B4CA-397A9867B49C}.Debug|Any CPU.Build.0 = Debug|Any CPU
		{8479D4E4-FD9C-46F7-B4CA-397A9867B49C}.Release|Any CPU.ActiveCfg = Release|Any CPU
		{8479D4E4-FD9C-46F7-B4CA-397A9867B49C}.Release|Any CPU.Build.0 = Release|Any CPU
		{0FDCBCD2-F26B-496B-BC98-199CF5D1A6C3}.Debug|Any CPU.ActiveCfg = Debug|Any CPU
		{0FDCBCD2-F26B-496B-BC98-199CF5D1A6C3}.Debug|Any CPU.Build.0 = Debug|Any CPU
		{0FDCBCD2-F26B-496B-BC98-199CF5D1A6C3}.Release|Any CPU.ActiveCfg = Release|Any CPU
		{0FDCBCD2-F26B-496B-BC98-199CF5D1A6C3}.Release|Any CPU.Build.0 = Release|Any CPU
		{DBBEECCA-6FC1-4D6D-9BCF-CFB276253CFF}.Debug|Any CPU.ActiveCfg = Debug|Any CPU
		{DBBEECCA-6FC1-4D6D-9BCF-CFB276253CFF}.Debug|Any CPU.Build.0 = Debug|Any CPU
		{DBBEECCA-6FC1-4D6D-9BCF-CFB276253CFF}.Release|Any CPU.ActiveCfg = Release|Any CPU
		{DBBEECCA-6FC1-4D6D-9BCF-CFB276253CFF}.Release|Any CPU.Build.0 = Release|Any CPU
		{04F3F9AF-8DFC-428A-817D-A5CE6F77A535}.Debug|Any CPU.ActiveCfg = Debug|Any CPU
		{04F3F9AF-8DFC-428A-817D-A5CE6F77A535}.Debug|Any CPU.Build.0 = Debug|Any CPU
		{04F3F9AF-8DFC-428A-817D-A5CE6F77A535}.Release|Any CPU.ActiveCfg = Release|Any CPU
		{04F3F9AF-8DFC-428A-817D-A5CE6F77A535}.Release|Any CPU.Build.0 = Release|Any CPU
		{A22D2D33-547E-4F1B-9E0A-B7CD1C624DD4}.Debug|Any CPU.ActiveCfg = Debug|Any CPU
		{A22D2D33-547E-4F1B-9E0A-B7CD1C624DD4}.Debug|Any CPU.Build.0 = Debug|Any CPU
		{A22D2D33-547E-4F1B-9E0A-B7CD1C624DD4}.Release|Any CPU.ActiveCfg = Release|Any CPU
		{A22D2D33-547E-4F1B-9E0A-B7CD1C624DD4}.Release|Any CPU.Build.0 = Release|Any CPU
	EndGlobalSection
	GlobalSection(SolutionProperties) = preSolution
		HideSolutionNode = FALSE
	EndGlobalSection
	GlobalSection(NestedProjects) = preSolution
		{8CC30542-3CF0-4849-B84F-25745D4E3734} = {E62A26A5-F9BD-4CE1-B4F0-8B80C5AF4ED4}
		{839C1B51-40E6-4E57-B55B-880F1BA4BD51} = {E62A26A5-F9BD-4CE1-B4F0-8B80C5AF4ED4}
		{74EF0BDE-F59C-404C-A3EB-AD1BDC2FF948} = {E62A26A5-F9BD-4CE1-B4F0-8B80C5AF4ED4}
		{D1185580-A483-4692-9246-8DB925C42DAF} = {E62A26A5-F9BD-4CE1-B4F0-8B80C5AF4ED4}
		{F1CF67D3-304D-45E0-880D-897E4EC5E118} = {E62A26A5-F9BD-4CE1-B4F0-8B80C5AF4ED4}
		{4636D777-09CF-49C8-B254-0969CA06B445} = {09CA4BC0-060E-4530-A893-A49CBB47DCAC}
		{0E1A6EB2-A159-4BFD-ADE1-10B88043A152} = {09CA4BC0-060E-4530-A893-A49CBB47DCAC}
		{2A573C71-0C64-4B9E-8DF5-A6087B975905} = {09CA4BC0-060E-4530-A893-A49CBB47DCAC}
		{738D0E3D-6734-485B-9B68-8FDCEA8F4F8B} = {09CA4BC0-060E-4530-A893-A49CBB47DCAC}
		{CF368A15-FB6A-4F16-912E-734C7456EF87} = {09CA4BC0-060E-4530-A893-A49CBB47DCAC}
		{0B35EB41-85C3-46EC-B490-6703329C8364} = {09CA4BC0-060E-4530-A893-A49CBB47DCAC}
		{5982DFDA-25FE-453F-8A1F-BED8B15E0843} = {09CA4BC0-060E-4530-A893-A49CBB47DCAC}
		{500F7102-5921-49B9-A9B2-65B9BAD1FA61} = {09CA4BC0-060E-4530-A893-A49CBB47DCAC}
		{8479D4E4-FD9C-46F7-B4CA-397A9867B49C} = {09CA4BC0-060E-4530-A893-A49CBB47DCAC}
		{0FDCBCD2-F26B-496B-BC98-199CF5D1A6C3} = {09CA4BC0-060E-4530-A893-A49CBB47DCAC}
		{DBBEECCA-6FC1-4D6D-9BCF-CFB276253CFF} = {09CA4BC0-060E-4530-A893-A49CBB47DCAC}
		{04F3F9AF-8DFC-428A-817D-A5CE6F77A535} = {09CA4BC0-060E-4530-A893-A49CBB47DCAC}
		{A22D2D33-547E-4F1B-9E0A-B7CD1C624DD4} = {09CA4BC0-060E-4530-A893-A49CBB47DCAC}
	EndGlobalSection
	GlobalSection(ExtensibilityGlobals) = postSolution
		SolutionGuid = {754A3EAD-AD61-4AF7-B02D-F8360C288FE1}
	EndGlobalSection
EndGlobal
