
Microsoft Visual Studio Solution File, Format Version 12.00
# Visual Studio 15
VisualStudioVersion = 15.0.27703.2026
MinimumVisualStudioVersion = 10.0.40219.1
Project("{2150E333-8FDC-42A3-9474-1A3956D46DE8}") = "Exercises", "Exercises", "{F4AF10CB-8712-44E9-B10D-9CEE6BCF8992}"
EndProject
Project("{2150E333-8FDC-42A3-9474-1A3956D46DE8}") = "Lab", "Lab", "{598A3009-4432-4168-8015-9E293E794730}"
EndProject
Project("{9A19103F-16F7-4668-BE54-9A1E7A4F7556}") = "01-Convert fromBase-10toBase-N", "Exercises\01-Convert fromBase-10toBase-N\01-Convert fromBase-10toBase-N.csproj", "{D92D8B8F-A703-48DE-ABE2-6513CDB92E1A}"
EndProject
Project("{9A19103F-16F7-4668-BE54-9A1E7A4F7556}") = "02-ConvertfromBase-NtoBase-10", "Exercises\02-ConvertfromBase-NtoBase-10\02-ConvertfromBase-NtoBase-10.csproj", "{9E43FE5E-5858-43CA-9455-0C9BDE51294F}"
EndProject
Project("{9A19103F-16F7-4668-BE54-9A1E7A4F7556}") = "03-UnicodeCharacters", "Exercises\03-UnicodeCharacters\03-UnicodeCharacters.csproj", "{9DB8856D-564E-4F76-9DE6-CB05A0F5C9B5}"
EndProject
Project("{9A19103F-16F7-4668-BE54-9A1E7A4F7556}") = "04-CharacterMultiplier", "Exercises\04-CharacterMultiplier\04-CharacterMultiplier.csproj", "{383C0511-3667-4999-B108-812E149A1798}"
EndProject
Project("{9A19103F-16F7-4668-BE54-9A1E7A4F7556}") = "05-MagicExchangeableWords", "Exercises\05-MagicExchangeableWords\05-MagicExchangeableWords.csproj", "{8C27F09D-0C49-4DA1-B97D-7C3E5ACB14CC}"
EndProject
Project("{9A19103F-16F7-4668-BE54-9A1E7A4F7556}") = "06-SumBigNumbers", "Exercises\06-SumBigNumbers\06-SumBigNumbers.csproj", "{E3DACC60-89C6-491E-B893-620A517E695C}"
EndProject
Project("{9A19103F-16F7-4668-BE54-9A1E7A4F7556}") = "07-MultiplayBigNumbers", "Exercises\07-MultiplayBigNumbers\07-MultiplayBigNumbers.csproj", "{08F894CA-6A0B-488E-91BA-39CFC9325794}"
EndProject
Project("{9A19103F-16F7-4668-BE54-9A1E7A4F7556}") = "08-LettersChangeNumbers", "Exercises\08-LettersChangeNumbers\08-LettersChangeNumbers.csproj", "{B28CE119-47CB-4AE4-8999-0866F9B90A61}"
EndProject
Project("{9A19103F-16F7-4668-BE54-9A1E7A4F7556}") = "01-ReverseString", "Lab\01-ReverseString\01-ReverseString.csproj", "{8520BD26-C01B-4EEB-A960-60850143570A}"
EndProject
Project("{9A19103F-16F7-4668-BE54-9A1E7A4F7556}") = "02-CountSubstringOccurrences", "Lab\02-CountSubstringOccurrences\02-CountSubstringOccurrences.csproj", "{D3B2AB86-4ECB-4039-8DC6-205691723898}"
EndProject
Project("{9A19103F-16F7-4668-BE54-9A1E7A4F7556}") = "03-TextFilter", "Lab\03-TextFilter\03-TextFilter.csproj", "{3A148D41-4136-4F12-8B33-D1C40B09EF63}"
EndProject
Project("{9A19103F-16F7-4668-BE54-9A1E7A4F7556}") = "04-Palidrome", "Lab\04-Palidrome\04-Palidrome.csproj", "{38306244-95D9-4764-BCEE-2762BCAF6C2B}"
EndProject
Global
	GlobalSection(SolutionConfigurationPlatforms) = preSolution
		Debug|Any CPU = Debug|Any CPU
		Release|Any CPU = Release|Any CPU
	EndGlobalSection
	GlobalSection(ProjectConfigurationPlatforms) = postSolution
		{D92D8B8F-A703-48DE-ABE2-6513CDB92E1A}.Debug|Any CPU.ActiveCfg = Debug|Any CPU
		{D92D8B8F-A703-48DE-ABE2-6513CDB92E1A}.Debug|Any CPU.Build.0 = Debug|Any CPU
		{D92D8B8F-A703-48DE-ABE2-6513CDB92E1A}.Release|Any CPU.ActiveCfg = Release|Any CPU
		{D92D8B8F-A703-48DE-ABE2-6513CDB92E1A}.Release|Any CPU.Build.0 = Release|Any CPU
		{9E43FE5E-5858-43CA-9455-0C9BDE51294F}.Debug|Any CPU.ActiveCfg = Debug|Any CPU
		{9E43FE5E-5858-43CA-9455-0C9BDE51294F}.Debug|Any CPU.Build.0 = Debug|Any CPU
		{9E43FE5E-5858-43CA-9455-0C9BDE51294F}.Release|Any CPU.ActiveCfg = Release|Any CPU
		{9E43FE5E-5858-43CA-9455-0C9BDE51294F}.Release|Any CPU.Build.0 = Release|Any CPU
		{9DB8856D-564E-4F76-9DE6-CB05A0F5C9B5}.Debug|Any CPU.ActiveCfg = Debug|Any CPU
		{9DB8856D-564E-4F76-9DE6-CB05A0F5C9B5}.Debug|Any CPU.Build.0 = Debug|Any CPU
		{9DB8856D-564E-4F76-9DE6-CB05A0F5C9B5}.Release|Any CPU.ActiveCfg = Release|Any CPU
		{9DB8856D-564E-4F76-9DE6-CB05A0F5C9B5}.Release|Any CPU.Build.0 = Release|Any CPU
		{383C0511-3667-4999-B108-812E149A1798}.Debug|Any CPU.ActiveCfg = Debug|Any CPU
		{383C0511-3667-4999-B108-812E149A1798}.Debug|Any CPU.Build.0 = Debug|Any CPU
		{383C0511-3667-4999-B108-812E149A1798}.Release|Any CPU.ActiveCfg = Release|Any CPU
		{383C0511-3667-4999-B108-812E149A1798}.Release|Any CPU.Build.0 = Release|Any CPU
		{8C27F09D-0C49-4DA1-B97D-7C3E5ACB14CC}.Debug|Any CPU.ActiveCfg = Debug|Any CPU
		{8C27F09D-0C49-4DA1-B97D-7C3E5ACB14CC}.Debug|Any CPU.Build.0 = Debug|Any CPU
		{8C27F09D-0C49-4DA1-B97D-7C3E5ACB14CC}.Release|Any CPU.ActiveCfg = Release|Any CPU
		{8C27F09D-0C49-4DA1-B97D-7C3E5ACB14CC}.Release|Any CPU.Build.0 = Release|Any CPU
		{E3DACC60-89C6-491E-B893-620A517E695C}.Debug|Any CPU.ActiveCfg = Debug|Any CPU
		{E3DACC60-89C6-491E-B893-620A517E695C}.Debug|Any CPU.Build.0 = Debug|Any CPU
		{E3DACC60-89C6-491E-B893-620A517E695C}.Release|Any CPU.ActiveCfg = Release|Any CPU
		{E3DACC60-89C6-491E-B893-620A517E695C}.Release|Any CPU.Build.0 = Release|Any CPU
		{08F894CA-6A0B-488E-91BA-39CFC9325794}.Debug|Any CPU.ActiveCfg = Debug|Any CPU
		{08F894CA-6A0B-488E-91BA-39CFC9325794}.Debug|Any CPU.Build.0 = Debug|Any CPU
		{08F894CA-6A0B-488E-91BA-39CFC9325794}.Release|Any CPU.ActiveCfg = Release|Any CPU
		{08F894CA-6A0B-488E-91BA-39CFC9325794}.Release|Any CPU.Build.0 = Release|Any CPU
		{B28CE119-47CB-4AE4-8999-0866F9B90A61}.Debug|Any CPU.ActiveCfg = Debug|Any CPU
		{B28CE119-47CB-4AE4-8999-0866F9B90A61}.Debug|Any CPU.Build.0 = Debug|Any CPU
		{B28CE119-47CB-4AE4-8999-0866F9B90A61}.Release|Any CPU.ActiveCfg = Release|Any CPU
		{B28CE119-47CB-4AE4-8999-0866F9B90A61}.Release|Any CPU.Build.0 = Release|Any CPU
		{8520BD26-C01B-4EEB-A960-60850143570A}.Debug|Any CPU.ActiveCfg = Debug|Any CPU
		{8520BD26-C01B-4EEB-A960-60850143570A}.Debug|Any CPU.Build.0 = Debug|Any CPU
		{8520BD26-C01B-4EEB-A960-60850143570A}.Release|Any CPU.ActiveCfg = Release|Any CPU
		{8520BD26-C01B-4EEB-A960-60850143570A}.Release|Any CPU.Build.0 = Release|Any CPU
		{D3B2AB86-4ECB-4039-8DC6-205691723898}.Debug|Any CPU.ActiveCfg = Debug|Any CPU
		{D3B2AB86-4ECB-4039-8DC6-205691723898}.Debug|Any CPU.Build.0 = Debug|Any CPU
		{D3B2AB86-4ECB-4039-8DC6-205691723898}.Release|Any CPU.ActiveCfg = Release|Any CPU
		{D3B2AB86-4ECB-4039-8DC6-205691723898}.Release|Any CPU.Build.0 = Release|Any CPU
		{3A148D41-4136-4F12-8B33-D1C40B09EF63}.Debug|Any CPU.ActiveCfg = Debug|Any CPU
		{3A148D41-4136-4F12-8B33-D1C40B09EF63}.Debug|Any CPU.Build.0 = Debug|Any CPU
		{3A148D41-4136-4F12-8B33-D1C40B09EF63}.Release|Any CPU.ActiveCfg = Release|Any CPU
		{3A148D41-4136-4F12-8B33-D1C40B09EF63}.Release|Any CPU.Build.0 = Release|Any CPU
		{38306244-95D9-4764-BCEE-2762BCAF6C2B}.Debug|Any CPU.ActiveCfg = Debug|Any CPU
		{38306244-95D9-4764-BCEE-2762BCAF6C2B}.Debug|Any CPU.Build.0 = Debug|Any CPU
		{38306244-95D9-4764-BCEE-2762BCAF6C2B}.Release|Any CPU.ActiveCfg = Release|Any CPU
		{38306244-95D9-4764-BCEE-2762BCAF6C2B}.Release|Any CPU.Build.0 = Release|Any CPU
	EndGlobalSection
	GlobalSection(SolutionProperties) = preSolution
		HideSolutionNode = FALSE
	EndGlobalSection
	GlobalSection(NestedProjects) = preSolution
		{D92D8B8F-A703-48DE-ABE2-6513CDB92E1A} = {F4AF10CB-8712-44E9-B10D-9CEE6BCF8992}
		{9E43FE5E-5858-43CA-9455-0C9BDE51294F} = {F4AF10CB-8712-44E9-B10D-9CEE6BCF8992}
		{9DB8856D-564E-4F76-9DE6-CB05A0F5C9B5} = {F4AF10CB-8712-44E9-B10D-9CEE6BCF8992}
		{383C0511-3667-4999-B108-812E149A1798} = {F4AF10CB-8712-44E9-B10D-9CEE6BCF8992}
		{8C27F09D-0C49-4DA1-B97D-7C3E5ACB14CC} = {F4AF10CB-8712-44E9-B10D-9CEE6BCF8992}
		{E3DACC60-89C6-491E-B893-620A517E695C} = {F4AF10CB-8712-44E9-B10D-9CEE6BCF8992}
		{08F894CA-6A0B-488E-91BA-39CFC9325794} = {F4AF10CB-8712-44E9-B10D-9CEE6BCF8992}
		{B28CE119-47CB-4AE4-8999-0866F9B90A61} = {F4AF10CB-8712-44E9-B10D-9CEE6BCF8992}
		{8520BD26-C01B-4EEB-A960-60850143570A} = {598A3009-4432-4168-8015-9E293E794730}
		{D3B2AB86-4ECB-4039-8DC6-205691723898} = {598A3009-4432-4168-8015-9E293E794730}
		{3A148D41-4136-4F12-8B33-D1C40B09EF63} = {598A3009-4432-4168-8015-9E293E794730}
		{38306244-95D9-4764-BCEE-2762BCAF6C2B} = {598A3009-4432-4168-8015-9E293E794730}
	EndGlobalSection
	GlobalSection(ExtensibilityGlobals) = postSolution
		SolutionGuid = {D3465907-3CB4-4126-9B1E-A97A51C1F4D3}
	EndGlobalSection
EndGlobal
