
Microsoft Visual Studio Solution File, Format Version 12.00
# Visual Studio 15
VisualStudioVersion = 15.0.27703.2000
MinimumVisualStudioVersion = 10.0.40219.1
Project("{2150E333-8FDC-42A3-9474-1A3956D46DE8}") = "Exercises", "Exercises", "{CF6D2E23-6B4D-4699-89F6-2D50AC0D7D1A}"
EndProject
Project("{2150E333-8FDC-42A3-9474-1A3956D46DE8}") = "Lab", "Lab", "{56550ADC-3E24-43A0-BA46-AC4C1E4EF875}"
EndProject
Project("{9A19103F-16F7-4668-BE54-9A1E7A4F7556}") = "01-LargestCommonEnd", "Exercises\01-LargestCommonEnd\01-LargestCommonEnd.csproj", "{DA4C38A6-887E-447C-B775-680571FB0EDC}"
EndProject
Project("{9A19103F-16F7-4668-BE54-9A1E7A4F7556}") = "02-RotateAndSum", "Exercises\02-RotateAndSum\02-RotateAndSum.csproj", "{359BD8A5-C4D6-464E-80F5-93F99A682E04}"
EndProject
Project("{9A19103F-16F7-4668-BE54-9A1E7A4F7556}") = "03-FoldAndSum", "Exercises\03-FoldAndSum\03-FoldAndSum.csproj", "{F1271204-4D3D-49E7-A6E5-1A3820FB2AF7}"
EndProject
Project("{9A19103F-16F7-4668-BE54-9A1E7A4F7556}") = "04-1-EratostheneGoodOrdering", "Exercises\04-1-EratostheneGoodOrdering\04-1-EratostheneGoodOrdering.csproj", "{A5F3E1D5-34B6-4FC8-B7F5-1CAD93E23EF2}"
EndProject
Project("{9A19103F-16F7-4668-BE54-9A1E7A4F7556}") = "04-2-SieveOfEratosthenes", "Exercises\04-2-SieveOfEratosthenes\04-2-SieveOfEratosthenes.csproj", "{00A18851-2805-4F65-84A4-9E44C257C936}"
EndProject
Project("{9A19103F-16F7-4668-BE54-9A1E7A4F7556}") = "05-CompareCharArrays", "Exercises\05-CompareCharArrays\05-CompareCharArrays.csproj", "{C67824C8-D78F-45D9-BE1B-90CB881FD773}"
EndProject
Project("{9A19103F-16F7-4668-BE54-9A1E7A4F7556}") = "06-MaxSequenceOfEqualElements", "Exercises\06-MaxSequenceOfEqualElements\06-MaxSequenceOfEqualElements.csproj", "{2CB58EC3-CCAB-451A-819C-D203565D41D5}"
EndProject
Project("{9A19103F-16F7-4668-BE54-9A1E7A4F7556}") = "07-MaxSequenceOfEncreasingAlgorithm", "Exercises\07-MaxSequenceOfEncreasingAlgorithm\07-MaxSequenceOfEncreasingAlgorithm.csproj", "{F3AF81AF-DD7F-48E7-920E-AFA8179B7A5E}"
EndProject
Project("{9A19103F-16F7-4668-BE54-9A1E7A4F7556}") = "08-MaxFrequentNumber", "Exercises\08-MaxFrequentNumber\08-MaxFrequentNumber.csproj", "{18248D16-78CC-4179-8BC0-1A499006D955}"
EndProject
Project("{9A19103F-16F7-4668-BE54-9A1E7A4F7556}") = "09-IndexofLetters", "Exercises\09-IndexofLetters\09-IndexofLetters.csproj", "{6E5D6C59-567E-4D10-8819-16782B3BA71F}"
EndProject
Project("{9A19103F-16F7-4668-BE54-9A1E7A4F7556}") = "10-PairsByDifference", "Exercises\10-PairsByDifference\10-PairsByDifference.csproj", "{B2274398-E3AC-46A9-8AF8-D610049357E9}"
EndProject
Project("{9A19103F-16F7-4668-BE54-9A1E7A4F7556}") = "11-EqualSums", "Exercises\11-EqualSums\11-EqualSums.csproj", "{2302CFD1-723E-45FF-A953-DBB264E7F73E}"
EndProject
Project("{9A19103F-16F7-4668-BE54-9A1E7A4F7556}") = "00-Tests", "Lab\00-Tests\00-Tests.csproj", "{D7C8CCC2-7E4C-4C75-809E-7A83FCB5A82A}"
EndProject
Project("{9A19103F-16F7-4668-BE54-9A1E7A4F7556}") = "01-DayOfWeek", "Lab\01-DayOfWeek\01-DayOfWeek.csproj", "{9A125223-BFC0-4C06-A151-DC784290AB31}"
EndProject
Project("{9A19103F-16F7-4668-BE54-9A1E7A4F7556}") = "02-ReverseArrayofIntegers", "Lab\02-ReverseArrayofIntegers\02-ReverseArrayofIntegers.csproj", "{D50CE987-31FE-486B-A8F9-2AFEBB3B74D0}"
EndProject
Project("{9A19103F-16F7-4668-BE54-9A1E7A4F7556}") = "03-LastKNumbersSums", "Lab\03-LastKNumbersSums\03-LastKNumbersSums.csproj", "{C4871F15-937E-411E-A0EE-480088918833}"
EndProject
Project("{9A19103F-16F7-4668-BE54-9A1E7A4F7556}") = "04-TripleSum", "Lab\04-TripleSum\04-TripleSum.csproj", "{148E1D6B-4B08-4B41-BD35-42C3615B73DA}"
EndProject
Project("{9A19103F-16F7-4668-BE54-9A1E7A4F7556}") = "05-RoundingNumbers", "Lab\05-RoundingNumbers\05-RoundingNumbers.csproj", "{BE52940C-E799-4CD6-B367-AE107C8F8CC6}"
EndProject
Project("{9A19103F-16F7-4668-BE54-9A1E7A4F7556}") = "06-ReverseArrayofStrings", "Lab\06-ReverseArrayofStrings\06-ReverseArrayofStrings.csproj", "{DD671293-A816-4150-AEF8-217852449809}"
EndProject
Project("{9A19103F-16F7-4668-BE54-9A1E7A4F7556}") = "07-SumArrays", "Lab\07-SumArrays\07-SumArrays.csproj", "{842288B3-DDC1-4CF5-9BD8-4830BB541189}"
EndProject
Project("{9A19103F-16F7-4668-BE54-9A1E7A4F7556}") = "08-CondenseArraytoNumber", "Lab\08-CondenseArraytoNumber\08-CondenseArraytoNumber.csproj", "{2501283B-C904-46FD-92ED-9A057A628A3F}"
EndProject
Project("{9A19103F-16F7-4668-BE54-9A1E7A4F7556}") = "09-ExtractMiddleElements", "Lab\09-ExtractMiddleElements\09-ExtractMiddleElements.csproj", "{26CB8360-34AE-4F17-82FC-085E50BD0041}"
EndProject
Global
	GlobalSection(SolutionConfigurationPlatforms) = preSolution
		Debug|Any CPU = Debug|Any CPU
		Release|Any CPU = Release|Any CPU
	EndGlobalSection
	GlobalSection(ProjectConfigurationPlatforms) = postSolution
		{DA4C38A6-887E-447C-B775-680571FB0EDC}.Debug|Any CPU.ActiveCfg = Debug|Any CPU
		{DA4C38A6-887E-447C-B775-680571FB0EDC}.Debug|Any CPU.Build.0 = Debug|Any CPU
		{DA4C38A6-887E-447C-B775-680571FB0EDC}.Release|Any CPU.ActiveCfg = Release|Any CPU
		{DA4C38A6-887E-447C-B775-680571FB0EDC}.Release|Any CPU.Build.0 = Release|Any CPU
		{359BD8A5-C4D6-464E-80F5-93F99A682E04}.Debug|Any CPU.ActiveCfg = Debug|Any CPU
		{359BD8A5-C4D6-464E-80F5-93F99A682E04}.Debug|Any CPU.Build.0 = Debug|Any CPU
		{359BD8A5-C4D6-464E-80F5-93F99A682E04}.Release|Any CPU.ActiveCfg = Release|Any CPU
		{359BD8A5-C4D6-464E-80F5-93F99A682E04}.Release|Any CPU.Build.0 = Release|Any CPU
		{F1271204-4D3D-49E7-A6E5-1A3820FB2AF7}.Debug|Any CPU.ActiveCfg = Debug|Any CPU
		{F1271204-4D3D-49E7-A6E5-1A3820FB2AF7}.Debug|Any CPU.Build.0 = Debug|Any CPU
		{F1271204-4D3D-49E7-A6E5-1A3820FB2AF7}.Release|Any CPU.ActiveCfg = Release|Any CPU
		{F1271204-4D3D-49E7-A6E5-1A3820FB2AF7}.Release|Any CPU.Build.0 = Release|Any CPU
		{A5F3E1D5-34B6-4FC8-B7F5-1CAD93E23EF2}.Debug|Any CPU.ActiveCfg = Debug|Any CPU
		{A5F3E1D5-34B6-4FC8-B7F5-1CAD93E23EF2}.Debug|Any CPU.Build.0 = Debug|Any CPU
		{A5F3E1D5-34B6-4FC8-B7F5-1CAD93E23EF2}.Release|Any CPU.ActiveCfg = Release|Any CPU
		{A5F3E1D5-34B6-4FC8-B7F5-1CAD93E23EF2}.Release|Any CPU.Build.0 = Release|Any CPU
		{00A18851-2805-4F65-84A4-9E44C257C936}.Debug|Any CPU.ActiveCfg = Debug|Any CPU
		{00A18851-2805-4F65-84A4-9E44C257C936}.Debug|Any CPU.Build.0 = Debug|Any CPU
		{00A18851-2805-4F65-84A4-9E44C257C936}.Release|Any CPU.ActiveCfg = Release|Any CPU
		{00A18851-2805-4F65-84A4-9E44C257C936}.Release|Any CPU.Build.0 = Release|Any CPU
		{C67824C8-D78F-45D9-BE1B-90CB881FD773}.Debug|Any CPU.ActiveCfg = Debug|Any CPU
		{C67824C8-D78F-45D9-BE1B-90CB881FD773}.Debug|Any CPU.Build.0 = Debug|Any CPU
		{C67824C8-D78F-45D9-BE1B-90CB881FD773}.Release|Any CPU.ActiveCfg = Release|Any CPU
		{C67824C8-D78F-45D9-BE1B-90CB881FD773}.Release|Any CPU.Build.0 = Release|Any CPU
		{2CB58EC3-CCAB-451A-819C-D203565D41D5}.Debug|Any CPU.ActiveCfg = Debug|Any CPU
		{2CB58EC3-CCAB-451A-819C-D203565D41D5}.Debug|Any CPU.Build.0 = Debug|Any CPU
		{2CB58EC3-CCAB-451A-819C-D203565D41D5}.Release|Any CPU.ActiveCfg = Release|Any CPU
		{2CB58EC3-CCAB-451A-819C-D203565D41D5}.Release|Any CPU.Build.0 = Release|Any CPU
		{F3AF81AF-DD7F-48E7-920E-AFA8179B7A5E}.Debug|Any CPU.ActiveCfg = Debug|Any CPU
		{F3AF81AF-DD7F-48E7-920E-AFA8179B7A5E}.Debug|Any CPU.Build.0 = Debug|Any CPU
		{F3AF81AF-DD7F-48E7-920E-AFA8179B7A5E}.Release|Any CPU.ActiveCfg = Release|Any CPU
		{F3AF81AF-DD7F-48E7-920E-AFA8179B7A5E}.Release|Any CPU.Build.0 = Release|Any CPU
		{18248D16-78CC-4179-8BC0-1A499006D955}.Debug|Any CPU.ActiveCfg = Debug|Any CPU
		{18248D16-78CC-4179-8BC0-1A499006D955}.Debug|Any CPU.Build.0 = Debug|Any CPU
		{18248D16-78CC-4179-8BC0-1A499006D955}.Release|Any CPU.ActiveCfg = Release|Any CPU
		{18248D16-78CC-4179-8BC0-1A499006D955}.Release|Any CPU.Build.0 = Release|Any CPU
		{6E5D6C59-567E-4D10-8819-16782B3BA71F}.Debug|Any CPU.ActiveCfg = Debug|Any CPU
		{6E5D6C59-567E-4D10-8819-16782B3BA71F}.Debug|Any CPU.Build.0 = Debug|Any CPU
		{6E5D6C59-567E-4D10-8819-16782B3BA71F}.Release|Any CPU.ActiveCfg = Release|Any CPU
		{6E5D6C59-567E-4D10-8819-16782B3BA71F}.Release|Any CPU.Build.0 = Release|Any CPU
		{B2274398-E3AC-46A9-8AF8-D610049357E9}.Debug|Any CPU.ActiveCfg = Debug|Any CPU
		{B2274398-E3AC-46A9-8AF8-D610049357E9}.Debug|Any CPU.Build.0 = Debug|Any CPU
		{B2274398-E3AC-46A9-8AF8-D610049357E9}.Release|Any CPU.ActiveCfg = Release|Any CPU
		{B2274398-E3AC-46A9-8AF8-D610049357E9}.Release|Any CPU.Build.0 = Release|Any CPU
		{2302CFD1-723E-45FF-A953-DBB264E7F73E}.Debug|Any CPU.ActiveCfg = Debug|Any CPU
		{2302CFD1-723E-45FF-A953-DBB264E7F73E}.Debug|Any CPU.Build.0 = Debug|Any CPU
		{2302CFD1-723E-45FF-A953-DBB264E7F73E}.Release|Any CPU.ActiveCfg = Release|Any CPU
		{2302CFD1-723E-45FF-A953-DBB264E7F73E}.Release|Any CPU.Build.0 = Release|Any CPU
		{D7C8CCC2-7E4C-4C75-809E-7A83FCB5A82A}.Debug|Any CPU.ActiveCfg = Debug|Any CPU
		{D7C8CCC2-7E4C-4C75-809E-7A83FCB5A82A}.Debug|Any CPU.Build.0 = Debug|Any CPU
		{D7C8CCC2-7E4C-4C75-809E-7A83FCB5A82A}.Release|Any CPU.ActiveCfg = Release|Any CPU
		{D7C8CCC2-7E4C-4C75-809E-7A83FCB5A82A}.Release|Any CPU.Build.0 = Release|Any CPU
		{9A125223-BFC0-4C06-A151-DC784290AB31}.Debug|Any CPU.ActiveCfg = Debug|Any CPU
		{9A125223-BFC0-4C06-A151-DC784290AB31}.Debug|Any CPU.Build.0 = Debug|Any CPU
		{9A125223-BFC0-4C06-A151-DC784290AB31}.Release|Any CPU.ActiveCfg = Release|Any CPU
		{9A125223-BFC0-4C06-A151-DC784290AB31}.Release|Any CPU.Build.0 = Release|Any CPU
		{D50CE987-31FE-486B-A8F9-2AFEBB3B74D0}.Debug|Any CPU.ActiveCfg = Debug|Any CPU
		{D50CE987-31FE-486B-A8F9-2AFEBB3B74D0}.Debug|Any CPU.Build.0 = Debug|Any CPU
		{D50CE987-31FE-486B-A8F9-2AFEBB3B74D0}.Release|Any CPU.ActiveCfg = Release|Any CPU
		{D50CE987-31FE-486B-A8F9-2AFEBB3B74D0}.Release|Any CPU.Build.0 = Release|Any CPU
		{C4871F15-937E-411E-A0EE-480088918833}.Debug|Any CPU.ActiveCfg = Debug|Any CPU
		{C4871F15-937E-411E-A0EE-480088918833}.Debug|Any CPU.Build.0 = Debug|Any CPU
		{C4871F15-937E-411E-A0EE-480088918833}.Release|Any CPU.ActiveCfg = Release|Any CPU
		{C4871F15-937E-411E-A0EE-480088918833}.Release|Any CPU.Build.0 = Release|Any CPU
		{148E1D6B-4B08-4B41-BD35-42C3615B73DA}.Debug|Any CPU.ActiveCfg = Debug|Any CPU
		{148E1D6B-4B08-4B41-BD35-42C3615B73DA}.Debug|Any CPU.Build.0 = Debug|Any CPU
		{148E1D6B-4B08-4B41-BD35-42C3615B73DA}.Release|Any CPU.ActiveCfg = Release|Any CPU
		{148E1D6B-4B08-4B41-BD35-42C3615B73DA}.Release|Any CPU.Build.0 = Release|Any CPU
		{BE52940C-E799-4CD6-B367-AE107C8F8CC6}.Debug|Any CPU.ActiveCfg = Debug|Any CPU
		{BE52940C-E799-4CD6-B367-AE107C8F8CC6}.Debug|Any CPU.Build.0 = Debug|Any CPU
		{BE52940C-E799-4CD6-B367-AE107C8F8CC6}.Release|Any CPU.ActiveCfg = Release|Any CPU
		{BE52940C-E799-4CD6-B367-AE107C8F8CC6}.Release|Any CPU.Build.0 = Release|Any CPU
		{DD671293-A816-4150-AEF8-217852449809}.Debug|Any CPU.ActiveCfg = Debug|Any CPU
		{DD671293-A816-4150-AEF8-217852449809}.Debug|Any CPU.Build.0 = Debug|Any CPU
		{DD671293-A816-4150-AEF8-217852449809}.Release|Any CPU.ActiveCfg = Release|Any CPU
		{DD671293-A816-4150-AEF8-217852449809}.Release|Any CPU.Build.0 = Release|Any CPU
		{842288B3-DDC1-4CF5-9BD8-4830BB541189}.Debug|Any CPU.ActiveCfg = Debug|Any CPU
		{842288B3-DDC1-4CF5-9BD8-4830BB541189}.Debug|Any CPU.Build.0 = Debug|Any CPU
		{842288B3-DDC1-4CF5-9BD8-4830BB541189}.Release|Any CPU.ActiveCfg = Release|Any CPU
		{842288B3-DDC1-4CF5-9BD8-4830BB541189}.Release|Any CPU.Build.0 = Release|Any CPU
		{2501283B-C904-46FD-92ED-9A057A628A3F}.Debug|Any CPU.ActiveCfg = Debug|Any CPU
		{2501283B-C904-46FD-92ED-9A057A628A3F}.Debug|Any CPU.Build.0 = Debug|Any CPU
		{2501283B-C904-46FD-92ED-9A057A628A3F}.Release|Any CPU.ActiveCfg = Release|Any CPU
		{2501283B-C904-46FD-92ED-9A057A628A3F}.Release|Any CPU.Build.0 = Release|Any CPU
		{26CB8360-34AE-4F17-82FC-085E50BD0041}.Debug|Any CPU.ActiveCfg = Debug|Any CPU
		{26CB8360-34AE-4F17-82FC-085E50BD0041}.Debug|Any CPU.Build.0 = Debug|Any CPU
		{26CB8360-34AE-4F17-82FC-085E50BD0041}.Release|Any CPU.ActiveCfg = Release|Any CPU
		{26CB8360-34AE-4F17-82FC-085E50BD0041}.Release|Any CPU.Build.0 = Release|Any CPU
	EndGlobalSection
	GlobalSection(SolutionProperties) = preSolution
		HideSolutionNode = FALSE
	EndGlobalSection
	GlobalSection(NestedProjects) = preSolution
		{DA4C38A6-887E-447C-B775-680571FB0EDC} = {CF6D2E23-6B4D-4699-89F6-2D50AC0D7D1A}
		{359BD8A5-C4D6-464E-80F5-93F99A682E04} = {CF6D2E23-6B4D-4699-89F6-2D50AC0D7D1A}
		{F1271204-4D3D-49E7-A6E5-1A3820FB2AF7} = {CF6D2E23-6B4D-4699-89F6-2D50AC0D7D1A}
		{A5F3E1D5-34B6-4FC8-B7F5-1CAD93E23EF2} = {CF6D2E23-6B4D-4699-89F6-2D50AC0D7D1A}
		{00A18851-2805-4F65-84A4-9E44C257C936} = {CF6D2E23-6B4D-4699-89F6-2D50AC0D7D1A}
		{C67824C8-D78F-45D9-BE1B-90CB881FD773} = {CF6D2E23-6B4D-4699-89F6-2D50AC0D7D1A}
		{2CB58EC3-CCAB-451A-819C-D203565D41D5} = {CF6D2E23-6B4D-4699-89F6-2D50AC0D7D1A}
		{F3AF81AF-DD7F-48E7-920E-AFA8179B7A5E} = {CF6D2E23-6B4D-4699-89F6-2D50AC0D7D1A}
		{18248D16-78CC-4179-8BC0-1A499006D955} = {CF6D2E23-6B4D-4699-89F6-2D50AC0D7D1A}
		{6E5D6C59-567E-4D10-8819-16782B3BA71F} = {CF6D2E23-6B4D-4699-89F6-2D50AC0D7D1A}
		{B2274398-E3AC-46A9-8AF8-D610049357E9} = {CF6D2E23-6B4D-4699-89F6-2D50AC0D7D1A}
		{2302CFD1-723E-45FF-A953-DBB264E7F73E} = {CF6D2E23-6B4D-4699-89F6-2D50AC0D7D1A}
		{D7C8CCC2-7E4C-4C75-809E-7A83FCB5A82A} = {56550ADC-3E24-43A0-BA46-AC4C1E4EF875}
		{9A125223-BFC0-4C06-A151-DC784290AB31} = {56550ADC-3E24-43A0-BA46-AC4C1E4EF875}
		{D50CE987-31FE-486B-A8F9-2AFEBB3B74D0} = {56550ADC-3E24-43A0-BA46-AC4C1E4EF875}
		{C4871F15-937E-411E-A0EE-480088918833} = {56550ADC-3E24-43A0-BA46-AC4C1E4EF875}
		{148E1D6B-4B08-4B41-BD35-42C3615B73DA} = {56550ADC-3E24-43A0-BA46-AC4C1E4EF875}
		{BE52940C-E799-4CD6-B367-AE107C8F8CC6} = {56550ADC-3E24-43A0-BA46-AC4C1E4EF875}
		{DD671293-A816-4150-AEF8-217852449809} = {56550ADC-3E24-43A0-BA46-AC4C1E4EF875}
		{842288B3-DDC1-4CF5-9BD8-4830BB541189} = {56550ADC-3E24-43A0-BA46-AC4C1E4EF875}
		{2501283B-C904-46FD-92ED-9A057A628A3F} = {56550ADC-3E24-43A0-BA46-AC4C1E4EF875}
		{26CB8360-34AE-4F17-82FC-085E50BD0041} = {56550ADC-3E24-43A0-BA46-AC4C1E4EF875}
	EndGlobalSection
	GlobalSection(ExtensibilityGlobals) = postSolution
		SolutionGuid = {AA81AC89-73AC-4EC7-AC33-92DCAD49CF12}
	EndGlobalSection
EndGlobal
