
Microsoft Visual Studio Solution File, Format Version 12.00
# Visual Studio 15
VisualStudioVersion = 15.0.28010.2026
MinimumVisualStudioVersion = 10.0.40219.1
Project("{2150E333-8FDC-42A3-9474-1A3956D46DE8}") = "Lab", "Lab", "{98E9B26E-CA92-4193-80F4-A6673C1F03D8}"
EndProject
Project("{2150E333-8FDC-42A3-9474-1A3956D46DE8}") = "Exercises", "Exercises", "{7B6BDFA8-5C7C-4C44-8402-4CD7002D6BBD}"
EndProject
Project("{9A19103F-16F7-4668-BE54-9A1E7A4F7556}") = "01-1-CountSameValuesInArray", "Lab\01-1-CountSameValuesInArray\01-1-CountSameValuesInArray.csproj", "{B98AC00A-4CA2-4E2B-9050-9D594497CBB5}"
EndProject
Project("{9A19103F-16F7-4668-BE54-9A1E7A4F7556}") = "02-1-AverageStudentGrades", "Lab\02-1-AverageStudentGrades\02-1-AverageStudentGrades.csproj", "{7753C786-5C13-464B-9E7A-4CF5969717DD}"
EndProject
Project("{9A19103F-16F7-4668-BE54-9A1E7A4F7556}") = "03-1-ProductShop", "Lab\03-1-ProductShop\03-1-ProductShop.csproj", "{4D5B2167-8817-437B-9D12-A50E74C3155C}"
EndProject
Project("{9A19103F-16F7-4668-BE54-9A1E7A4F7556}") = "04-1-CitiesByContinentAndCountry", "Lab\04-1-CitiesByContinentAndCountry\04-1-CitiesByContinentAndCountry.csproj", "{0F7351FA-3AAD-406C-BD5A-25D696870851}"
EndProject
Project("{9A19103F-16F7-4668-BE54-9A1E7A4F7556}") = "05-1-RecordUniqueNames", "Lab\05-1-RecordUniqueNames\05-1-RecordUniqueNames.csproj", "{8421C33D-DF06-49D5-9394-4FDEC7A5C849}"
EndProject
Project("{9A19103F-16F7-4668-BE54-9A1E7A4F7556}") = "06-1-ParkingLot", "Lab\06-1-ParkingLot\06-1-ParkingLot.csproj", "{FB01327D-7D22-485F-94A9-70A3D5270788}"
EndProject
Project("{9A19103F-16F7-4668-BE54-9A1E7A4F7556}") = "07-1-SoftUniParty", "Lab\07-1-SoftUniParty\07-1-SoftUniParty.csproj", "{07C07937-E337-4094-AA1F-D8EFE971FCA5}"
EndProject
Project("{9A19103F-16F7-4668-BE54-9A1E7A4F7556}") = "01-1-UniqueUsernames", "Exercises\01-1-UniqueUsernames\01-1-UniqueUsernames.csproj", "{1892099D-7DDE-4029-A2DB-3C215C63F5A1}"
EndProject
Project("{9A19103F-16F7-4668-BE54-9A1E7A4F7556}") = "03-1-PeriodicTable", "Exercises\03-1-PeriodicTable\03-1-PeriodicTable.csproj", "{AEBC5E24-4828-4AB0-97F5-7BB058DBCE52}"
EndProject
Project("{9A19103F-16F7-4668-BE54-9A1E7A4F7556}") = "04-1-EvenTimes", "Exercises\04-1-EvenTimes\04-1-EvenTimes.csproj", "{7F3511CD-0F27-43F4-94E4-C5609C57D042}"
EndProject
Project("{9A19103F-16F7-4668-BE54-9A1E7A4F7556}") = "05-1-CountSymbols", "Exercises\05-1-CountSymbols\05-1-CountSymbols.csproj", "{7667DBEA-2F34-47FA-AD52-C3FF1A47D79A}"
EndProject
Project("{9A19103F-16F7-4668-BE54-9A1E7A4F7556}") = "07-1-TheVLogger", "Exercises\07-1-TheVLogger\07-1-TheVLogger.csproj", "{5F2FB26D-0883-4988-8BC4-35FCE3FBFDA2}"
EndProject
Project("{9A19103F-16F7-4668-BE54-9A1E7A4F7556}") = "08-1-Ranking", "Exercises\08-1-Ranking\08-1-Ranking.csproj", "{3DB34825-ED27-4CF8-BD98-C576E9B8783D}"
EndProject
Project("{FAE04EC0-301F-11D3-BF4B-00C04F79EFBC}") = "02-1-SetsOfElements", "Exercises\02-1-SetsOfElements\02-1-SetsOfElements.csproj", "{A93B2147-4574-4087-B1A1-08469622DEF8}"
EndProject
Project("{9A19103F-16F7-4668-BE54-9A1E7A4F7556}") = "06-1-Wardrobe", "Exercises\06-1-Wardrobe\06-1-Wardrobe.csproj", "{758694D1-A7F3-4A90-8928-6B90BDB48165}"
EndProject
Global
	GlobalSection(SolutionConfigurationPlatforms) = preSolution
		Debug|Any CPU = Debug|Any CPU
		Release|Any CPU = Release|Any CPU
	EndGlobalSection
	GlobalSection(ProjectConfigurationPlatforms) = postSolution
		{B98AC00A-4CA2-4E2B-9050-9D594497CBB5}.Debug|Any CPU.ActiveCfg = Debug|Any CPU
		{B98AC00A-4CA2-4E2B-9050-9D594497CBB5}.Debug|Any CPU.Build.0 = Debug|Any CPU
		{B98AC00A-4CA2-4E2B-9050-9D594497CBB5}.Release|Any CPU.ActiveCfg = Release|Any CPU
		{B98AC00A-4CA2-4E2B-9050-9D594497CBB5}.Release|Any CPU.Build.0 = Release|Any CPU
		{7753C786-5C13-464B-9E7A-4CF5969717DD}.Debug|Any CPU.ActiveCfg = Debug|Any CPU
		{7753C786-5C13-464B-9E7A-4CF5969717DD}.Debug|Any CPU.Build.0 = Debug|Any CPU
		{7753C786-5C13-464B-9E7A-4CF5969717DD}.Release|Any CPU.ActiveCfg = Release|Any CPU
		{7753C786-5C13-464B-9E7A-4CF5969717DD}.Release|Any CPU.Build.0 = Release|Any CPU
		{4D5B2167-8817-437B-9D12-A50E74C3155C}.Debug|Any CPU.ActiveCfg = Debug|Any CPU
		{4D5B2167-8817-437B-9D12-A50E74C3155C}.Debug|Any CPU.Build.0 = Debug|Any CPU
		{4D5B2167-8817-437B-9D12-A50E74C3155C}.Release|Any CPU.ActiveCfg = Release|Any CPU
		{4D5B2167-8817-437B-9D12-A50E74C3155C}.Release|Any CPU.Build.0 = Release|Any CPU
		{0F7351FA-3AAD-406C-BD5A-25D696870851}.Debug|Any CPU.ActiveCfg = Debug|Any CPU
		{0F7351FA-3AAD-406C-BD5A-25D696870851}.Debug|Any CPU.Build.0 = Debug|Any CPU
		{0F7351FA-3AAD-406C-BD5A-25D696870851}.Release|Any CPU.ActiveCfg = Release|Any CPU
		{0F7351FA-3AAD-406C-BD5A-25D696870851}.Release|Any CPU.Build.0 = Release|Any CPU
		{8421C33D-DF06-49D5-9394-4FDEC7A5C849}.Debug|Any CPU.ActiveCfg = Debug|Any CPU
		{8421C33D-DF06-49D5-9394-4FDEC7A5C849}.Debug|Any CPU.Build.0 = Debug|Any CPU
		{8421C33D-DF06-49D5-9394-4FDEC7A5C849}.Release|Any CPU.ActiveCfg = Release|Any CPU
		{8421C33D-DF06-49D5-9394-4FDEC7A5C849}.Release|Any CPU.Build.0 = Release|Any CPU
		{FB01327D-7D22-485F-94A9-70A3D5270788}.Debug|Any CPU.ActiveCfg = Debug|Any CPU
		{FB01327D-7D22-485F-94A9-70A3D5270788}.Debug|Any CPU.Build.0 = Debug|Any CPU
		{FB01327D-7D22-485F-94A9-70A3D5270788}.Release|Any CPU.ActiveCfg = Release|Any CPU
		{FB01327D-7D22-485F-94A9-70A3D5270788}.Release|Any CPU.Build.0 = Release|Any CPU
		{07C07937-E337-4094-AA1F-D8EFE971FCA5}.Debug|Any CPU.ActiveCfg = Debug|Any CPU
		{07C07937-E337-4094-AA1F-D8EFE971FCA5}.Debug|Any CPU.Build.0 = Debug|Any CPU
		{07C07937-E337-4094-AA1F-D8EFE971FCA5}.Release|Any CPU.ActiveCfg = Release|Any CPU
		{07C07937-E337-4094-AA1F-D8EFE971FCA5}.Release|Any CPU.Build.0 = Release|Any CPU
		{1892099D-7DDE-4029-A2DB-3C215C63F5A1}.Debug|Any CPU.ActiveCfg = Debug|Any CPU
		{1892099D-7DDE-4029-A2DB-3C215C63F5A1}.Debug|Any CPU.Build.0 = Debug|Any CPU
		{1892099D-7DDE-4029-A2DB-3C215C63F5A1}.Release|Any CPU.ActiveCfg = Release|Any CPU
		{1892099D-7DDE-4029-A2DB-3C215C63F5A1}.Release|Any CPU.Build.0 = Release|Any CPU
		{AEBC5E24-4828-4AB0-97F5-7BB058DBCE52}.Debug|Any CPU.ActiveCfg = Debug|Any CPU
		{AEBC5E24-4828-4AB0-97F5-7BB058DBCE52}.Debug|Any CPU.Build.0 = Debug|Any CPU
		{AEBC5E24-4828-4AB0-97F5-7BB058DBCE52}.Release|Any CPU.ActiveCfg = Release|Any CPU
		{AEBC5E24-4828-4AB0-97F5-7BB058DBCE52}.Release|Any CPU.Build.0 = Release|Any CPU
		{7F3511CD-0F27-43F4-94E4-C5609C57D042}.Debug|Any CPU.ActiveCfg = Debug|Any CPU
		{7F3511CD-0F27-43F4-94E4-C5609C57D042}.Debug|Any CPU.Build.0 = Debug|Any CPU
		{7F3511CD-0F27-43F4-94E4-C5609C57D042}.Release|Any CPU.ActiveCfg = Release|Any CPU
		{7F3511CD-0F27-43F4-94E4-C5609C57D042}.Release|Any CPU.Build.0 = Release|Any CPU
		{7667DBEA-2F34-47FA-AD52-C3FF1A47D79A}.Debug|Any CPU.ActiveCfg = Debug|Any CPU
		{7667DBEA-2F34-47FA-AD52-C3FF1A47D79A}.Debug|Any CPU.Build.0 = Debug|Any CPU
		{7667DBEA-2F34-47FA-AD52-C3FF1A47D79A}.Release|Any CPU.ActiveCfg = Release|Any CPU
		{7667DBEA-2F34-47FA-AD52-C3FF1A47D79A}.Release|Any CPU.Build.0 = Release|Any CPU
		{5F2FB26D-0883-4988-8BC4-35FCE3FBFDA2}.Debug|Any CPU.ActiveCfg = Debug|Any CPU
		{5F2FB26D-0883-4988-8BC4-35FCE3FBFDA2}.Debug|Any CPU.Build.0 = Debug|Any CPU
		{5F2FB26D-0883-4988-8BC4-35FCE3FBFDA2}.Release|Any CPU.ActiveCfg = Release|Any CPU
		{5F2FB26D-0883-4988-8BC4-35FCE3FBFDA2}.Release|Any CPU.Build.0 = Release|Any CPU
		{3DB34825-ED27-4CF8-BD98-C576E9B8783D}.Debug|Any CPU.ActiveCfg = Debug|Any CPU
		{3DB34825-ED27-4CF8-BD98-C576E9B8783D}.Debug|Any CPU.Build.0 = Debug|Any CPU
		{3DB34825-ED27-4CF8-BD98-C576E9B8783D}.Release|Any CPU.ActiveCfg = Release|Any CPU
		{3DB34825-ED27-4CF8-BD98-C576E9B8783D}.Release|Any CPU.Build.0 = Release|Any CPU
		{A93B2147-4574-4087-B1A1-08469622DEF8}.Debug|Any CPU.ActiveCfg = Debug|Any CPU
		{A93B2147-4574-4087-B1A1-08469622DEF8}.Debug|Any CPU.Build.0 = Debug|Any CPU
		{A93B2147-4574-4087-B1A1-08469622DEF8}.Release|Any CPU.ActiveCfg = Release|Any CPU
		{A93B2147-4574-4087-B1A1-08469622DEF8}.Release|Any CPU.Build.0 = Release|Any CPU
		{758694D1-A7F3-4A90-8928-6B90BDB48165}.Debug|Any CPU.ActiveCfg = Debug|Any CPU
		{758694D1-A7F3-4A90-8928-6B90BDB48165}.Debug|Any CPU.Build.0 = Debug|Any CPU
		{758694D1-A7F3-4A90-8928-6B90BDB48165}.Release|Any CPU.ActiveCfg = Release|Any CPU
		{758694D1-A7F3-4A90-8928-6B90BDB48165}.Release|Any CPU.Build.0 = Release|Any CPU
	EndGlobalSection
	GlobalSection(SolutionProperties) = preSolution
		HideSolutionNode = FALSE
	EndGlobalSection
	GlobalSection(NestedProjects) = preSolution
		{B98AC00A-4CA2-4E2B-9050-9D594497CBB5} = {98E9B26E-CA92-4193-80F4-A6673C1F03D8}
		{7753C786-5C13-464B-9E7A-4CF5969717DD} = {98E9B26E-CA92-4193-80F4-A6673C1F03D8}
		{4D5B2167-8817-437B-9D12-A50E74C3155C} = {98E9B26E-CA92-4193-80F4-A6673C1F03D8}
		{0F7351FA-3AAD-406C-BD5A-25D696870851} = {98E9B26E-CA92-4193-80F4-A6673C1F03D8}
		{8421C33D-DF06-49D5-9394-4FDEC7A5C849} = {98E9B26E-CA92-4193-80F4-A6673C1F03D8}
		{FB01327D-7D22-485F-94A9-70A3D5270788} = {98E9B26E-CA92-4193-80F4-A6673C1F03D8}
		{07C07937-E337-4094-AA1F-D8EFE971FCA5} = {98E9B26E-CA92-4193-80F4-A6673C1F03D8}
		{1892099D-7DDE-4029-A2DB-3C215C63F5A1} = {7B6BDFA8-5C7C-4C44-8402-4CD7002D6BBD}
		{AEBC5E24-4828-4AB0-97F5-7BB058DBCE52} = {7B6BDFA8-5C7C-4C44-8402-4CD7002D6BBD}
		{7F3511CD-0F27-43F4-94E4-C5609C57D042} = {7B6BDFA8-5C7C-4C44-8402-4CD7002D6BBD}
		{7667DBEA-2F34-47FA-AD52-C3FF1A47D79A} = {7B6BDFA8-5C7C-4C44-8402-4CD7002D6BBD}
		{5F2FB26D-0883-4988-8BC4-35FCE3FBFDA2} = {7B6BDFA8-5C7C-4C44-8402-4CD7002D6BBD}
		{3DB34825-ED27-4CF8-BD98-C576E9B8783D} = {7B6BDFA8-5C7C-4C44-8402-4CD7002D6BBD}
		{A93B2147-4574-4087-B1A1-08469622DEF8} = {7B6BDFA8-5C7C-4C44-8402-4CD7002D6BBD}
		{758694D1-A7F3-4A90-8928-6B90BDB48165} = {7B6BDFA8-5C7C-4C44-8402-4CD7002D6BBD}
	EndGlobalSection
	GlobalSection(ExtensibilityGlobals) = postSolution
		SolutionGuid = {7B6A97C6-E154-4713-B15B-C4448B7FB8BE}
	EndGlobalSection
EndGlobal
