
Microsoft Visual Studio Solution File, Format Version 12.00
# Visual Studio 15
VisualStudioVersion = 15.0.28010.2026
MinimumVisualStudioVersion = 10.0.40219.1
Project("{2150E333-8FDC-42A3-9474-1A3956D46DE8}") = "Lab", "Lab", "{AA184738-52F0-44CD-8591-164D51E9706B}"
EndProject
Project("{2150E333-8FDC-42A3-9474-1A3956D46DE8}") = "Exercises", "Exercises", "{123DA613-92D2-456D-A97F-F5F904BD7066}"
EndProject
Project("{9A19103F-16F7-4668-BE54-9A1E7A4F7556}") = "01-1-ReverseString", "Lab\01-1-ReverseString\01-1-ReverseString.csproj", "{DCF24DAC-9B8E-4B5F-8AB4-DACA7BC33D6C}"
EndProject
Project("{9A19103F-16F7-4668-BE54-9A1E7A4F7556}") = "02-1-SimpleCalculator", "Lab\02-1-SimpleCalculator\02-1-SimpleCalculator.csproj", "{0066E57C-06DB-4048-A3F0-F9D415F7CA5C}"
EndProject
Project("{9A19103F-16F7-4668-BE54-9A1E7A4F7556}") = "03-1-DevomalToBinaryConvertor", "Lab\03-1-DevomalToBinaryConvertor\03-1-DevomalToBinaryConvertor.csproj", "{164CBC47-B3E6-4559-BC92-23F20F7F2D87}"
EndProject
Project("{9A19103F-16F7-4668-BE54-9A1E7A4F7556}") = "04-1-MatchingBrackets", "Lab\04-1-MatchingBrackets\04-1-MatchingBrackets.csproj", "{B4D299CD-30FF-45C1-BEBE-B74A19AFDEE9}"
EndProject
Project("{9A19103F-16F7-4668-BE54-9A1E7A4F7556}") = "05-1-HotPotato", "Lab\05-1-HotPotato\05-1-HotPotato.csproj", "{26E42046-1C9A-4B29-A8BB-AE73CC1B2893}"
EndProject
Project("{9A19103F-16F7-4668-BE54-9A1E7A4F7556}") = "06-1-TrafficJam", "Lab\06-1-TrafficJam\06-1-TrafficJam.csproj", "{C8288F1D-E3C1-47FA-A995-6B42784A3CB7}"
EndProject
Project("{9A19103F-16F7-4668-BE54-9A1E7A4F7556}") = "01-1-ReverseNumbers", "Exercises\01-1-ReverseNumbers\01-1-ReverseNumbers.csproj", "{70231812-8A86-48EC-A9C0-405EFEED3B00}"
EndProject
Project("{9A19103F-16F7-4668-BE54-9A1E7A4F7556}") = "02-1-BasicStackOperations", "Exercises\02-1-BasicStackOperations\02-1-BasicStackOperations.csproj", "{EC9E432F-76BF-4B8A-BF64-C0A8C03EC9C8}"
EndProject
Project("{9A19103F-16F7-4668-BE54-9A1E7A4F7556}") = "03-1-MaximumElement", "Exercises\03-1-MaximumElement\03-1-MaximumElement.csproj", "{9EB4C872-1C7C-4016-9E79-CE395BA21002}"
EndProject
Project("{9A19103F-16F7-4668-BE54-9A1E7A4F7556}") = "04-1-BasicQueueOperations", "Exercises\04-1-BasicQueueOperations\04-1-BasicQueueOperations.csproj", "{9202A30E-4026-456A-AE16-073D2BF1A8F1}"
EndProject
Project("{9A19103F-16F7-4668-BE54-9A1E7A4F7556}") = "05-1-SequenceWithQueue", "Exercises\05-1-SequenceWithQueue\05-1-SequenceWithQueue.csproj", "{3F95831C-5CB0-4467-92EC-508C40DBEBDB}"
EndProject
Project("{9A19103F-16F7-4668-BE54-9A1E7A4F7556}") = "06-1-TruckTour", "Exercises\06-1-TruckTour\06-1-TruckTour.csproj", "{BD1411F1-C19D-4373-BBF2-6BF949256D02}"
EndProject
Project("{9A19103F-16F7-4668-BE54-9A1E7A4F7556}") = "07-1-BalancedParanthesis", "Exercises\07-1-BalancedParanthesis\07-1-BalancedParanthesis.csproj", "{D81D38C5-4E96-476E-BB5D-9779C0D958E4}"
EndProject
Project("{9A19103F-16F7-4668-BE54-9A1E7A4F7556}") = "08-1-StackFibonacci", "Exercises\08-1-StackFibonacci\08-1-StackFibonacci.csproj", "{07EB5C17-0666-4C91-A9E2-896CB1C90630}"
EndProject
Project("{9A19103F-16F7-4668-BE54-9A1E7A4F7556}") = "09-1-SimpleTextEditor", "Exercises\09-1-SimpleTextEditor\09-1-SimpleTextEditor.csproj", "{26230D99-9570-4321-935D-75A0908621C5}"
EndProject
Project("{9A19103F-16F7-4668-BE54-9A1E7A4F7556}") = "10-1-PoisonousPlants", "Exercises\10-1-PoisonousPlants\10-1-PoisonousPlants.csproj", "{15DE2F2B-03D3-4C85-952C-F9F04509F62A}"
EndProject
Project("{FAE04EC0-301F-11D3-BF4B-00C04F79EFBC}") = "03-2-MaximumElement", "Exercises\03-2-MaximumElement\03-2-MaximumElement.csproj", "{1050CC95-EC9D-4013-A624-56D83F1544EB}"
EndProject
Global
	GlobalSection(SolutionConfigurationPlatforms) = preSolution
		Debug|Any CPU = Debug|Any CPU
		Release|Any CPU = Release|Any CPU
	EndGlobalSection
	GlobalSection(ProjectConfigurationPlatforms) = postSolution
		{DCF24DAC-9B8E-4B5F-8AB4-DACA7BC33D6C}.Debug|Any CPU.ActiveCfg = Debug|Any CPU
		{DCF24DAC-9B8E-4B5F-8AB4-DACA7BC33D6C}.Debug|Any CPU.Build.0 = Debug|Any CPU
		{DCF24DAC-9B8E-4B5F-8AB4-DACA7BC33D6C}.Release|Any CPU.ActiveCfg = Release|Any CPU
		{DCF24DAC-9B8E-4B5F-8AB4-DACA7BC33D6C}.Release|Any CPU.Build.0 = Release|Any CPU
		{0066E57C-06DB-4048-A3F0-F9D415F7CA5C}.Debug|Any CPU.ActiveCfg = Debug|Any CPU
		{0066E57C-06DB-4048-A3F0-F9D415F7CA5C}.Debug|Any CPU.Build.0 = Debug|Any CPU
		{0066E57C-06DB-4048-A3F0-F9D415F7CA5C}.Release|Any CPU.ActiveCfg = Release|Any CPU
		{0066E57C-06DB-4048-A3F0-F9D415F7CA5C}.Release|Any CPU.Build.0 = Release|Any CPU
		{164CBC47-B3E6-4559-BC92-23F20F7F2D87}.Debug|Any CPU.ActiveCfg = Debug|Any CPU
		{164CBC47-B3E6-4559-BC92-23F20F7F2D87}.Debug|Any CPU.Build.0 = Debug|Any CPU
		{164CBC47-B3E6-4559-BC92-23F20F7F2D87}.Release|Any CPU.ActiveCfg = Release|Any CPU
		{164CBC47-B3E6-4559-BC92-23F20F7F2D87}.Release|Any CPU.Build.0 = Release|Any CPU
		{B4D299CD-30FF-45C1-BEBE-B74A19AFDEE9}.Debug|Any CPU.ActiveCfg = Debug|Any CPU
		{B4D299CD-30FF-45C1-BEBE-B74A19AFDEE9}.Debug|Any CPU.Build.0 = Debug|Any CPU
		{B4D299CD-30FF-45C1-BEBE-B74A19AFDEE9}.Release|Any CPU.ActiveCfg = Release|Any CPU
		{B4D299CD-30FF-45C1-BEBE-B74A19AFDEE9}.Release|Any CPU.Build.0 = Release|Any CPU
		{26E42046-1C9A-4B29-A8BB-AE73CC1B2893}.Debug|Any CPU.ActiveCfg = Debug|Any CPU
		{26E42046-1C9A-4B29-A8BB-AE73CC1B2893}.Debug|Any CPU.Build.0 = Debug|Any CPU
		{26E42046-1C9A-4B29-A8BB-AE73CC1B2893}.Release|Any CPU.ActiveCfg = Release|Any CPU
		{26E42046-1C9A-4B29-A8BB-AE73CC1B2893}.Release|Any CPU.Build.0 = Release|Any CPU
		{C8288F1D-E3C1-47FA-A995-6B42784A3CB7}.Debug|Any CPU.ActiveCfg = Debug|Any CPU
		{C8288F1D-E3C1-47FA-A995-6B42784A3CB7}.Debug|Any CPU.Build.0 = Debug|Any CPU
		{C8288F1D-E3C1-47FA-A995-6B42784A3CB7}.Release|Any CPU.ActiveCfg = Release|Any CPU
		{C8288F1D-E3C1-47FA-A995-6B42784A3CB7}.Release|Any CPU.Build.0 = Release|Any CPU
		{70231812-8A86-48EC-A9C0-405EFEED3B00}.Debug|Any CPU.ActiveCfg = Debug|Any CPU
		{70231812-8A86-48EC-A9C0-405EFEED3B00}.Debug|Any CPU.Build.0 = Debug|Any CPU
		{70231812-8A86-48EC-A9C0-405EFEED3B00}.Release|Any CPU.ActiveCfg = Release|Any CPU
		{70231812-8A86-48EC-A9C0-405EFEED3B00}.Release|Any CPU.Build.0 = Release|Any CPU
		{EC9E432F-76BF-4B8A-BF64-C0A8C03EC9C8}.Debug|Any CPU.ActiveCfg = Debug|Any CPU
		{EC9E432F-76BF-4B8A-BF64-C0A8C03EC9C8}.Debug|Any CPU.Build.0 = Debug|Any CPU
		{EC9E432F-76BF-4B8A-BF64-C0A8C03EC9C8}.Release|Any CPU.ActiveCfg = Release|Any CPU
		{EC9E432F-76BF-4B8A-BF64-C0A8C03EC9C8}.Release|Any CPU.Build.0 = Release|Any CPU
		{9EB4C872-1C7C-4016-9E79-CE395BA21002}.Debug|Any CPU.ActiveCfg = Debug|Any CPU
		{9EB4C872-1C7C-4016-9E79-CE395BA21002}.Debug|Any CPU.Build.0 = Debug|Any CPU
		{9EB4C872-1C7C-4016-9E79-CE395BA21002}.Release|Any CPU.ActiveCfg = Release|Any CPU
		{9EB4C872-1C7C-4016-9E79-CE395BA21002}.Release|Any CPU.Build.0 = Release|Any CPU
		{9202A30E-4026-456A-AE16-073D2BF1A8F1}.Debug|Any CPU.ActiveCfg = Debug|Any CPU
		{9202A30E-4026-456A-AE16-073D2BF1A8F1}.Debug|Any CPU.Build.0 = Debug|Any CPU
		{9202A30E-4026-456A-AE16-073D2BF1A8F1}.Release|Any CPU.ActiveCfg = Release|Any CPU
		{9202A30E-4026-456A-AE16-073D2BF1A8F1}.Release|Any CPU.Build.0 = Release|Any CPU
		{3F95831C-5CB0-4467-92EC-508C40DBEBDB}.Debug|Any CPU.ActiveCfg = Debug|Any CPU
		{3F95831C-5CB0-4467-92EC-508C40DBEBDB}.Debug|Any CPU.Build.0 = Debug|Any CPU
		{3F95831C-5CB0-4467-92EC-508C40DBEBDB}.Release|Any CPU.ActiveCfg = Release|Any CPU
		{3F95831C-5CB0-4467-92EC-508C40DBEBDB}.Release|Any CPU.Build.0 = Release|Any CPU
		{BD1411F1-C19D-4373-BBF2-6BF949256D02}.Debug|Any CPU.ActiveCfg = Debug|Any CPU
		{BD1411F1-C19D-4373-BBF2-6BF949256D02}.Debug|Any CPU.Build.0 = Debug|Any CPU
		{BD1411F1-C19D-4373-BBF2-6BF949256D02}.Release|Any CPU.ActiveCfg = Release|Any CPU
		{BD1411F1-C19D-4373-BBF2-6BF949256D02}.Release|Any CPU.Build.0 = Release|Any CPU
		{D81D38C5-4E96-476E-BB5D-9779C0D958E4}.Debug|Any CPU.ActiveCfg = Debug|Any CPU
		{D81D38C5-4E96-476E-BB5D-9779C0D958E4}.Debug|Any CPU.Build.0 = Debug|Any CPU
		{D81D38C5-4E96-476E-BB5D-9779C0D958E4}.Release|Any CPU.ActiveCfg = Release|Any CPU
		{D81D38C5-4E96-476E-BB5D-9779C0D958E4}.Release|Any CPU.Build.0 = Release|Any CPU
		{07EB5C17-0666-4C91-A9E2-896CB1C90630}.Debug|Any CPU.ActiveCfg = Debug|Any CPU
		{07EB5C17-0666-4C91-A9E2-896CB1C90630}.Debug|Any CPU.Build.0 = Debug|Any CPU
		{07EB5C17-0666-4C91-A9E2-896CB1C90630}.Release|Any CPU.ActiveCfg = Release|Any CPU
		{07EB5C17-0666-4C91-A9E2-896CB1C90630}.Release|Any CPU.Build.0 = Release|Any CPU
		{26230D99-9570-4321-935D-75A0908621C5}.Debug|Any CPU.ActiveCfg = Debug|Any CPU
		{26230D99-9570-4321-935D-75A0908621C5}.Debug|Any CPU.Build.0 = Debug|Any CPU
		{26230D99-9570-4321-935D-75A0908621C5}.Release|Any CPU.ActiveCfg = Release|Any CPU
		{26230D99-9570-4321-935D-75A0908621C5}.Release|Any CPU.Build.0 = Release|Any CPU
		{15DE2F2B-03D3-4C85-952C-F9F04509F62A}.Debug|Any CPU.ActiveCfg = Debug|Any CPU
		{15DE2F2B-03D3-4C85-952C-F9F04509F62A}.Debug|Any CPU.Build.0 = Debug|Any CPU
		{15DE2F2B-03D3-4C85-952C-F9F04509F62A}.Release|Any CPU.ActiveCfg = Release|Any CPU
		{15DE2F2B-03D3-4C85-952C-F9F04509F62A}.Release|Any CPU.Build.0 = Release|Any CPU
		{1050CC95-EC9D-4013-A624-56D83F1544EB}.Debug|Any CPU.ActiveCfg = Debug|Any CPU
		{1050CC95-EC9D-4013-A624-56D83F1544EB}.Debug|Any CPU.Build.0 = Debug|Any CPU
		{1050CC95-EC9D-4013-A624-56D83F1544EB}.Release|Any CPU.ActiveCfg = Release|Any CPU
		{1050CC95-EC9D-4013-A624-56D83F1544EB}.Release|Any CPU.Build.0 = Release|Any CPU
	EndGlobalSection
	GlobalSection(SolutionProperties) = preSolution
		HideSolutionNode = FALSE
	EndGlobalSection
	GlobalSection(NestedProjects) = preSolution
		{DCF24DAC-9B8E-4B5F-8AB4-DACA7BC33D6C} = {AA184738-52F0-44CD-8591-164D51E9706B}
		{0066E57C-06DB-4048-A3F0-F9D415F7CA5C} = {AA184738-52F0-44CD-8591-164D51E9706B}
		{164CBC47-B3E6-4559-BC92-23F20F7F2D87} = {AA184738-52F0-44CD-8591-164D51E9706B}
		{B4D299CD-30FF-45C1-BEBE-B74A19AFDEE9} = {AA184738-52F0-44CD-8591-164D51E9706B}
		{26E42046-1C9A-4B29-A8BB-AE73CC1B2893} = {AA184738-52F0-44CD-8591-164D51E9706B}
		{C8288F1D-E3C1-47FA-A995-6B42784A3CB7} = {AA184738-52F0-44CD-8591-164D51E9706B}
		{70231812-8A86-48EC-A9C0-405EFEED3B00} = {123DA613-92D2-456D-A97F-F5F904BD7066}
		{EC9E432F-76BF-4B8A-BF64-C0A8C03EC9C8} = {123DA613-92D2-456D-A97F-F5F904BD7066}
		{9EB4C872-1C7C-4016-9E79-CE395BA21002} = {123DA613-92D2-456D-A97F-F5F904BD7066}
		{9202A30E-4026-456A-AE16-073D2BF1A8F1} = {123DA613-92D2-456D-A97F-F5F904BD7066}
		{3F95831C-5CB0-4467-92EC-508C40DBEBDB} = {123DA613-92D2-456D-A97F-F5F904BD7066}
		{BD1411F1-C19D-4373-BBF2-6BF949256D02} = {123DA613-92D2-456D-A97F-F5F904BD7066}
		{D81D38C5-4E96-476E-BB5D-9779C0D958E4} = {123DA613-92D2-456D-A97F-F5F904BD7066}
		{07EB5C17-0666-4C91-A9E2-896CB1C90630} = {123DA613-92D2-456D-A97F-F5F904BD7066}
		{26230D99-9570-4321-935D-75A0908621C5} = {123DA613-92D2-456D-A97F-F5F904BD7066}
		{15DE2F2B-03D3-4C85-952C-F9F04509F62A} = {123DA613-92D2-456D-A97F-F5F904BD7066}
		{1050CC95-EC9D-4013-A624-56D83F1544EB} = {123DA613-92D2-456D-A97F-F5F904BD7066}
	EndGlobalSection
	GlobalSection(ExtensibilityGlobals) = postSolution
		SolutionGuid = {74C59175-F5E7-432C-A1CC-CB24620242E1}
	EndGlobalSection
EndGlobal
