
Microsoft Visual Studio Solution File, Format Version 12.00
# Visual Studio 15
VisualStudioVersion = 15.0.28010.2046
MinimumVisualStudioVersion = 10.0.40219.1
Project("{2150E333-8FDC-42A3-9474-1A3956D46DE8}") = "Lab", "Lab", "{D86B01FA-4779-45FB-BFDE-740C76E5A7ED}"
EndProject
Project("{9A19103F-16F7-4668-BE54-9A1E7A4F7556}") = "BankAccount", "Lab\01.1.BankAccount\BankAccount\BankAccount.csproj", "{DE4DDA00-8E16-4AEC-A1D0-132D77745B89}"
EndProject
Project("{2150E333-8FDC-42A3-9474-1A3956D46DE8}") = "01.1.BankAccount", "01.1.BankAccount", "{B4DCD7BF-9479-46A5-BD46-A381B0242ABD}"
EndProject
Project("{2150E333-8FDC-42A3-9474-1A3956D46DE8}") = "02.1.BankAccounMethods", "02.1.BankAccounMethods", "{AB7252DE-F0C6-4592-AF19-94CBFD33E701}"
EndProject
Project("{9A19103F-16F7-4668-BE54-9A1E7A4F7556}") = "BankAccountMethods", "Lab\02.1.BankAccountMethods\BankAccountMethods\BankAccountMethods.csproj", "{21DCD681-7BE0-4189-904F-D36EBB8A5A3B}"
EndProject
Project("{2150E333-8FDC-42A3-9474-1A3956D46DE8}") = "03.1.TestClient", "03.1.TestClient", "{7F9C7D34-EEC1-4FC0-837D-C495B20A1C86}"
EndProject
Project("{9A19103F-16F7-4668-BE54-9A1E7A4F7556}") = "TestClient", "Lab\03.1.TestClient\TestClient\TestClient.csproj", "{DC8B4662-CF8A-4145-AE35-C4E82772826C}"
EndProject
Project("{2150E333-8FDC-42A3-9474-1A3956D46DE8}") = "04.1.PersonClass", "04.1.PersonClass", "{F9C1650C-BAD3-445A-8D7C-027D22CF3F31}"
EndProject
Project("{9A19103F-16F7-4668-BE54-9A1E7A4F7556}") = "PersonClass", "Lab\04.1.PersonClass\PersonClass\PersonClass.csproj", "{25773F7E-6A8E-478B-9709-B16FF24ABEDB}"
EndProject
Project("{2150E333-8FDC-42A3-9474-1A3956D46DE8}") = "Exercises", "Exercises", "{A19FCA0C-B2F4-4CF9-983B-57C31F7F1287}"
EndProject
Project("{2150E333-8FDC-42A3-9474-1A3956D46DE8}") = "01.1.DefineAClassPerson", "01.1.DefineAClassPerson", "{43FC3719-2542-44DF-813F-490F44295658}"
EndProject
Project("{9A19103F-16F7-4668-BE54-9A1E7A4F7556}") = "DefiningClasses", "Exercises\01.1.DefineAClassPerson\DefineClassPerson\DefiningClasses.csproj", "{62DA9431-F7BB-4DE6-8EE7-1B46422C647F}"
EndProject
Project("{2150E333-8FDC-42A3-9474-1A3956D46DE8}") = "02.1.CreatingConstrucors", "02.1.CreatingConstrucors", "{F5BAE9D4-E5CB-41CB-B2A2-BCCC8506DBB3}"
EndProject
Project("{9A19103F-16F7-4668-BE54-9A1E7A4F7556}") = "DefiningClasses", "Exercises\02.1.CreatingConstructors\CreatingConstructors\DefiningClasses.csproj", "{F27E1F57-A4F3-4554-A585-3489CEA63013}"
EndProject
Project("{2150E333-8FDC-42A3-9474-1A3956D46DE8}") = "03.1.OldestFamilyMember", "03.1.OldestFamilyMember", "{8B60861E-4592-4BC5-8245-526B66CB24BD}"
EndProject
Project("{9A19103F-16F7-4668-BE54-9A1E7A4F7556}") = "OldestFamilyMember", "Exercises\03.1.OldestFamilyMember\OldestFamilyMember\OldestFamilyMember.csproj", "{17B2E4FE-5F29-4549-8496-66CBD988F007}"
EndProject
Project("{2150E333-8FDC-42A3-9474-1A3956D46DE8}") = "04.1.OpinionPoll", "04.1.OpinionPoll", "{523E16F0-E9CE-41AB-A247-2F76BA7F8C59}"
EndProject
Project("{9A19103F-16F7-4668-BE54-9A1E7A4F7556}") = "OpinionPoll", "Exercises\04.1.OpinionPoll\OpinionPoll\OpinionPoll.csproj", "{B61A6C07-7F23-4B21-9210-34557AEE2F3C}"
EndProject
Project("{2150E333-8FDC-42A3-9474-1A3956D46DE8}") = "05.1.DateModifier", "05.1.DateModifier", "{4DAF1559-A9C2-44FB-869C-D54E842A937B}"
EndProject
Project("{9A19103F-16F7-4668-BE54-9A1E7A4F7556}") = "DateModifier", "Exercises\05.1.DateModifier\DateModifier\DateModifier.csproj", "{35C157DA-2753-4941-B6A0-3F25637E8C6F}"
EndProject
Project("{2150E333-8FDC-42A3-9474-1A3956D46DE8}") = "06.1.CompanyRoster", "06.1.CompanyRoster", "{3483C74C-765F-4D12-A2FD-A18D4046AFD8}"
EndProject
Project("{9A19103F-16F7-4668-BE54-9A1E7A4F7556}") = "CompanyRoster", "Exercises\06.1.CompanyRoster\CompanyRoster\CompanyRoster.csproj", "{68047203-708D-41F3-9671-5F80243FD0B1}"
EndProject
Project("{2150E333-8FDC-42A3-9474-1A3956D46DE8}") = "07.1.SpeedRacing", "07.1.SpeedRacing", "{825AF528-4596-47C7-AC4B-9CF24ED976CC}"
EndProject
Project("{9A19103F-16F7-4668-BE54-9A1E7A4F7556}") = "SpeedRace", "Exercises\07.1.SpeedRacing\SpeedRace\SpeedRace.csproj", "{44846764-E53A-4988-8435-E164FD66824B}"
EndProject
Project("{2150E333-8FDC-42A3-9474-1A3956D46DE8}") = "08.1.RawData", "08.1.RawData", "{EA7C68E6-CDC3-4DAA-A3C9-D65F0E7E88F2}"
EndProject
Project("{9A19103F-16F7-4668-BE54-9A1E7A4F7556}") = "RawData", "Exercises\08.1.RawData\RawData\RawData.csproj", "{A952E6A5-AB83-40A7-807D-34BFDE6BF2FE}"
EndProject
Project("{2150E333-8FDC-42A3-9474-1A3956D46DE8}") = "09.1.RectangleIntersection", "09.1.RectangleIntersection", "{0B6D99D1-7DAE-4798-9E2C-17A4CF87850B}"
EndProject
Project("{9A19103F-16F7-4668-BE54-9A1E7A4F7556}") = "RectangIntersection", "Exercises\09.1.RectangleIntersection\RecangIntersection\RectangIntersection.csproj", "{9A90A78B-A3FA-46AF-860A-7DCADF96F1DC}"
EndProject
Project("{2150E333-8FDC-42A3-9474-1A3956D46DE8}") = "10.1.CarSalesman", "10.1.CarSalesman", "{DD9331D4-51B9-43F3-BFC1-BA896935E314}"
EndProject
Project("{9A19103F-16F7-4668-BE54-9A1E7A4F7556}") = "CarSalesman", "Exercises\10.1.CarSalesman\CarSalesman\CarSalesman.csproj", "{90EDF06F-AC99-4E45-A7FA-E1CCFDDE15F1}"
EndProject
Project("{2150E333-8FDC-42A3-9474-1A3956D46DE8}") = "11.1.PokemonTrainer", "11.1.PokemonTrainer", "{C972E766-7751-4066-A224-13B74EBFBD24}"
EndProject
Project("{9A19103F-16F7-4668-BE54-9A1E7A4F7556}") = "PokemonTrainer", "Exercises\11.1.PokemonTrainer\PokemonTrainer\PokemonTrainer.csproj", "{7006B18C-66C5-47EB-B572-F2CC8FFF56C7}"
EndProject
Project("{2150E333-8FDC-42A3-9474-1A3956D46DE8}") = "12.1.Google", "12.1.Google", "{DBFA59C1-D004-42B9-AD06-3B7288CA37EE}"
EndProject
Project("{FAE04EC0-301F-11D3-BF4B-00C04F79EFBC}") = "Google", "Exercises\12.1.Google\Google\Google.csproj", "{FBA8C273-6E33-4568-9AF4-2468845850ED}"
EndProject
Project("{2150E333-8FDC-42A3-9474-1A3956D46DE8}") = "13.1.FamilyTree", "13.1.FamilyTree", "{BD7BB1F8-9CB5-4E36-ACDB-7AD4A26761A9}"
EndProject
Project("{FAE04EC0-301F-11D3-BF4B-00C04F79EFBC}") = "FamilyTree", "Exercises\13.1.FamilyTree\FamilyTree\FamilyTree.csproj", "{4A0A146A-570E-4FDC-8F5C-C75B7728D045}"
EndProject
Global
	GlobalSection(SolutionConfigurationPlatforms) = preSolution
		Debug|Any CPU = Debug|Any CPU
		Release|Any CPU = Release|Any CPU
	EndGlobalSection
	GlobalSection(ProjectConfigurationPlatforms) = postSolution
		{DE4DDA00-8E16-4AEC-A1D0-132D77745B89}.Debug|Any CPU.ActiveCfg = Debug|Any CPU
		{DE4DDA00-8E16-4AEC-A1D0-132D77745B89}.Debug|Any CPU.Build.0 = Debug|Any CPU
		{DE4DDA00-8E16-4AEC-A1D0-132D77745B89}.Release|Any CPU.ActiveCfg = Release|Any CPU
		{DE4DDA00-8E16-4AEC-A1D0-132D77745B89}.Release|Any CPU.Build.0 = Release|Any CPU
		{21DCD681-7BE0-4189-904F-D36EBB8A5A3B}.Debug|Any CPU.ActiveCfg = Debug|Any CPU
		{21DCD681-7BE0-4189-904F-D36EBB8A5A3B}.Debug|Any CPU.Build.0 = Debug|Any CPU
		{21DCD681-7BE0-4189-904F-D36EBB8A5A3B}.Release|Any CPU.ActiveCfg = Release|Any CPU
		{21DCD681-7BE0-4189-904F-D36EBB8A5A3B}.Release|Any CPU.Build.0 = Release|Any CPU
		{DC8B4662-CF8A-4145-AE35-C4E82772826C}.Debug|Any CPU.ActiveCfg = Debug|Any CPU
		{DC8B4662-CF8A-4145-AE35-C4E82772826C}.Debug|Any CPU.Build.0 = Debug|Any CPU
		{DC8B4662-CF8A-4145-AE35-C4E82772826C}.Release|Any CPU.ActiveCfg = Release|Any CPU
		{DC8B4662-CF8A-4145-AE35-C4E82772826C}.Release|Any CPU.Build.0 = Release|Any CPU
		{25773F7E-6A8E-478B-9709-B16FF24ABEDB}.Debug|Any CPU.ActiveCfg = Debug|Any CPU
		{25773F7E-6A8E-478B-9709-B16FF24ABEDB}.Debug|Any CPU.Build.0 = Debug|Any CPU
		{25773F7E-6A8E-478B-9709-B16FF24ABEDB}.Release|Any CPU.ActiveCfg = Release|Any CPU
		{25773F7E-6A8E-478B-9709-B16FF24ABEDB}.Release|Any CPU.Build.0 = Release|Any CPU
		{62DA9431-F7BB-4DE6-8EE7-1B46422C647F}.Debug|Any CPU.ActiveCfg = Debug|Any CPU
		{62DA9431-F7BB-4DE6-8EE7-1B46422C647F}.Debug|Any CPU.Build.0 = Debug|Any CPU
		{62DA9431-F7BB-4DE6-8EE7-1B46422C647F}.Release|Any CPU.ActiveCfg = Release|Any CPU
		{62DA9431-F7BB-4DE6-8EE7-1B46422C647F}.Release|Any CPU.Build.0 = Release|Any CPU
		{F27E1F57-A4F3-4554-A585-3489CEA63013}.Debug|Any CPU.ActiveCfg = Debug|Any CPU
		{F27E1F57-A4F3-4554-A585-3489CEA63013}.Debug|Any CPU.Build.0 = Debug|Any CPU
		{F27E1F57-A4F3-4554-A585-3489CEA63013}.Release|Any CPU.ActiveCfg = Release|Any CPU
		{F27E1F57-A4F3-4554-A585-3489CEA63013}.Release|Any CPU.Build.0 = Release|Any CPU
		{17B2E4FE-5F29-4549-8496-66CBD988F007}.Debug|Any CPU.ActiveCfg = Debug|Any CPU
		{17B2E4FE-5F29-4549-8496-66CBD988F007}.Debug|Any CPU.Build.0 = Debug|Any CPU
		{17B2E4FE-5F29-4549-8496-66CBD988F007}.Release|Any CPU.ActiveCfg = Release|Any CPU
		{17B2E4FE-5F29-4549-8496-66CBD988F007}.Release|Any CPU.Build.0 = Release|Any CPU
		{B61A6C07-7F23-4B21-9210-34557AEE2F3C}.Debug|Any CPU.ActiveCfg = Debug|Any CPU
		{B61A6C07-7F23-4B21-9210-34557AEE2F3C}.Debug|Any CPU.Build.0 = Debug|Any CPU
		{B61A6C07-7F23-4B21-9210-34557AEE2F3C}.Release|Any CPU.ActiveCfg = Release|Any CPU
		{B61A6C07-7F23-4B21-9210-34557AEE2F3C}.Release|Any CPU.Build.0 = Release|Any CPU
		{35C157DA-2753-4941-B6A0-3F25637E8C6F}.Debug|Any CPU.ActiveCfg = Debug|Any CPU
		{35C157DA-2753-4941-B6A0-3F25637E8C6F}.Debug|Any CPU.Build.0 = Debug|Any CPU
		{35C157DA-2753-4941-B6A0-3F25637E8C6F}.Release|Any CPU.ActiveCfg = Release|Any CPU
		{35C157DA-2753-4941-B6A0-3F25637E8C6F}.Release|Any CPU.Build.0 = Release|Any CPU
		{68047203-708D-41F3-9671-5F80243FD0B1}.Debug|Any CPU.ActiveCfg = Debug|Any CPU
		{68047203-708D-41F3-9671-5F80243FD0B1}.Debug|Any CPU.Build.0 = Debug|Any CPU
		{68047203-708D-41F3-9671-5F80243FD0B1}.Release|Any CPU.ActiveCfg = Release|Any CPU
		{68047203-708D-41F3-9671-5F80243FD0B1}.Release|Any CPU.Build.0 = Release|Any CPU
		{44846764-E53A-4988-8435-E164FD66824B}.Debug|Any CPU.ActiveCfg = Debug|Any CPU
		{44846764-E53A-4988-8435-E164FD66824B}.Debug|Any CPU.Build.0 = Debug|Any CPU
		{44846764-E53A-4988-8435-E164FD66824B}.Release|Any CPU.ActiveCfg = Release|Any CPU
		{44846764-E53A-4988-8435-E164FD66824B}.Release|Any CPU.Build.0 = Release|Any CPU
		{A952E6A5-AB83-40A7-807D-34BFDE6BF2FE}.Debug|Any CPU.ActiveCfg = Debug|Any CPU
		{A952E6A5-AB83-40A7-807D-34BFDE6BF2FE}.Debug|Any CPU.Build.0 = Debug|Any CPU
		{A952E6A5-AB83-40A7-807D-34BFDE6BF2FE}.Release|Any CPU.ActiveCfg = Release|Any CPU
		{A952E6A5-AB83-40A7-807D-34BFDE6BF2FE}.Release|Any CPU.Build.0 = Release|Any CPU
		{9A90A78B-A3FA-46AF-860A-7DCADF96F1DC}.Debug|Any CPU.ActiveCfg = Debug|Any CPU
		{9A90A78B-A3FA-46AF-860A-7DCADF96F1DC}.Debug|Any CPU.Build.0 = Debug|Any CPU
		{9A90A78B-A3FA-46AF-860A-7DCADF96F1DC}.Release|Any CPU.ActiveCfg = Release|Any CPU
		{9A90A78B-A3FA-46AF-860A-7DCADF96F1DC}.Release|Any CPU.Build.0 = Release|Any CPU
		{90EDF06F-AC99-4E45-A7FA-E1CCFDDE15F1}.Debug|Any CPU.ActiveCfg = Debug|Any CPU
		{90EDF06F-AC99-4E45-A7FA-E1CCFDDE15F1}.Debug|Any CPU.Build.0 = Debug|Any CPU
		{90EDF06F-AC99-4E45-A7FA-E1CCFDDE15F1}.Release|Any CPU.ActiveCfg = Release|Any CPU
		{90EDF06F-AC99-4E45-A7FA-E1CCFDDE15F1}.Release|Any CPU.Build.0 = Release|Any CPU
		{7006B18C-66C5-47EB-B572-F2CC8FFF56C7}.Debug|Any CPU.ActiveCfg = Debug|Any CPU
		{7006B18C-66C5-47EB-B572-F2CC8FFF56C7}.Debug|Any CPU.Build.0 = Debug|Any CPU
		{7006B18C-66C5-47EB-B572-F2CC8FFF56C7}.Release|Any CPU.ActiveCfg = Release|Any CPU
		{7006B18C-66C5-47EB-B572-F2CC8FFF56C7}.Release|Any CPU.Build.0 = Release|Any CPU
		{FBA8C273-6E33-4568-9AF4-2468845850ED}.Debug|Any CPU.ActiveCfg = Debug|Any CPU
		{FBA8C273-6E33-4568-9AF4-2468845850ED}.Debug|Any CPU.Build.0 = Debug|Any CPU
		{FBA8C273-6E33-4568-9AF4-2468845850ED}.Release|Any CPU.ActiveCfg = Release|Any CPU
		{FBA8C273-6E33-4568-9AF4-2468845850ED}.Release|Any CPU.Build.0 = Release|Any CPU
		{4A0A146A-570E-4FDC-8F5C-C75B7728D045}.Debug|Any CPU.ActiveCfg = Debug|Any CPU
		{4A0A146A-570E-4FDC-8F5C-C75B7728D045}.Debug|Any CPU.Build.0 = Debug|Any CPU
		{4A0A146A-570E-4FDC-8F5C-C75B7728D045}.Release|Any CPU.ActiveCfg = Release|Any CPU
		{4A0A146A-570E-4FDC-8F5C-C75B7728D045}.Release|Any CPU.Build.0 = Release|Any CPU
	EndGlobalSection
	GlobalSection(SolutionProperties) = preSolution
		HideSolutionNode = FALSE
	EndGlobalSection
	GlobalSection(NestedProjects) = preSolution
		{DE4DDA00-8E16-4AEC-A1D0-132D77745B89} = {B4DCD7BF-9479-46A5-BD46-A381B0242ABD}
		{B4DCD7BF-9479-46A5-BD46-A381B0242ABD} = {D86B01FA-4779-45FB-BFDE-740C76E5A7ED}
		{AB7252DE-F0C6-4592-AF19-94CBFD33E701} = {D86B01FA-4779-45FB-BFDE-740C76E5A7ED}
		{21DCD681-7BE0-4189-904F-D36EBB8A5A3B} = {AB7252DE-F0C6-4592-AF19-94CBFD33E701}
		{7F9C7D34-EEC1-4FC0-837D-C495B20A1C86} = {D86B01FA-4779-45FB-BFDE-740C76E5A7ED}
		{DC8B4662-CF8A-4145-AE35-C4E82772826C} = {7F9C7D34-EEC1-4FC0-837D-C495B20A1C86}
		{F9C1650C-BAD3-445A-8D7C-027D22CF3F31} = {D86B01FA-4779-45FB-BFDE-740C76E5A7ED}
		{25773F7E-6A8E-478B-9709-B16FF24ABEDB} = {F9C1650C-BAD3-445A-8D7C-027D22CF3F31}
		{43FC3719-2542-44DF-813F-490F44295658} = {A19FCA0C-B2F4-4CF9-983B-57C31F7F1287}
		{62DA9431-F7BB-4DE6-8EE7-1B46422C647F} = {43FC3719-2542-44DF-813F-490F44295658}
		{F5BAE9D4-E5CB-41CB-B2A2-BCCC8506DBB3} = {A19FCA0C-B2F4-4CF9-983B-57C31F7F1287}
		{F27E1F57-A4F3-4554-A585-3489CEA63013} = {F5BAE9D4-E5CB-41CB-B2A2-BCCC8506DBB3}
		{8B60861E-4592-4BC5-8245-526B66CB24BD} = {A19FCA0C-B2F4-4CF9-983B-57C31F7F1287}
		{17B2E4FE-5F29-4549-8496-66CBD988F007} = {8B60861E-4592-4BC5-8245-526B66CB24BD}
		{523E16F0-E9CE-41AB-A247-2F76BA7F8C59} = {A19FCA0C-B2F4-4CF9-983B-57C31F7F1287}
		{B61A6C07-7F23-4B21-9210-34557AEE2F3C} = {523E16F0-E9CE-41AB-A247-2F76BA7F8C59}
		{4DAF1559-A9C2-44FB-869C-D54E842A937B} = {A19FCA0C-B2F4-4CF9-983B-57C31F7F1287}
		{35C157DA-2753-4941-B6A0-3F25637E8C6F} = {4DAF1559-A9C2-44FB-869C-D54E842A937B}
		{3483C74C-765F-4D12-A2FD-A18D4046AFD8} = {A19FCA0C-B2F4-4CF9-983B-57C31F7F1287}
		{68047203-708D-41F3-9671-5F80243FD0B1} = {3483C74C-765F-4D12-A2FD-A18D4046AFD8}
		{825AF528-4596-47C7-AC4B-9CF24ED976CC} = {A19FCA0C-B2F4-4CF9-983B-57C31F7F1287}
		{44846764-E53A-4988-8435-E164FD66824B} = {825AF528-4596-47C7-AC4B-9CF24ED976CC}
		{EA7C68E6-CDC3-4DAA-A3C9-D65F0E7E88F2} = {A19FCA0C-B2F4-4CF9-983B-57C31F7F1287}
		{A952E6A5-AB83-40A7-807D-34BFDE6BF2FE} = {EA7C68E6-CDC3-4DAA-A3C9-D65F0E7E88F2}
		{0B6D99D1-7DAE-4798-9E2C-17A4CF87850B} = {A19FCA0C-B2F4-4CF9-983B-57C31F7F1287}
		{9A90A78B-A3FA-46AF-860A-7DCADF96F1DC} = {0B6D99D1-7DAE-4798-9E2C-17A4CF87850B}
		{DD9331D4-51B9-43F3-BFC1-BA896935E314} = {A19FCA0C-B2F4-4CF9-983B-57C31F7F1287}
		{90EDF06F-AC99-4E45-A7FA-E1CCFDDE15F1} = {DD9331D4-51B9-43F3-BFC1-BA896935E314}
		{C972E766-7751-4066-A224-13B74EBFBD24} = {A19FCA0C-B2F4-4CF9-983B-57C31F7F1287}
		{7006B18C-66C5-47EB-B572-F2CC8FFF56C7} = {C972E766-7751-4066-A224-13B74EBFBD24}
		{DBFA59C1-D004-42B9-AD06-3B7288CA37EE} = {A19FCA0C-B2F4-4CF9-983B-57C31F7F1287}
		{FBA8C273-6E33-4568-9AF4-2468845850ED} = {DBFA59C1-D004-42B9-AD06-3B7288CA37EE}
		{BD7BB1F8-9CB5-4E36-ACDB-7AD4A26761A9} = {A19FCA0C-B2F4-4CF9-983B-57C31F7F1287}
		{4A0A146A-570E-4FDC-8F5C-C75B7728D045} = {BD7BB1F8-9CB5-4E36-ACDB-7AD4A26761A9}
	EndGlobalSection
	GlobalSection(ExtensibilityGlobals) = postSolution
		SolutionGuid = {30505273-1661-485B-B2FE-999D058D2ABC}
	EndGlobalSection
EndGlobal
