
Microsoft Visual Studio Solution File, Format Version 12.00
# Visual Studio 15
VisualStudioVersion = 15.0.27703.2018
MinimumVisualStudioVersion = 10.0.40219.1
Project("{9A19103F-16F7-4668-BE54-9A1E7A4F7556}") = "01-Phonebook", "Exercises\01-Phonebook\01-Phonebook.csproj", "{059092F6-6F3E-499C-9991-E63FF0F14C7D}"
EndProject
Project("{2150E333-8FDC-42A3-9474-1A3956D46DE8}") = "Exercises", "Exercises", "{7360379D-67A9-42B6-82EC-75D2D7110514}"
EndProject
Project("{2150E333-8FDC-42A3-9474-1A3956D46DE8}") = "Lab", "Lab", "{2899A2AB-1F53-4901-A21C-8C9AD974B46E}"
EndProject
Project("{9A19103F-16F7-4668-BE54-9A1E7A4F7556}") = "02-PhonebookUpgrade", "Exercises\02-PhonebookUpgrade\02-PhonebookUpgrade.csproj", "{84377346-F732-4751-B15F-F23BC377CE6E}"
EndProject
Project("{9A19103F-16F7-4668-BE54-9A1E7A4F7556}") = "03-MinerTasks", "Exercises\03-MinerTasks\03-MinerTasks.csproj", "{8E256393-7A77-4E75-940B-6D70E7B75966}"
EndProject
Project("{9A19103F-16F7-4668-BE54-9A1E7A4F7556}") = "04-FixEmails", "Exercises\04-FixEmails\04-FixEmails.csproj", "{0DEE57DB-BA26-4390-9CDE-E0AA32015617}"
EndProject
Project("{9A19103F-16F7-4668-BE54-9A1E7A4F7556}") = "05-HandsOfCards", "Exercises\05-HandsOfCards\05-HandsOfCards.csproj", "{0F4A71BF-9B83-4ECC-9AAC-9E7F3770F962}"
EndProject
Project("{9A19103F-16F7-4668-BE54-9A1E7A4F7556}") = "06-UserLogs", "Exercises\06-UserLogs\06-UserLogs.csproj", "{EB19B4D7-A571-445A-8836-2BFDF4B5E80C}"
EndProject
Project("{9A19103F-16F7-4668-BE54-9A1E7A4F7556}") = "07-PopulationCounter", "Exercises\07-PopulationCounter\07-PopulationCounter.csproj", "{7E35D698-42F9-4090-97E9-A0F56AAC7FB9}"
EndProject
Project("{9A19103F-16F7-4668-BE54-9A1E7A4F7556}") = "08-LogsAgregator", "Exercises\08-LogsAgregator\08-LogsAgregator.csproj", "{EC537C11-017D-4A32-8D2E-F5CB6CD80AC0}"
EndProject
Project("{9A19103F-16F7-4668-BE54-9A1E7A4F7556}") = "09-LegendaryFarming", "Exercises\09-LegendaryFarming\09-LegendaryFarming.csproj", "{AA47843C-FB9D-40D4-8138-901E00F566DB}"
EndProject
Project("{9A19103F-16F7-4668-BE54-9A1E7A4F7556}") = "10-SerbianUnleashed", "Exercises\10-SerbianUnleashed\10-SerbianUnleashed.csproj", "{DBD1F61D-D8C7-420C-AA72-68983B978EF3}"
EndProject
Project("{9A19103F-16F7-4668-BE54-9A1E7A4F7556}") = "11-DragonArmy", "Exercises\11-DragonArmy\11-DragonArmy.csproj", "{EEBCC79E-FFCA-46DB-B6BE-044A4E93AECE}"
EndProject
Project("{9A19103F-16F7-4668-BE54-9A1E7A4F7556}") = "01-CountRealNumbers", "Lab\01-CountRealNumbers\01-CountRealNumbers.csproj", "{4091461A-286B-477A-ADC6-6DBE471902FA}"
EndProject
Project("{9A19103F-16F7-4668-BE54-9A1E7A4F7556}") = "02-OddOccurence", "Lab\02-OddOccurence\02-OddOccurence.csproj", "{122A4CD7-2D9E-41F3-8F35-E6B361787EB3}"
EndProject
Project("{9A19103F-16F7-4668-BE54-9A1E7A4F7556}") = "03-MinMaxAverageSum", "Lab\03-MinMaxAverageSum\03-MinMaxAverageSum.csproj", "{98CB9166-A24E-43AA-9053-A537633442A5}"
EndProject
Project("{9A19103F-16F7-4668-BE54-9A1E7A4F7556}") = "04-Largest3Numbers", "Lab\04-Largest3Numbers\04-Largest3Numbers.csproj", "{5403F583-5E95-4211-AE61-BA758E89E485}"
EndProject
Project("{9A19103F-16F7-4668-BE54-9A1E7A4F7556}") = "05-ShortWordsSorted", "Lab\05-ShortWordsSorted\05-ShortWordsSorted.csproj", "{00AD451B-307A-4AD5-BA2C-A178F6BA594B}"
EndProject
Project("{9A19103F-16F7-4668-BE54-9A1E7A4F7556}") = "06-FoldAndSum", "Lab\06-FoldAndSum\06-FoldAndSum.csproj", "{53F366CE-45F1-444F-97C1-A6BFD66D23A9}"
EndProject
Global
	GlobalSection(SolutionConfigurationPlatforms) = preSolution
		Debug|Any CPU = Debug|Any CPU
		Release|Any CPU = Release|Any CPU
	EndGlobalSection
	GlobalSection(ProjectConfigurationPlatforms) = postSolution
		{059092F6-6F3E-499C-9991-E63FF0F14C7D}.Debug|Any CPU.ActiveCfg = Debug|Any CPU
		{059092F6-6F3E-499C-9991-E63FF0F14C7D}.Debug|Any CPU.Build.0 = Debug|Any CPU
		{059092F6-6F3E-499C-9991-E63FF0F14C7D}.Release|Any CPU.ActiveCfg = Release|Any CPU
		{059092F6-6F3E-499C-9991-E63FF0F14C7D}.Release|Any CPU.Build.0 = Release|Any CPU
		{84377346-F732-4751-B15F-F23BC377CE6E}.Debug|Any CPU.ActiveCfg = Debug|Any CPU
		{84377346-F732-4751-B15F-F23BC377CE6E}.Debug|Any CPU.Build.0 = Debug|Any CPU
		{84377346-F732-4751-B15F-F23BC377CE6E}.Release|Any CPU.ActiveCfg = Release|Any CPU
		{84377346-F732-4751-B15F-F23BC377CE6E}.Release|Any CPU.Build.0 = Release|Any CPU
		{8E256393-7A77-4E75-940B-6D70E7B75966}.Debug|Any CPU.ActiveCfg = Debug|Any CPU
		{8E256393-7A77-4E75-940B-6D70E7B75966}.Debug|Any CPU.Build.0 = Debug|Any CPU
		{8E256393-7A77-4E75-940B-6D70E7B75966}.Release|Any CPU.ActiveCfg = Release|Any CPU
		{8E256393-7A77-4E75-940B-6D70E7B75966}.Release|Any CPU.Build.0 = Release|Any CPU
		{0DEE57DB-BA26-4390-9CDE-E0AA32015617}.Debug|Any CPU.ActiveCfg = Debug|Any CPU
		{0DEE57DB-BA26-4390-9CDE-E0AA32015617}.Debug|Any CPU.Build.0 = Debug|Any CPU
		{0DEE57DB-BA26-4390-9CDE-E0AA32015617}.Release|Any CPU.ActiveCfg = Release|Any CPU
		{0DEE57DB-BA26-4390-9CDE-E0AA32015617}.Release|Any CPU.Build.0 = Release|Any CPU
		{0F4A71BF-9B83-4ECC-9AAC-9E7F3770F962}.Debug|Any CPU.ActiveCfg = Debug|Any CPU
		{0F4A71BF-9B83-4ECC-9AAC-9E7F3770F962}.Debug|Any CPU.Build.0 = Debug|Any CPU
		{0F4A71BF-9B83-4ECC-9AAC-9E7F3770F962}.Release|Any CPU.ActiveCfg = Release|Any CPU
		{0F4A71BF-9B83-4ECC-9AAC-9E7F3770F962}.Release|Any CPU.Build.0 = Release|Any CPU
		{EB19B4D7-A571-445A-8836-2BFDF4B5E80C}.Debug|Any CPU.ActiveCfg = Debug|Any CPU
		{EB19B4D7-A571-445A-8836-2BFDF4B5E80C}.Debug|Any CPU.Build.0 = Debug|Any CPU
		{EB19B4D7-A571-445A-8836-2BFDF4B5E80C}.Release|Any CPU.ActiveCfg = Release|Any CPU
		{EB19B4D7-A571-445A-8836-2BFDF4B5E80C}.Release|Any CPU.Build.0 = Release|Any CPU
		{7E35D698-42F9-4090-97E9-A0F56AAC7FB9}.Debug|Any CPU.ActiveCfg = Debug|Any CPU
		{7E35D698-42F9-4090-97E9-A0F56AAC7FB9}.Debug|Any CPU.Build.0 = Debug|Any CPU
		{7E35D698-42F9-4090-97E9-A0F56AAC7FB9}.Release|Any CPU.ActiveCfg = Release|Any CPU
		{7E35D698-42F9-4090-97E9-A0F56AAC7FB9}.Release|Any CPU.Build.0 = Release|Any CPU
		{EC537C11-017D-4A32-8D2E-F5CB6CD80AC0}.Debug|Any CPU.ActiveCfg = Debug|Any CPU
		{EC537C11-017D-4A32-8D2E-F5CB6CD80AC0}.Debug|Any CPU.Build.0 = Debug|Any CPU
		{EC537C11-017D-4A32-8D2E-F5CB6CD80AC0}.Release|Any CPU.ActiveCfg = Release|Any CPU
		{EC537C11-017D-4A32-8D2E-F5CB6CD80AC0}.Release|Any CPU.Build.0 = Release|Any CPU
		{AA47843C-FB9D-40D4-8138-901E00F566DB}.Debug|Any CPU.ActiveCfg = Debug|Any CPU
		{AA47843C-FB9D-40D4-8138-901E00F566DB}.Debug|Any CPU.Build.0 = Debug|Any CPU
		{AA47843C-FB9D-40D4-8138-901E00F566DB}.Release|Any CPU.ActiveCfg = Release|Any CPU
		{AA47843C-FB9D-40D4-8138-901E00F566DB}.Release|Any CPU.Build.0 = Release|Any CPU
		{DBD1F61D-D8C7-420C-AA72-68983B978EF3}.Debug|Any CPU.ActiveCfg = Debug|Any CPU
		{DBD1F61D-D8C7-420C-AA72-68983B978EF3}.Debug|Any CPU.Build.0 = Debug|Any CPU
		{DBD1F61D-D8C7-420C-AA72-68983B978EF3}.Release|Any CPU.ActiveCfg = Release|Any CPU
		{DBD1F61D-D8C7-420C-AA72-68983B978EF3}.Release|Any CPU.Build.0 = Release|Any CPU
		{EEBCC79E-FFCA-46DB-B6BE-044A4E93AECE}.Debug|Any CPU.ActiveCfg = Debug|Any CPU
		{EEBCC79E-FFCA-46DB-B6BE-044A4E93AECE}.Debug|Any CPU.Build.0 = Debug|Any CPU
		{EEBCC79E-FFCA-46DB-B6BE-044A4E93AECE}.Release|Any CPU.ActiveCfg = Release|Any CPU
		{EEBCC79E-FFCA-46DB-B6BE-044A4E93AECE}.Release|Any CPU.Build.0 = Release|Any CPU
		{4091461A-286B-477A-ADC6-6DBE471902FA}.Debug|Any CPU.ActiveCfg = Debug|Any CPU
		{4091461A-286B-477A-ADC6-6DBE471902FA}.Debug|Any CPU.Build.0 = Debug|Any CPU
		{4091461A-286B-477A-ADC6-6DBE471902FA}.Release|Any CPU.ActiveCfg = Release|Any CPU
		{4091461A-286B-477A-ADC6-6DBE471902FA}.Release|Any CPU.Build.0 = Release|Any CPU
		{122A4CD7-2D9E-41F3-8F35-E6B361787EB3}.Debug|Any CPU.ActiveCfg = Debug|Any CPU
		{122A4CD7-2D9E-41F3-8F35-E6B361787EB3}.Debug|Any CPU.Build.0 = Debug|Any CPU
		{122A4CD7-2D9E-41F3-8F35-E6B361787EB3}.Release|Any CPU.ActiveCfg = Release|Any CPU
		{122A4CD7-2D9E-41F3-8F35-E6B361787EB3}.Release|Any CPU.Build.0 = Release|Any CPU
		{98CB9166-A24E-43AA-9053-A537633442A5}.Debug|Any CPU.ActiveCfg = Debug|Any CPU
		{98CB9166-A24E-43AA-9053-A537633442A5}.Debug|Any CPU.Build.0 = Debug|Any CPU
		{98CB9166-A24E-43AA-9053-A537633442A5}.Release|Any CPU.ActiveCfg = Release|Any CPU
		{98CB9166-A24E-43AA-9053-A537633442A5}.Release|Any CPU.Build.0 = Release|Any CPU
		{5403F583-5E95-4211-AE61-BA758E89E485}.Debug|Any CPU.ActiveCfg = Debug|Any CPU
		{5403F583-5E95-4211-AE61-BA758E89E485}.Debug|Any CPU.Build.0 = Debug|Any CPU
		{5403F583-5E95-4211-AE61-BA758E89E485}.Release|Any CPU.ActiveCfg = Release|Any CPU
		{5403F583-5E95-4211-AE61-BA758E89E485}.Release|Any CPU.Build.0 = Release|Any CPU
		{00AD451B-307A-4AD5-BA2C-A178F6BA594B}.Debug|Any CPU.ActiveCfg = Debug|Any CPU
		{00AD451B-307A-4AD5-BA2C-A178F6BA594B}.Debug|Any CPU.Build.0 = Debug|Any CPU
		{00AD451B-307A-4AD5-BA2C-A178F6BA594B}.Release|Any CPU.ActiveCfg = Release|Any CPU
		{00AD451B-307A-4AD5-BA2C-A178F6BA594B}.Release|Any CPU.Build.0 = Release|Any CPU
		{53F366CE-45F1-444F-97C1-A6BFD66D23A9}.Debug|Any CPU.ActiveCfg = Debug|Any CPU
		{53F366CE-45F1-444F-97C1-A6BFD66D23A9}.Debug|Any CPU.Build.0 = Debug|Any CPU
		{53F366CE-45F1-444F-97C1-A6BFD66D23A9}.Release|Any CPU.ActiveCfg = Release|Any CPU
		{53F366CE-45F1-444F-97C1-A6BFD66D23A9}.Release|Any CPU.Build.0 = Release|Any CPU
	EndGlobalSection
	GlobalSection(SolutionProperties) = preSolution
		HideSolutionNode = FALSE
	EndGlobalSection
	GlobalSection(NestedProjects) = preSolution
		{059092F6-6F3E-499C-9991-E63FF0F14C7D} = {7360379D-67A9-42B6-82EC-75D2D7110514}
		{84377346-F732-4751-B15F-F23BC377CE6E} = {7360379D-67A9-42B6-82EC-75D2D7110514}
		{8E256393-7A77-4E75-940B-6D70E7B75966} = {7360379D-67A9-42B6-82EC-75D2D7110514}
		{0DEE57DB-BA26-4390-9CDE-E0AA32015617} = {7360379D-67A9-42B6-82EC-75D2D7110514}
		{0F4A71BF-9B83-4ECC-9AAC-9E7F3770F962} = {7360379D-67A9-42B6-82EC-75D2D7110514}
		{EB19B4D7-A571-445A-8836-2BFDF4B5E80C} = {7360379D-67A9-42B6-82EC-75D2D7110514}
		{7E35D698-42F9-4090-97E9-A0F56AAC7FB9} = {7360379D-67A9-42B6-82EC-75D2D7110514}
		{EC537C11-017D-4A32-8D2E-F5CB6CD80AC0} = {7360379D-67A9-42B6-82EC-75D2D7110514}
		{AA47843C-FB9D-40D4-8138-901E00F566DB} = {7360379D-67A9-42B6-82EC-75D2D7110514}
		{DBD1F61D-D8C7-420C-AA72-68983B978EF3} = {7360379D-67A9-42B6-82EC-75D2D7110514}
		{EEBCC79E-FFCA-46DB-B6BE-044A4E93AECE} = {7360379D-67A9-42B6-82EC-75D2D7110514}
		{4091461A-286B-477A-ADC6-6DBE471902FA} = {2899A2AB-1F53-4901-A21C-8C9AD974B46E}
		{122A4CD7-2D9E-41F3-8F35-E6B361787EB3} = {2899A2AB-1F53-4901-A21C-8C9AD974B46E}
		{98CB9166-A24E-43AA-9053-A537633442A5} = {2899A2AB-1F53-4901-A21C-8C9AD974B46E}
		{5403F583-5E95-4211-AE61-BA758E89E485} = {2899A2AB-1F53-4901-A21C-8C9AD974B46E}
		{00AD451B-307A-4AD5-BA2C-A178F6BA594B} = {2899A2AB-1F53-4901-A21C-8C9AD974B46E}
		{53F366CE-45F1-444F-97C1-A6BFD66D23A9} = {2899A2AB-1F53-4901-A21C-8C9AD974B46E}
	EndGlobalSection
	GlobalSection(ExtensibilityGlobals) = postSolution
		SolutionGuid = {0202CCB1-F8AA-40A0-AFD8-F6B268ED5A5D}
	EndGlobalSection
EndGlobal
