
Microsoft Visual Studio Solution File, Format Version 12.00
# Visual Studio 15
VisualStudioVersion = 15.0.27703.2000
MinimumVisualStudioVersion = 10.0.40219.1
Project("{2150E333-8FDC-42A3-9474-1A3956D46DE8}") = "Exercises", "Exercises", "{9EC42E4F-7E31-45E4-B87F-CEE5C924B0D4}"
EndProject
Project("{2150E333-8FDC-42A3-9474-1A3956D46DE8}") = "Lab", "Lab", "{55AB5375-0831-45B8-8236-BFCBBA1399EF}"
EndProject
Project("{9A19103F-16F7-4668-BE54-9A1E7A4F7556}") = "01-PracticeIntegers", "Exercises\01-PracticeIntegers\01-PracticeIntegers.csproj", "{4CBD6A1D-A630-4F1E-ABEB-E6539C3F12AE}"
EndProject
Project("{9A19103F-16F7-4668-BE54-9A1E7A4F7556}") = "02-PracticeFloatingPoints", "Exercises\02-PracticeFloatingPoints\02-PracticeFloatingPoints.csproj", "{FD7B02AB-1F3B-45CE-A5F6-A9CB5558D8B5}"
EndProject
Project("{9A19103F-16F7-4668-BE54-9A1E7A4F7556}") = "03-PracticeCharacterAndString", "Exercises\03-PracticeCharacterAndString\03-PracticeCharacterAndString.csproj", "{9D25B889-2150-488C-9AD8-8FC136F322BD}"
EndProject
Project("{9A19103F-16F7-4668-BE54-9A1E7A4F7556}") = "04-VariableInHexFormat", "Exercises\04-VariableInHexFormat\04-VariableInHexFormat.csproj", "{89FCCFEC-0DFC-4B07-A8BA-5FB0C1A1C905}"
EndProject
Project("{9A19103F-16F7-4668-BE54-9A1E7A4F7556}") = "06-StringAndObjects", "Exercises\06-StringAndObjects\06-StringAndObjects.csproj", "{303F46AF-6A83-46F9-858C-43C70D29C436}"
EndProject
Project("{9A19103F-16F7-4668-BE54-9A1E7A4F7556}") = "07-ExchangeVariableValues", "Exercises\07-ExchangeVariableValues\07-ExchangeVariableValues.csproj", "{4930EBD7-598C-493B-B10E-383CE23EA5F3}"
EndProject
Project("{9A19103F-16F7-4668-BE54-9A1E7A4F7556}") = "08-EmployeeData", "Exercises\08-EmployeeData\08-EmployeeData.csproj", "{9C756AB9-A11A-4594-A539-D48E39771630}"
EndProject
Project("{9A19103F-16F7-4668-BE54-9A1E7A4F7556}") = "05-BooleanVarriable", "Exercises\05-BooleanVariable\05-BooleanVarriable.csproj", "{3F9497C9-BADF-4AC9-B498-D17A7EAA8802}"
EndProject
Project("{9A19103F-16F7-4668-BE54-9A1E7A4F7556}") = "09-ReverseChars", "Exercises\09-ReverseChars\09-ReverseChars.csproj", "{85F76003-5059-437B-B51B-2B07FA8991F8}"
EndProject
Project("{9A19103F-16F7-4668-BE54-9A1E7A4F7556}") = "10-CentoriesTonanoseconds", "Exercises\10-CentoriesTonanoseconds\10-CentoriesTonanoseconds.csproj", "{A8A40CEE-E679-4193-A606-1226D145D66B}"
EndProject
Project("{9A19103F-16F7-4668-BE54-9A1E7A4F7556}") = "11-ConverSpeedUnis", "Exercises\11-ConverSpeedUnis\11-ConverSpeedUnis.csproj", "{114A812C-CCAF-4F07-82AC-36C6A02AC377}"
EndProject
Project("{9A19103F-16F7-4668-BE54-9A1E7A4F7556}") = "12-RecangleProperties", "Exercises\12-RectangleProperties\12-RecangleProperties.csproj", "{AA7AAA46-C526-4380-84BC-8BA0744D7B41}"
EndProject
Project("{9A19103F-16F7-4668-BE54-9A1E7A4F7556}") = "13-VowelOrDigit", "Exercises\13-VowelOrDigit\13-VowelOrDigit.csproj", "{1D1A0720-FAFC-48E1-B5B8-BD51EEE549C6}"
EndProject
Project("{9A19103F-16F7-4668-BE54-9A1E7A4F7556}") = "14-IntegerToHexAndBinary", "Exercises\14-IntegerToHexAndBinary\14-IntegerToHexAndBinary.csproj", "{3DABCA6E-6C0B-4A04-8C1B-0D7B62D3D473}"
EndProject
Project("{9A19103F-16F7-4668-BE54-9A1E7A4F7556}") = "15-PrimeChecker", "Exercises\15-FastPrimeChecker\15-PrimeChecker.csproj", "{BB64C8F2-34FA-44EC-B3E0-54B753C26CBC}"
EndProject
Project("{9A19103F-16F7-4668-BE54-9A1E7A4F7556}") = "16-ComparingFloats", "Exercises\16-ComparingFloats\16-ComparingFloats.csproj", "{C9C9B49D-7F2F-4EC8-810D-0B98B8471F3B}"
EndProject
Project("{9A19103F-16F7-4668-BE54-9A1E7A4F7556}") = "17-PrintpartASCII", "Exercises\17-PrintpartASCII\17-PrintpartASCII.csproj", "{988BB7B8-7CC9-49D5-B27C-CAD449BCD98C}"
EndProject
Project("{9A19103F-16F7-4668-BE54-9A1E7A4F7556}") = "18-DifferentIntegerSize", "Exercises\18-DifferentIntegerSize\18-DifferentIntegerSize.csproj", "{2F6BA5E3-D0CD-4B63-A655-D491C51D42E2}"
EndProject
Project("{9A19103F-16F7-4668-BE54-9A1E7A4F7556}") = "19-ТheaThePhotographer", "Exercises\19-TheaThePhotographer\19-ТheaThePhotographer.csproj", "{6DC97838-8C4F-4FA2-9C13-5CDDB6EDB92F}"
EndProject
Project("{9A19103F-16F7-4668-BE54-9A1E7A4F7556}") = "01-CenturiesToMinutes", "Lab\01-CenturiesToMinutes\01-CenturiesToMinutes.csproj", "{4D9BF042-A7B5-465F-9C97-DF9282F0C2D1}"
EndProject
Project("{9A19103F-16F7-4668-BE54-9A1E7A4F7556}") = "02-CircleArea", "Lab\02-CircleArea\02-CircleArea.csproj", "{BC62BF59-0DAF-4D71-8BDC-BDD77339C98E}"
EndProject
Project("{9A19103F-16F7-4668-BE54-9A1E7A4F7556}") = "03-ExactSumOfRealNumbers", "Lab\03-ExactSumOfRealNumbers\03-ExactSumOfRealNumbers.csproj", "{573CA930-4BD4-4F09-AACD-705FAE5EBD9F}"
EndProject
Project("{9A19103F-16F7-4668-BE54-9A1E7A4F7556}") = "04-Elevator", "Lab\04-Elevator\04-Elevator.csproj", "{95CD2631-3CF6-4246-BAC1-585B261F5162}"
EndProject
Project("{9A19103F-16F7-4668-BE54-9A1E7A4F7556}") = "05-SpecialNumber", "Lab\05-SpecialNumber\05-SpecialNumber.csproj", "{9D2650AA-138E-4724-BAE2-6085723DE619}"
EndProject
Project("{9A19103F-16F7-4668-BE54-9A1E7A4F7556}") = "06-TriplesOfLatinLatters", "Lab\06-TriplesOfLatinLatters\06-TriplesOfLatinLatters.csproj", "{D9C5C3E5-ACF4-466F-9CE5-9B50BC9D0737}"
EndProject
Project("{9A19103F-16F7-4668-BE54-9A1E7A4F7556}") = "07-Greeting", "Lab\07-Greeting\07-Greeting.csproj", "{B194B581-E855-4CE1-AF72-C8CB9EA1C426}"
EndProject
Project("{9A19103F-16F7-4668-BE54-9A1E7A4F7556}") = "08-ReactorVolumeOfPyramid", "Lab\08-ReactorVolumeOfPyramid\08-ReactorVolumeOfPyramid.csproj", "{93E3262D-5287-4E1A-BC7A-DB4F6095DE1D}"
EndProject
Project("{9A19103F-16F7-4668-BE54-9A1E7A4F7556}") = "09-RefactorSpecialNumbers", "Lab\09-RefactorSpecialNumbers\09-RefactorSpecialNumbers.csproj", "{F87AE57F-FAEB-4915-8F1D-54B338E13CE8}"
EndProject
Global
	GlobalSection(SolutionConfigurationPlatforms) = preSolution
		Debug|Any CPU = Debug|Any CPU
		Release|Any CPU = Release|Any CPU
	EndGlobalSection
	GlobalSection(ProjectConfigurationPlatforms) = postSolution
		{4CBD6A1D-A630-4F1E-ABEB-E6539C3F12AE}.Debug|Any CPU.ActiveCfg = Debug|Any CPU
		{4CBD6A1D-A630-4F1E-ABEB-E6539C3F12AE}.Debug|Any CPU.Build.0 = Debug|Any CPU
		{4CBD6A1D-A630-4F1E-ABEB-E6539C3F12AE}.Release|Any CPU.ActiveCfg = Release|Any CPU
		{4CBD6A1D-A630-4F1E-ABEB-E6539C3F12AE}.Release|Any CPU.Build.0 = Release|Any CPU
		{FD7B02AB-1F3B-45CE-A5F6-A9CB5558D8B5}.Debug|Any CPU.ActiveCfg = Debug|Any CPU
		{FD7B02AB-1F3B-45CE-A5F6-A9CB5558D8B5}.Debug|Any CPU.Build.0 = Debug|Any CPU
		{FD7B02AB-1F3B-45CE-A5F6-A9CB5558D8B5}.Release|Any CPU.ActiveCfg = Release|Any CPU
		{FD7B02AB-1F3B-45CE-A5F6-A9CB5558D8B5}.Release|Any CPU.Build.0 = Release|Any CPU
		{9D25B889-2150-488C-9AD8-8FC136F322BD}.Debug|Any CPU.ActiveCfg = Debug|Any CPU
		{9D25B889-2150-488C-9AD8-8FC136F322BD}.Debug|Any CPU.Build.0 = Debug|Any CPU
		{9D25B889-2150-488C-9AD8-8FC136F322BD}.Release|Any CPU.ActiveCfg = Release|Any CPU
		{9D25B889-2150-488C-9AD8-8FC136F322BD}.Release|Any CPU.Build.0 = Release|Any CPU
		{89FCCFEC-0DFC-4B07-A8BA-5FB0C1A1C905}.Debug|Any CPU.ActiveCfg = Debug|Any CPU
		{89FCCFEC-0DFC-4B07-A8BA-5FB0C1A1C905}.Debug|Any CPU.Build.0 = Debug|Any CPU
		{89FCCFEC-0DFC-4B07-A8BA-5FB0C1A1C905}.Release|Any CPU.ActiveCfg = Release|Any CPU
		{89FCCFEC-0DFC-4B07-A8BA-5FB0C1A1C905}.Release|Any CPU.Build.0 = Release|Any CPU
		{303F46AF-6A83-46F9-858C-43C70D29C436}.Debug|Any CPU.ActiveCfg = Debug|Any CPU
		{303F46AF-6A83-46F9-858C-43C70D29C436}.Debug|Any CPU.Build.0 = Debug|Any CPU
		{303F46AF-6A83-46F9-858C-43C70D29C436}.Release|Any CPU.ActiveCfg = Release|Any CPU
		{303F46AF-6A83-46F9-858C-43C70D29C436}.Release|Any CPU.Build.0 = Release|Any CPU
		{4930EBD7-598C-493B-B10E-383CE23EA5F3}.Debug|Any CPU.ActiveCfg = Debug|Any CPU
		{4930EBD7-598C-493B-B10E-383CE23EA5F3}.Debug|Any CPU.Build.0 = Debug|Any CPU
		{4930EBD7-598C-493B-B10E-383CE23EA5F3}.Release|Any CPU.ActiveCfg = Release|Any CPU
		{4930EBD7-598C-493B-B10E-383CE23EA5F3}.Release|Any CPU.Build.0 = Release|Any CPU
		{9C756AB9-A11A-4594-A539-D48E39771630}.Debug|Any CPU.ActiveCfg = Debug|Any CPU
		{9C756AB9-A11A-4594-A539-D48E39771630}.Debug|Any CPU.Build.0 = Debug|Any CPU
		{9C756AB9-A11A-4594-A539-D48E39771630}.Release|Any CPU.ActiveCfg = Release|Any CPU
		{9C756AB9-A11A-4594-A539-D48E39771630}.Release|Any CPU.Build.0 = Release|Any CPU
		{3F9497C9-BADF-4AC9-B498-D17A7EAA8802}.Debug|Any CPU.ActiveCfg = Debug|Any CPU
		{3F9497C9-BADF-4AC9-B498-D17A7EAA8802}.Debug|Any CPU.Build.0 = Debug|Any CPU
		{3F9497C9-BADF-4AC9-B498-D17A7EAA8802}.Release|Any CPU.ActiveCfg = Release|Any CPU
		{3F9497C9-BADF-4AC9-B498-D17A7EAA8802}.Release|Any CPU.Build.0 = Release|Any CPU
		{85F76003-5059-437B-B51B-2B07FA8991F8}.Debug|Any CPU.ActiveCfg = Debug|Any CPU
		{85F76003-5059-437B-B51B-2B07FA8991F8}.Debug|Any CPU.Build.0 = Debug|Any CPU
		{85F76003-5059-437B-B51B-2B07FA8991F8}.Release|Any CPU.ActiveCfg = Release|Any CPU
		{85F76003-5059-437B-B51B-2B07FA8991F8}.Release|Any CPU.Build.0 = Release|Any CPU
		{A8A40CEE-E679-4193-A606-1226D145D66B}.Debug|Any CPU.ActiveCfg = Debug|Any CPU
		{A8A40CEE-E679-4193-A606-1226D145D66B}.Debug|Any CPU.Build.0 = Debug|Any CPU
		{A8A40CEE-E679-4193-A606-1226D145D66B}.Release|Any CPU.ActiveCfg = Release|Any CPU
		{A8A40CEE-E679-4193-A606-1226D145D66B}.Release|Any CPU.Build.0 = Release|Any CPU
		{114A812C-CCAF-4F07-82AC-36C6A02AC377}.Debug|Any CPU.ActiveCfg = Debug|Any CPU
		{114A812C-CCAF-4F07-82AC-36C6A02AC377}.Debug|Any CPU.Build.0 = Debug|Any CPU
		{114A812C-CCAF-4F07-82AC-36C6A02AC377}.Release|Any CPU.ActiveCfg = Release|Any CPU
		{114A812C-CCAF-4F07-82AC-36C6A02AC377}.Release|Any CPU.Build.0 = Release|Any CPU
		{AA7AAA46-C526-4380-84BC-8BA0744D7B41}.Debug|Any CPU.ActiveCfg = Debug|Any CPU
		{AA7AAA46-C526-4380-84BC-8BA0744D7B41}.Debug|Any CPU.Build.0 = Debug|Any CPU
		{AA7AAA46-C526-4380-84BC-8BA0744D7B41}.Release|Any CPU.ActiveCfg = Release|Any CPU
		{AA7AAA46-C526-4380-84BC-8BA0744D7B41}.Release|Any CPU.Build.0 = Release|Any CPU
		{1D1A0720-FAFC-48E1-B5B8-BD51EEE549C6}.Debug|Any CPU.ActiveCfg = Debug|Any CPU
		{1D1A0720-FAFC-48E1-B5B8-BD51EEE549C6}.Debug|Any CPU.Build.0 = Debug|Any CPU
		{1D1A0720-FAFC-48E1-B5B8-BD51EEE549C6}.Release|Any CPU.ActiveCfg = Release|Any CPU
		{1D1A0720-FAFC-48E1-B5B8-BD51EEE549C6}.Release|Any CPU.Build.0 = Release|Any CPU
		{3DABCA6E-6C0B-4A04-8C1B-0D7B62D3D473}.Debug|Any CPU.ActiveCfg = Debug|Any CPU
		{3DABCA6E-6C0B-4A04-8C1B-0D7B62D3D473}.Debug|Any CPU.Build.0 = Debug|Any CPU
		{3DABCA6E-6C0B-4A04-8C1B-0D7B62D3D473}.Release|Any CPU.ActiveCfg = Release|Any CPU
		{3DABCA6E-6C0B-4A04-8C1B-0D7B62D3D473}.Release|Any CPU.Build.0 = Release|Any CPU
		{BB64C8F2-34FA-44EC-B3E0-54B753C26CBC}.Debug|Any CPU.ActiveCfg = Debug|Any CPU
		{BB64C8F2-34FA-44EC-B3E0-54B753C26CBC}.Debug|Any CPU.Build.0 = Debug|Any CPU
		{BB64C8F2-34FA-44EC-B3E0-54B753C26CBC}.Release|Any CPU.ActiveCfg = Release|Any CPU
		{BB64C8F2-34FA-44EC-B3E0-54B753C26CBC}.Release|Any CPU.Build.0 = Release|Any CPU
		{C9C9B49D-7F2F-4EC8-810D-0B98B8471F3B}.Debug|Any CPU.ActiveCfg = Debug|Any CPU
		{C9C9B49D-7F2F-4EC8-810D-0B98B8471F3B}.Debug|Any CPU.Build.0 = Debug|Any CPU
		{C9C9B49D-7F2F-4EC8-810D-0B98B8471F3B}.Release|Any CPU.ActiveCfg = Release|Any CPU
		{C9C9B49D-7F2F-4EC8-810D-0B98B8471F3B}.Release|Any CPU.Build.0 = Release|Any CPU
		{988BB7B8-7CC9-49D5-B27C-CAD449BCD98C}.Debug|Any CPU.ActiveCfg = Debug|Any CPU
		{988BB7B8-7CC9-49D5-B27C-CAD449BCD98C}.Debug|Any CPU.Build.0 = Debug|Any CPU
		{988BB7B8-7CC9-49D5-B27C-CAD449BCD98C}.Release|Any CPU.ActiveCfg = Release|Any CPU
		{988BB7B8-7CC9-49D5-B27C-CAD449BCD98C}.Release|Any CPU.Build.0 = Release|Any CPU
		{2F6BA5E3-D0CD-4B63-A655-D491C51D42E2}.Debug|Any CPU.ActiveCfg = Debug|Any CPU
		{2F6BA5E3-D0CD-4B63-A655-D491C51D42E2}.Debug|Any CPU.Build.0 = Debug|Any CPU
		{2F6BA5E3-D0CD-4B63-A655-D491C51D42E2}.Release|Any CPU.ActiveCfg = Release|Any CPU
		{2F6BA5E3-D0CD-4B63-A655-D491C51D42E2}.Release|Any CPU.Build.0 = Release|Any CPU
		{6DC97838-8C4F-4FA2-9C13-5CDDB6EDB92F}.Debug|Any CPU.ActiveCfg = Debug|Any CPU
		{6DC97838-8C4F-4FA2-9C13-5CDDB6EDB92F}.Debug|Any CPU.Build.0 = Debug|Any CPU
		{6DC97838-8C4F-4FA2-9C13-5CDDB6EDB92F}.Release|Any CPU.ActiveCfg = Release|Any CPU
		{6DC97838-8C4F-4FA2-9C13-5CDDB6EDB92F}.Release|Any CPU.Build.0 = Release|Any CPU
		{4D9BF042-A7B5-465F-9C97-DF9282F0C2D1}.Debug|Any CPU.ActiveCfg = Debug|Any CPU
		{4D9BF042-A7B5-465F-9C97-DF9282F0C2D1}.Debug|Any CPU.Build.0 = Debug|Any CPU
		{4D9BF042-A7B5-465F-9C97-DF9282F0C2D1}.Release|Any CPU.ActiveCfg = Release|Any CPU
		{4D9BF042-A7B5-465F-9C97-DF9282F0C2D1}.Release|Any CPU.Build.0 = Release|Any CPU
		{BC62BF59-0DAF-4D71-8BDC-BDD77339C98E}.Debug|Any CPU.ActiveCfg = Debug|Any CPU
		{BC62BF59-0DAF-4D71-8BDC-BDD77339C98E}.Debug|Any CPU.Build.0 = Debug|Any CPU
		{BC62BF59-0DAF-4D71-8BDC-BDD77339C98E}.Release|Any CPU.ActiveCfg = Release|Any CPU
		{BC62BF59-0DAF-4D71-8BDC-BDD77339C98E}.Release|Any CPU.Build.0 = Release|Any CPU
		{573CA930-4BD4-4F09-AACD-705FAE5EBD9F}.Debug|Any CPU.ActiveCfg = Debug|Any CPU
		{573CA930-4BD4-4F09-AACD-705FAE5EBD9F}.Debug|Any CPU.Build.0 = Debug|Any CPU
		{573CA930-4BD4-4F09-AACD-705FAE5EBD9F}.Release|Any CPU.ActiveCfg = Release|Any CPU
		{573CA930-4BD4-4F09-AACD-705FAE5EBD9F}.Release|Any CPU.Build.0 = Release|Any CPU
		{95CD2631-3CF6-4246-BAC1-585B261F5162}.Debug|Any CPU.ActiveCfg = Debug|Any CPU
		{95CD2631-3CF6-4246-BAC1-585B261F5162}.Debug|Any CPU.Build.0 = Debug|Any CPU
		{95CD2631-3CF6-4246-BAC1-585B261F5162}.Release|Any CPU.ActiveCfg = Release|Any CPU
		{95CD2631-3CF6-4246-BAC1-585B261F5162}.Release|Any CPU.Build.0 = Release|Any CPU
		{9D2650AA-138E-4724-BAE2-6085723DE619}.Debug|Any CPU.ActiveCfg = Debug|Any CPU
		{9D2650AA-138E-4724-BAE2-6085723DE619}.Debug|Any CPU.Build.0 = Debug|Any CPU
		{9D2650AA-138E-4724-BAE2-6085723DE619}.Release|Any CPU.ActiveCfg = Release|Any CPU
		{9D2650AA-138E-4724-BAE2-6085723DE619}.Release|Any CPU.Build.0 = Release|Any CPU
		{D9C5C3E5-ACF4-466F-9CE5-9B50BC9D0737}.Debug|Any CPU.ActiveCfg = Debug|Any CPU
		{D9C5C3E5-ACF4-466F-9CE5-9B50BC9D0737}.Debug|Any CPU.Build.0 = Debug|Any CPU
		{D9C5C3E5-ACF4-466F-9CE5-9B50BC9D0737}.Release|Any CPU.ActiveCfg = Release|Any CPU
		{D9C5C3E5-ACF4-466F-9CE5-9B50BC9D0737}.Release|Any CPU.Build.0 = Release|Any CPU
		{B194B581-E855-4CE1-AF72-C8CB9EA1C426}.Debug|Any CPU.ActiveCfg = Debug|Any CPU
		{B194B581-E855-4CE1-AF72-C8CB9EA1C426}.Debug|Any CPU.Build.0 = Debug|Any CPU
		{B194B581-E855-4CE1-AF72-C8CB9EA1C426}.Release|Any CPU.ActiveCfg = Release|Any CPU
		{B194B581-E855-4CE1-AF72-C8CB9EA1C426}.Release|Any CPU.Build.0 = Release|Any CPU
		{93E3262D-5287-4E1A-BC7A-DB4F6095DE1D}.Debug|Any CPU.ActiveCfg = Debug|Any CPU
		{93E3262D-5287-4E1A-BC7A-DB4F6095DE1D}.Debug|Any CPU.Build.0 = Debug|Any CPU
		{93E3262D-5287-4E1A-BC7A-DB4F6095DE1D}.Release|Any CPU.ActiveCfg = Release|Any CPU
		{93E3262D-5287-4E1A-BC7A-DB4F6095DE1D}.Release|Any CPU.Build.0 = Release|Any CPU
		{F87AE57F-FAEB-4915-8F1D-54B338E13CE8}.Debug|Any CPU.ActiveCfg = Debug|Any CPU
		{F87AE57F-FAEB-4915-8F1D-54B338E13CE8}.Debug|Any CPU.Build.0 = Debug|Any CPU
		{F87AE57F-FAEB-4915-8F1D-54B338E13CE8}.Release|Any CPU.ActiveCfg = Release|Any CPU
		{F87AE57F-FAEB-4915-8F1D-54B338E13CE8}.Release|Any CPU.Build.0 = Release|Any CPU
	EndGlobalSection
	GlobalSection(SolutionProperties) = preSolution
		HideSolutionNode = FALSE
	EndGlobalSection
	GlobalSection(NestedProjects) = preSolution
		{4CBD6A1D-A630-4F1E-ABEB-E6539C3F12AE} = {9EC42E4F-7E31-45E4-B87F-CEE5C924B0D4}
		{FD7B02AB-1F3B-45CE-A5F6-A9CB5558D8B5} = {9EC42E4F-7E31-45E4-B87F-CEE5C924B0D4}
		{9D25B889-2150-488C-9AD8-8FC136F322BD} = {9EC42E4F-7E31-45E4-B87F-CEE5C924B0D4}
		{89FCCFEC-0DFC-4B07-A8BA-5FB0C1A1C905} = {9EC42E4F-7E31-45E4-B87F-CEE5C924B0D4}
		{303F46AF-6A83-46F9-858C-43C70D29C436} = {9EC42E4F-7E31-45E4-B87F-CEE5C924B0D4}
		{4930EBD7-598C-493B-B10E-383CE23EA5F3} = {9EC42E4F-7E31-45E4-B87F-CEE5C924B0D4}
		{9C756AB9-A11A-4594-A539-D48E39771630} = {9EC42E4F-7E31-45E4-B87F-CEE5C924B0D4}
		{3F9497C9-BADF-4AC9-B498-D17A7EAA8802} = {9EC42E4F-7E31-45E4-B87F-CEE5C924B0D4}
		{85F76003-5059-437B-B51B-2B07FA8991F8} = {9EC42E4F-7E31-45E4-B87F-CEE5C924B0D4}
		{A8A40CEE-E679-4193-A606-1226D145D66B} = {9EC42E4F-7E31-45E4-B87F-CEE5C924B0D4}
		{114A812C-CCAF-4F07-82AC-36C6A02AC377} = {9EC42E4F-7E31-45E4-B87F-CEE5C924B0D4}
		{AA7AAA46-C526-4380-84BC-8BA0744D7B41} = {9EC42E4F-7E31-45E4-B87F-CEE5C924B0D4}
		{1D1A0720-FAFC-48E1-B5B8-BD51EEE549C6} = {9EC42E4F-7E31-45E4-B87F-CEE5C924B0D4}
		{3DABCA6E-6C0B-4A04-8C1B-0D7B62D3D473} = {9EC42E4F-7E31-45E4-B87F-CEE5C924B0D4}
		{BB64C8F2-34FA-44EC-B3E0-54B753C26CBC} = {9EC42E4F-7E31-45E4-B87F-CEE5C924B0D4}
		{C9C9B49D-7F2F-4EC8-810D-0B98B8471F3B} = {9EC42E4F-7E31-45E4-B87F-CEE5C924B0D4}
		{988BB7B8-7CC9-49D5-B27C-CAD449BCD98C} = {9EC42E4F-7E31-45E4-B87F-CEE5C924B0D4}
		{2F6BA5E3-D0CD-4B63-A655-D491C51D42E2} = {9EC42E4F-7E31-45E4-B87F-CEE5C924B0D4}
		{6DC97838-8C4F-4FA2-9C13-5CDDB6EDB92F} = {9EC42E4F-7E31-45E4-B87F-CEE5C924B0D4}
		{4D9BF042-A7B5-465F-9C97-DF9282F0C2D1} = {55AB5375-0831-45B8-8236-BFCBBA1399EF}
		{BC62BF59-0DAF-4D71-8BDC-BDD77339C98E} = {55AB5375-0831-45B8-8236-BFCBBA1399EF}
		{573CA930-4BD4-4F09-AACD-705FAE5EBD9F} = {55AB5375-0831-45B8-8236-BFCBBA1399EF}
		{95CD2631-3CF6-4246-BAC1-585B261F5162} = {55AB5375-0831-45B8-8236-BFCBBA1399EF}
		{9D2650AA-138E-4724-BAE2-6085723DE619} = {55AB5375-0831-45B8-8236-BFCBBA1399EF}
		{D9C5C3E5-ACF4-466F-9CE5-9B50BC9D0737} = {55AB5375-0831-45B8-8236-BFCBBA1399EF}
		{B194B581-E855-4CE1-AF72-C8CB9EA1C426} = {55AB5375-0831-45B8-8236-BFCBBA1399EF}
		{93E3262D-5287-4E1A-BC7A-DB4F6095DE1D} = {55AB5375-0831-45B8-8236-BFCBBA1399EF}
		{F87AE57F-FAEB-4915-8F1D-54B338E13CE8} = {55AB5375-0831-45B8-8236-BFCBBA1399EF}
	EndGlobalSection
	GlobalSection(ExtensibilityGlobals) = postSolution
		SolutionGuid = {D34E95E7-AEA7-46C0-873E-9E172A67A09E}
	EndGlobalSection
EndGlobal
