
Microsoft Visual Studio Solution File, Format Version 12.00
# Visual Studio 15
VisualStudioVersion = 15.0.27703.2000
MinimumVisualStudioVersion = 10.0.40219.1
Project("{2150E333-8FDC-42A3-9474-1A3956D46DE8}") = "Exercises", "Exercises", "{C61DCC54-59E0-4BD5-A216-D1B5FD699E10}"
EndProject
Project("{2150E333-8FDC-42A3-9474-1A3956D46DE8}") = "Lab", "Lab", "{D60F5CB3-8618-4A95-B30D-B95657E5AD04}"
EndProject
Project("{9A19103F-16F7-4668-BE54-9A1E7A4F7556}") = "01-HelloName", "Exercises\01-HelloName\01-HelloName.csproj", "{5386A7F5-5729-466F-AF06-EFE1330AD467}"
EndProject
Project("{9A19103F-16F7-4668-BE54-9A1E7A4F7556}") = "02-MaxMethod", "Exercises\02-MaxMethod\02-MaxMethod.csproj", "{9228B878-1EEE-4886-90D8-B4E2A17E361A}"
EndProject
Project("{9A19103F-16F7-4668-BE54-9A1E7A4F7556}") = "03-EnglishNameOfTheLastDigit", "Exercises\03-EnglishNameOfTheLastDigit\03-EnglishNameOfTheLastDigit.csproj", "{FBC559C3-D038-4A32-BDB8-3A6FB85C9E80}"
EndProject
Project("{9A19103F-16F7-4668-BE54-9A1E7A4F7556}") = "04-NumberInReversedOrder", "Exercises\04-NumberInReversedOrder\04-NumberInReversedOrder.csproj", "{BE9A2B83-9486-4612-8064-513B81F879F6}"
EndProject
Project("{9A19103F-16F7-4668-BE54-9A1E7A4F7556}") = "05-FibonachiNumbers", "Exercises\05-FibonachiNumbers\05-FibonachiNumbers.csproj", "{75D3A130-5286-495D-939D-4ED9A1A391DE}"
EndProject
Project("{9A19103F-16F7-4668-BE54-9A1E7A4F7556}") = "06-PrimeChecker", "Exercises\06-PrimeChecker\06-PrimeChecker.csproj", "{0FB442A9-07A8-4047-9692-448228E96A8F}"
EndProject
Project("{9A19103F-16F7-4668-BE54-9A1E7A4F7556}") = "07-PrimesInGivenRange", "Exercises\07-PrimesInGivenRange\07-PrimesInGivenRange.csproj", "{822FA15B-4DC8-4A17-911A-7F5E137E7C84}"
EndProject
Project("{9A19103F-16F7-4668-BE54-9A1E7A4F7556}") = "08-CenterPoint", "Exercises\08-CenterPoint\08-CenterPoint.csproj", "{C4E18CD2-DF34-451B-AC17-701590077D1A}"
EndProject
Project("{9A19103F-16F7-4668-BE54-9A1E7A4F7556}") = "09-LongLine", "Exercises\09-LongLine\09-LongLine.csproj", "{50AAC213-9DD8-4D5E-B002-93AC1ABAB99F}"
EndProject
Project("{9A19103F-16F7-4668-BE54-9A1E7A4F7556}") = "10-CubeProperties", "Exercises\10-CubeProperties\10-CubeProperties.csproj", "{4949C9D8-13D4-42E9-A41F-74625030275D}"
EndProject
Project("{9A19103F-16F7-4668-BE54-9A1E7A4F7556}") = "11-GeometryCalculator", "Exercises\11-GeometryCalculator\11-GeometryCalculator.csproj", "{82D20547-4893-444D-A0DB-3122A7169CDE}"
EndProject
Project("{9A19103F-16F7-4668-BE54-9A1E7A4F7556}") = "12-MasterDigit", "Exercises\12-MasterDigit\12-MasterDigit.csproj", "{A2899CDF-3A84-4DD4-9768-783760D87936}"
EndProject
Project("{9A19103F-16F7-4668-BE54-9A1E7A4F7556}") = "13-Factorial", "Exercises\13-Factorial\13-Factorial.csproj", "{3D5CA5B2-765A-4E29-9A6D-4109C69BB0D0}"
EndProject
Project("{9A19103F-16F7-4668-BE54-9A1E7A4F7556}") = "14-TrailingZeros", "Exercises\14-TrailingZeros\14-TrailingZeros.csproj", "{F83647A0-3F04-42FA-A990-B826414E3D80}"
EndProject
Project("{9A19103F-16F7-4668-BE54-9A1E7A4F7556}") = "15-SubString", "Exercises\15-SubString\15-SubString.csproj", "{119B758C-F50F-4D80-A4C1-97053E576419}"
EndProject
Project("{9A19103F-16F7-4668-BE54-9A1E7A4F7556}") = "16-InstructionSet", "Exercises\16-InstructionSet\16-InstructionSet.csproj", "{29C137F1-236F-4FBD-9EB0-FAF4EA66F697}"
EndProject
Project("{9A19103F-16F7-4668-BE54-9A1E7A4F7556}") = "17-1-BePositive", "Exercises\17-1-BePositive\17-1-BePositive.csproj", "{D5B32C9B-521F-4FF2-AEF6-2F4237081687}"
EndProject
Project("{9A19103F-16F7-4668-BE54-9A1E7A4F7556}") = "17-2-BePositive-FrameWork.List", "Exercises\17-2-BePositive-FrameWork.List\17-2-BePositive-FrameWork.List.csproj", "{F9970D4D-AA98-4950-87F8-33EE172A97AA}"
EndProject
Project("{9A19103F-16F7-4668-BE54-9A1E7A4F7556}") = "18-SequenceOfCommands", "Exercises\18-SequenceOfCommands\18-SequenceOfCommands.csproj", "{6ECB7436-CE01-4D20-A74C-4A19637B1DE4}"
EndProject
Project("{9A19103F-16F7-4668-BE54-9A1E7A4F7556}") = "01-BlanReceipt", "Lab\01-BlanReceipt\01-BlanReceipt.csproj", "{556DC501-E5BB-4843-8555-B5BE2FC26CB5}"
EndProject
Project("{9A19103F-16F7-4668-BE54-9A1E7A4F7556}") = "02-SignOfInteger", "Lab\02-SignOfInteger\02-SignOfInteger.csproj", "{CA736225-0C03-4A17-8821-BAD5799159BA}"
EndProject
Project("{9A19103F-16F7-4668-BE54-9A1E7A4F7556}") = "03-PrintingrTriangle", "Lab\03-PrintingrTriangle\03-PrintingrTriangle.csproj", "{37A59BB8-267F-4066-BAAE-8169658370A8}"
EndProject
Project("{9A19103F-16F7-4668-BE54-9A1E7A4F7556}") = "04-DrawAFilledSquare", "Lab\04-DrawAFilledSquare\04-DrawAFilledSquare.csproj", "{4EC65FA5-E1F7-46E7-BF36-96BDAFAFA1F4}"
EndProject
Project("{9A19103F-16F7-4668-BE54-9A1E7A4F7556}") = "05-TemperatureConversion", "Lab\05-TemperatureConversion\05-TemperatureConversion.csproj", "{F931AA43-A353-4535-A398-095908E16A39}"
EndProject
Project("{9A19103F-16F7-4668-BE54-9A1E7A4F7556}") = "06-CalculateTriangleArea", "Lab\06-CalculateTriangleArea\06-CalculateTriangleArea.csproj", "{C00BE7E3-B615-40C1-B4E9-53D1D7B3B1A6}"
EndProject
Project("{9A19103F-16F7-4668-BE54-9A1E7A4F7556}") = "07-MathPower", "Lab\07-MathPower\07-MathPower.csproj", "{D45707C3-89C2-4E76-BABA-8EFE3A8E4D96}"
EndProject
Project("{9A19103F-16F7-4668-BE54-9A1E7A4F7556}") = "08-1-GreaterOfTwoValues", "Lab\08-1-GreaterOfTwoValues\08-1-GreaterOfTwoValues.csproj", "{7F974F9E-2B2E-4D26-A121-43DA90C675D0}"
EndProject
Project("{9A19103F-16F7-4668-BE54-9A1E7A4F7556}") = "08-2-GreaterThanTwoVoidMethods", "Lab\08-2-GreaterThanTwoVoidMethods\08-2-GreaterThanTwoVoidMethods.csproj", "{4CDC052D-B0C5-4549-8E1A-E7C22A7B7EA3}"
EndProject
Project("{9A19103F-16F7-4668-BE54-9A1E7A4F7556}") = "09-MultiplyEvenOdd", "Lab\09-MultiplyEvenOdd\09-MultiplyEvenOdd.csproj", "{BB7CBD32-B8B9-4B2F-B630-BBD2DE17F910}"
EndProject
Project("{9A19103F-16F7-4668-BE54-9A1E7A4F7556}") = "10-HolidaysBetweenTwoDays", "Lab\10-HolidaysBetweenTwoDays\10-HolidaysBetweenTwoDays.csproj", "{36490007-90DA-495C-821E-38CAFB8C2295}"
EndProject
Project("{9A19103F-16F7-4668-BE54-9A1E7A4F7556}") = "11-PriceChangeAlert", "Lab\11-PriceChangeAlert\11-PriceChangeAlert.csproj", "{6C1D450B-4E67-4BAF-A59D-2A649EFC6588}"
EndProject
Global
	GlobalSection(SolutionConfigurationPlatforms) = preSolution
		Debug|Any CPU = Debug|Any CPU
		Release|Any CPU = Release|Any CPU
	EndGlobalSection
	GlobalSection(ProjectConfigurationPlatforms) = postSolution
		{5386A7F5-5729-466F-AF06-EFE1330AD467}.Debug|Any CPU.ActiveCfg = Debug|Any CPU
		{5386A7F5-5729-466F-AF06-EFE1330AD467}.Debug|Any CPU.Build.0 = Debug|Any CPU
		{5386A7F5-5729-466F-AF06-EFE1330AD467}.Release|Any CPU.ActiveCfg = Release|Any CPU
		{5386A7F5-5729-466F-AF06-EFE1330AD467}.Release|Any CPU.Build.0 = Release|Any CPU
		{9228B878-1EEE-4886-90D8-B4E2A17E361A}.Debug|Any CPU.ActiveCfg = Debug|Any CPU
		{9228B878-1EEE-4886-90D8-B4E2A17E361A}.Debug|Any CPU.Build.0 = Debug|Any CPU
		{9228B878-1EEE-4886-90D8-B4E2A17E361A}.Release|Any CPU.ActiveCfg = Release|Any CPU
		{9228B878-1EEE-4886-90D8-B4E2A17E361A}.Release|Any CPU.Build.0 = Release|Any CPU
		{FBC559C3-D038-4A32-BDB8-3A6FB85C9E80}.Debug|Any CPU.ActiveCfg = Debug|Any CPU
		{FBC559C3-D038-4A32-BDB8-3A6FB85C9E80}.Debug|Any CPU.Build.0 = Debug|Any CPU
		{FBC559C3-D038-4A32-BDB8-3A6FB85C9E80}.Release|Any CPU.ActiveCfg = Release|Any CPU
		{FBC559C3-D038-4A32-BDB8-3A6FB85C9E80}.Release|Any CPU.Build.0 = Release|Any CPU
		{BE9A2B83-9486-4612-8064-513B81F879F6}.Debug|Any CPU.ActiveCfg = Debug|Any CPU
		{BE9A2B83-9486-4612-8064-513B81F879F6}.Debug|Any CPU.Build.0 = Debug|Any CPU
		{BE9A2B83-9486-4612-8064-513B81F879F6}.Release|Any CPU.ActiveCfg = Release|Any CPU
		{BE9A2B83-9486-4612-8064-513B81F879F6}.Release|Any CPU.Build.0 = Release|Any CPU
		{75D3A130-5286-495D-939D-4ED9A1A391DE}.Debug|Any CPU.ActiveCfg = Debug|Any CPU
		{75D3A130-5286-495D-939D-4ED9A1A391DE}.Debug|Any CPU.Build.0 = Debug|Any CPU
		{75D3A130-5286-495D-939D-4ED9A1A391DE}.Release|Any CPU.ActiveCfg = Release|Any CPU
		{75D3A130-5286-495D-939D-4ED9A1A391DE}.Release|Any CPU.Build.0 = Release|Any CPU
		{0FB442A9-07A8-4047-9692-448228E96A8F}.Debug|Any CPU.ActiveCfg = Debug|Any CPU
		{0FB442A9-07A8-4047-9692-448228E96A8F}.Debug|Any CPU.Build.0 = Debug|Any CPU
		{0FB442A9-07A8-4047-9692-448228E96A8F}.Release|Any CPU.ActiveCfg = Release|Any CPU
		{0FB442A9-07A8-4047-9692-448228E96A8F}.Release|Any CPU.Build.0 = Release|Any CPU
		{822FA15B-4DC8-4A17-911A-7F5E137E7C84}.Debug|Any CPU.ActiveCfg = Debug|Any CPU
		{822FA15B-4DC8-4A17-911A-7F5E137E7C84}.Debug|Any CPU.Build.0 = Debug|Any CPU
		{822FA15B-4DC8-4A17-911A-7F5E137E7C84}.Release|Any CPU.ActiveCfg = Release|Any CPU
		{822FA15B-4DC8-4A17-911A-7F5E137E7C84}.Release|Any CPU.Build.0 = Release|Any CPU
		{C4E18CD2-DF34-451B-AC17-701590077D1A}.Debug|Any CPU.ActiveCfg = Debug|Any CPU
		{C4E18CD2-DF34-451B-AC17-701590077D1A}.Debug|Any CPU.Build.0 = Debug|Any CPU
		{C4E18CD2-DF34-451B-AC17-701590077D1A}.Release|Any CPU.ActiveCfg = Release|Any CPU
		{C4E18CD2-DF34-451B-AC17-701590077D1A}.Release|Any CPU.Build.0 = Release|Any CPU
		{50AAC213-9DD8-4D5E-B002-93AC1ABAB99F}.Debug|Any CPU.ActiveCfg = Debug|Any CPU
		{50AAC213-9DD8-4D5E-B002-93AC1ABAB99F}.Debug|Any CPU.Build.0 = Debug|Any CPU
		{50AAC213-9DD8-4D5E-B002-93AC1ABAB99F}.Release|Any CPU.ActiveCfg = Release|Any CPU
		{50AAC213-9DD8-4D5E-B002-93AC1ABAB99F}.Release|Any CPU.Build.0 = Release|Any CPU
		{4949C9D8-13D4-42E9-A41F-74625030275D}.Debug|Any CPU.ActiveCfg = Debug|Any CPU
		{4949C9D8-13D4-42E9-A41F-74625030275D}.Debug|Any CPU.Build.0 = Debug|Any CPU
		{4949C9D8-13D4-42E9-A41F-74625030275D}.Release|Any CPU.ActiveCfg = Release|Any CPU
		{4949C9D8-13D4-42E9-A41F-74625030275D}.Release|Any CPU.Build.0 = Release|Any CPU
		{82D20547-4893-444D-A0DB-3122A7169CDE}.Debug|Any CPU.ActiveCfg = Debug|Any CPU
		{82D20547-4893-444D-A0DB-3122A7169CDE}.Debug|Any CPU.Build.0 = Debug|Any CPU
		{82D20547-4893-444D-A0DB-3122A7169CDE}.Release|Any CPU.ActiveCfg = Release|Any CPU
		{82D20547-4893-444D-A0DB-3122A7169CDE}.Release|Any CPU.Build.0 = Release|Any CPU
		{A2899CDF-3A84-4DD4-9768-783760D87936}.Debug|Any CPU.ActiveCfg = Debug|Any CPU
		{A2899CDF-3A84-4DD4-9768-783760D87936}.Debug|Any CPU.Build.0 = Debug|Any CPU
		{A2899CDF-3A84-4DD4-9768-783760D87936}.Release|Any CPU.ActiveCfg = Release|Any CPU
		{A2899CDF-3A84-4DD4-9768-783760D87936}.Release|Any CPU.Build.0 = Release|Any CPU
		{3D5CA5B2-765A-4E29-9A6D-4109C69BB0D0}.Debug|Any CPU.ActiveCfg = Debug|Any CPU
		{3D5CA5B2-765A-4E29-9A6D-4109C69BB0D0}.Debug|Any CPU.Build.0 = Debug|Any CPU
		{3D5CA5B2-765A-4E29-9A6D-4109C69BB0D0}.Release|Any CPU.ActiveCfg = Release|Any CPU
		{3D5CA5B2-765A-4E29-9A6D-4109C69BB0D0}.Release|Any CPU.Build.0 = Release|Any CPU
		{F83647A0-3F04-42FA-A990-B826414E3D80}.Debug|Any CPU.ActiveCfg = Debug|Any CPU
		{F83647A0-3F04-42FA-A990-B826414E3D80}.Debug|Any CPU.Build.0 = Debug|Any CPU
		{F83647A0-3F04-42FA-A990-B826414E3D80}.Release|Any CPU.ActiveCfg = Release|Any CPU
		{F83647A0-3F04-42FA-A990-B826414E3D80}.Release|Any CPU.Build.0 = Release|Any CPU
		{119B758C-F50F-4D80-A4C1-97053E576419}.Debug|Any CPU.ActiveCfg = Debug|Any CPU
		{119B758C-F50F-4D80-A4C1-97053E576419}.Debug|Any CPU.Build.0 = Debug|Any CPU
		{119B758C-F50F-4D80-A4C1-97053E576419}.Release|Any CPU.ActiveCfg = Release|Any CPU
		{119B758C-F50F-4D80-A4C1-97053E576419}.Release|Any CPU.Build.0 = Release|Any CPU
		{29C137F1-236F-4FBD-9EB0-FAF4EA66F697}.Debug|Any CPU.ActiveCfg = Debug|Any CPU
		{29C137F1-236F-4FBD-9EB0-FAF4EA66F697}.Debug|Any CPU.Build.0 = Debug|Any CPU
		{29C137F1-236F-4FBD-9EB0-FAF4EA66F697}.Release|Any CPU.ActiveCfg = Release|Any CPU
		{29C137F1-236F-4FBD-9EB0-FAF4EA66F697}.Release|Any CPU.Build.0 = Release|Any CPU
		{D5B32C9B-521F-4FF2-AEF6-2F4237081687}.Debug|Any CPU.ActiveCfg = Debug|Any CPU
		{D5B32C9B-521F-4FF2-AEF6-2F4237081687}.Debug|Any CPU.Build.0 = Debug|Any CPU
		{D5B32C9B-521F-4FF2-AEF6-2F4237081687}.Release|Any CPU.ActiveCfg = Release|Any CPU
		{D5B32C9B-521F-4FF2-AEF6-2F4237081687}.Release|Any CPU.Build.0 = Release|Any CPU
		{F9970D4D-AA98-4950-87F8-33EE172A97AA}.Debug|Any CPU.ActiveCfg = Debug|Any CPU
		{F9970D4D-AA98-4950-87F8-33EE172A97AA}.Debug|Any CPU.Build.0 = Debug|Any CPU
		{F9970D4D-AA98-4950-87F8-33EE172A97AA}.Release|Any CPU.ActiveCfg = Release|Any CPU
		{F9970D4D-AA98-4950-87F8-33EE172A97AA}.Release|Any CPU.Build.0 = Release|Any CPU
		{6ECB7436-CE01-4D20-A74C-4A19637B1DE4}.Debug|Any CPU.ActiveCfg = Debug|Any CPU
		{6ECB7436-CE01-4D20-A74C-4A19637B1DE4}.Debug|Any CPU.Build.0 = Debug|Any CPU
		{6ECB7436-CE01-4D20-A74C-4A19637B1DE4}.Release|Any CPU.ActiveCfg = Release|Any CPU
		{6ECB7436-CE01-4D20-A74C-4A19637B1DE4}.Release|Any CPU.Build.0 = Release|Any CPU
		{556DC501-E5BB-4843-8555-B5BE2FC26CB5}.Debug|Any CPU.ActiveCfg = Debug|Any CPU
		{556DC501-E5BB-4843-8555-B5BE2FC26CB5}.Debug|Any CPU.Build.0 = Debug|Any CPU
		{556DC501-E5BB-4843-8555-B5BE2FC26CB5}.Release|Any CPU.ActiveCfg = Release|Any CPU
		{556DC501-E5BB-4843-8555-B5BE2FC26CB5}.Release|Any CPU.Build.0 = Release|Any CPU
		{CA736225-0C03-4A17-8821-BAD5799159BA}.Debug|Any CPU.ActiveCfg = Debug|Any CPU
		{CA736225-0C03-4A17-8821-BAD5799159BA}.Debug|Any CPU.Build.0 = Debug|Any CPU
		{CA736225-0C03-4A17-8821-BAD5799159BA}.Release|Any CPU.ActiveCfg = Release|Any CPU
		{CA736225-0C03-4A17-8821-BAD5799159BA}.Release|Any CPU.Build.0 = Release|Any CPU
		{37A59BB8-267F-4066-BAAE-8169658370A8}.Debug|Any CPU.ActiveCfg = Debug|Any CPU
		{37A59BB8-267F-4066-BAAE-8169658370A8}.Debug|Any CPU.Build.0 = Debug|Any CPU
		{37A59BB8-267F-4066-BAAE-8169658370A8}.Release|Any CPU.ActiveCfg = Release|Any CPU
		{37A59BB8-267F-4066-BAAE-8169658370A8}.Release|Any CPU.Build.0 = Release|Any CPU
		{4EC65FA5-E1F7-46E7-BF36-96BDAFAFA1F4}.Debug|Any CPU.ActiveCfg = Debug|Any CPU
		{4EC65FA5-E1F7-46E7-BF36-96BDAFAFA1F4}.Debug|Any CPU.Build.0 = Debug|Any CPU
		{4EC65FA5-E1F7-46E7-BF36-96BDAFAFA1F4}.Release|Any CPU.ActiveCfg = Release|Any CPU
		{4EC65FA5-E1F7-46E7-BF36-96BDAFAFA1F4}.Release|Any CPU.Build.0 = Release|Any CPU
		{F931AA43-A353-4535-A398-095908E16A39}.Debug|Any CPU.ActiveCfg = Debug|Any CPU
		{F931AA43-A353-4535-A398-095908E16A39}.Debug|Any CPU.Build.0 = Debug|Any CPU
		{F931AA43-A353-4535-A398-095908E16A39}.Release|Any CPU.ActiveCfg = Release|Any CPU
		{F931AA43-A353-4535-A398-095908E16A39}.Release|Any CPU.Build.0 = Release|Any CPU
		{C00BE7E3-B615-40C1-B4E9-53D1D7B3B1A6}.Debug|Any CPU.ActiveCfg = Debug|Any CPU
		{C00BE7E3-B615-40C1-B4E9-53D1D7B3B1A6}.Debug|Any CPU.Build.0 = Debug|Any CPU
		{C00BE7E3-B615-40C1-B4E9-53D1D7B3B1A6}.Release|Any CPU.ActiveCfg = Release|Any CPU
		{C00BE7E3-B615-40C1-B4E9-53D1D7B3B1A6}.Release|Any CPU.Build.0 = Release|Any CPU
		{D45707C3-89C2-4E76-BABA-8EFE3A8E4D96}.Debug|Any CPU.ActiveCfg = Debug|Any CPU
		{D45707C3-89C2-4E76-BABA-8EFE3A8E4D96}.Debug|Any CPU.Build.0 = Debug|Any CPU
		{D45707C3-89C2-4E76-BABA-8EFE3A8E4D96}.Release|Any CPU.ActiveCfg = Release|Any CPU
		{D45707C3-89C2-4E76-BABA-8EFE3A8E4D96}.Release|Any CPU.Build.0 = Release|Any CPU
		{7F974F9E-2B2E-4D26-A121-43DA90C675D0}.Debug|Any CPU.ActiveCfg = Debug|Any CPU
		{7F974F9E-2B2E-4D26-A121-43DA90C675D0}.Debug|Any CPU.Build.0 = Debug|Any CPU
		{7F974F9E-2B2E-4D26-A121-43DA90C675D0}.Release|Any CPU.ActiveCfg = Release|Any CPU
		{7F974F9E-2B2E-4D26-A121-43DA90C675D0}.Release|Any CPU.Build.0 = Release|Any CPU
		{4CDC052D-B0C5-4549-8E1A-E7C22A7B7EA3}.Debug|Any CPU.ActiveCfg = Debug|Any CPU
		{4CDC052D-B0C5-4549-8E1A-E7C22A7B7EA3}.Debug|Any CPU.Build.0 = Debug|Any CPU
		{4CDC052D-B0C5-4549-8E1A-E7C22A7B7EA3}.Release|Any CPU.ActiveCfg = Release|Any CPU
		{4CDC052D-B0C5-4549-8E1A-E7C22A7B7EA3}.Release|Any CPU.Build.0 = Release|Any CPU
		{BB7CBD32-B8B9-4B2F-B630-BBD2DE17F910}.Debug|Any CPU.ActiveCfg = Debug|Any CPU
		{BB7CBD32-B8B9-4B2F-B630-BBD2DE17F910}.Debug|Any CPU.Build.0 = Debug|Any CPU
		{BB7CBD32-B8B9-4B2F-B630-BBD2DE17F910}.Release|Any CPU.ActiveCfg = Release|Any CPU
		{BB7CBD32-B8B9-4B2F-B630-BBD2DE17F910}.Release|Any CPU.Build.0 = Release|Any CPU
		{36490007-90DA-495C-821E-38CAFB8C2295}.Debug|Any CPU.ActiveCfg = Debug|Any CPU
		{36490007-90DA-495C-821E-38CAFB8C2295}.Debug|Any CPU.Build.0 = Debug|Any CPU
		{36490007-90DA-495C-821E-38CAFB8C2295}.Release|Any CPU.ActiveCfg = Release|Any CPU
		{36490007-90DA-495C-821E-38CAFB8C2295}.Release|Any CPU.Build.0 = Release|Any CPU
		{6C1D450B-4E67-4BAF-A59D-2A649EFC6588}.Debug|Any CPU.ActiveCfg = Debug|Any CPU
		{6C1D450B-4E67-4BAF-A59D-2A649EFC6588}.Debug|Any CPU.Build.0 = Debug|Any CPU
		{6C1D450B-4E67-4BAF-A59D-2A649EFC6588}.Release|Any CPU.ActiveCfg = Release|Any CPU
		{6C1D450B-4E67-4BAF-A59D-2A649EFC6588}.Release|Any CPU.Build.0 = Release|Any CPU
	EndGlobalSection
	GlobalSection(SolutionProperties) = preSolution
		HideSolutionNode = FALSE
	EndGlobalSection
	GlobalSection(NestedProjects) = preSolution
		{5386A7F5-5729-466F-AF06-EFE1330AD467} = {C61DCC54-59E0-4BD5-A216-D1B5FD699E10}
		{9228B878-1EEE-4886-90D8-B4E2A17E361A} = {C61DCC54-59E0-4BD5-A216-D1B5FD699E10}
		{FBC559C3-D038-4A32-BDB8-3A6FB85C9E80} = {C61DCC54-59E0-4BD5-A216-D1B5FD699E10}
		{BE9A2B83-9486-4612-8064-513B81F879F6} = {C61DCC54-59E0-4BD5-A216-D1B5FD699E10}
		{75D3A130-5286-495D-939D-4ED9A1A391DE} = {C61DCC54-59E0-4BD5-A216-D1B5FD699E10}
		{0FB442A9-07A8-4047-9692-448228E96A8F} = {C61DCC54-59E0-4BD5-A216-D1B5FD699E10}
		{822FA15B-4DC8-4A17-911A-7F5E137E7C84} = {C61DCC54-59E0-4BD5-A216-D1B5FD699E10}
		{C4E18CD2-DF34-451B-AC17-701590077D1A} = {C61DCC54-59E0-4BD5-A216-D1B5FD699E10}
		{50AAC213-9DD8-4D5E-B002-93AC1ABAB99F} = {C61DCC54-59E0-4BD5-A216-D1B5FD699E10}
		{4949C9D8-13D4-42E9-A41F-74625030275D} = {C61DCC54-59E0-4BD5-A216-D1B5FD699E10}
		{82D20547-4893-444D-A0DB-3122A7169CDE} = {C61DCC54-59E0-4BD5-A216-D1B5FD699E10}
		{A2899CDF-3A84-4DD4-9768-783760D87936} = {C61DCC54-59E0-4BD5-A216-D1B5FD699E10}
		{3D5CA5B2-765A-4E29-9A6D-4109C69BB0D0} = {C61DCC54-59E0-4BD5-A216-D1B5FD699E10}
		{F83647A0-3F04-42FA-A990-B826414E3D80} = {C61DCC54-59E0-4BD5-A216-D1B5FD699E10}
		{119B758C-F50F-4D80-A4C1-97053E576419} = {C61DCC54-59E0-4BD5-A216-D1B5FD699E10}
		{29C137F1-236F-4FBD-9EB0-FAF4EA66F697} = {C61DCC54-59E0-4BD5-A216-D1B5FD699E10}
		{D5B32C9B-521F-4FF2-AEF6-2F4237081687} = {C61DCC54-59E0-4BD5-A216-D1B5FD699E10}
		{F9970D4D-AA98-4950-87F8-33EE172A97AA} = {C61DCC54-59E0-4BD5-A216-D1B5FD699E10}
		{6ECB7436-CE01-4D20-A74C-4A19637B1DE4} = {C61DCC54-59E0-4BD5-A216-D1B5FD699E10}
		{556DC501-E5BB-4843-8555-B5BE2FC26CB5} = {D60F5CB3-8618-4A95-B30D-B95657E5AD04}
		{CA736225-0C03-4A17-8821-BAD5799159BA} = {D60F5CB3-8618-4A95-B30D-B95657E5AD04}
		{37A59BB8-267F-4066-BAAE-8169658370A8} = {D60F5CB3-8618-4A95-B30D-B95657E5AD04}
		{4EC65FA5-E1F7-46E7-BF36-96BDAFAFA1F4} = {D60F5CB3-8618-4A95-B30D-B95657E5AD04}
		{F931AA43-A353-4535-A398-095908E16A39} = {D60F5CB3-8618-4A95-B30D-B95657E5AD04}
		{C00BE7E3-B615-40C1-B4E9-53D1D7B3B1A6} = {D60F5CB3-8618-4A95-B30D-B95657E5AD04}
		{D45707C3-89C2-4E76-BABA-8EFE3A8E4D96} = {D60F5CB3-8618-4A95-B30D-B95657E5AD04}
		{7F974F9E-2B2E-4D26-A121-43DA90C675D0} = {D60F5CB3-8618-4A95-B30D-B95657E5AD04}
		{4CDC052D-B0C5-4549-8E1A-E7C22A7B7EA3} = {D60F5CB3-8618-4A95-B30D-B95657E5AD04}
		{BB7CBD32-B8B9-4B2F-B630-BBD2DE17F910} = {D60F5CB3-8618-4A95-B30D-B95657E5AD04}
		{36490007-90DA-495C-821E-38CAFB8C2295} = {D60F5CB3-8618-4A95-B30D-B95657E5AD04}
		{6C1D450B-4E67-4BAF-A59D-2A649EFC6588} = {D60F5CB3-8618-4A95-B30D-B95657E5AD04}
	EndGlobalSection
	GlobalSection(ExtensibilityGlobals) = postSolution
		SolutionGuid = {3C9B09D8-7EAD-4197-B7D5-D4775200471D}
	EndGlobalSection
EndGlobal
