
Microsoft Visual Studio Solution File, Format Version 12.00
# Visual Studio 15
VisualStudioVersion = 15.0.27703.2026
MinimumVisualStudioVersion = 10.0.40219.1
Project("{2150E333-8FDC-42A3-9474-1A3956D46DE8}") = "Exercises", "Exercises", "{17D6A605-A1EF-4CF4-9BCC-298D40DEF873}"
EndProject
Project("{2150E333-8FDC-42A3-9474-1A3956D46DE8}") = "Lab", "Lab", "{DD6A9DD3-3D41-426C-BB44-908B45CD71C7}"
EndProject
Project("{9A19103F-16F7-4668-BE54-9A1E7A4F7556}") = "01-CountWorkingDays", "Exercises\01-CountWorkingDays\01-CountWorkingDays.csproj", "{3E35E38A-4A5F-43E8-83E2-64B7825D6F14}"
EndProject
Project("{9A19103F-16F7-4668-BE54-9A1E7A4F7556}") = "02-AdvertisementMessage", "Exercises\02-AdvertisementMessage\02-AdvertisementMessage.csproj", "{15B8AFD7-737A-4345-B9F7-5BCD5F60A75D}"
EndProject
Project("{9A19103F-16F7-4668-BE54-9A1E7A4F7556}") = "03-CircleIntersection", "Exercises\03-CircleIntersection\03-CircleIntersection.csproj", "{EEC69C3A-6B39-4E33-A85D-AF16CA80896C}"
EndProject
Project("{9A19103F-16F7-4668-BE54-9A1E7A4F7556}") = "04-AverageGrades", "Exercises\04-AverageGrades\04-AverageGrades.csproj", "{54F5DEF6-DA3B-4EDF-8188-9D1D1F23B047}"
EndProject
Project("{9A19103F-16F7-4668-BE54-9A1E7A4F7556}") = "05-BookLibrary", "Exercises\05-BookLibrary\05-BookLibrary.csproj", "{5BA0B12A-A55A-4AAE-AB2A-234DD1DAA0F9}"
EndProject
Project("{9A19103F-16F7-4668-BE54-9A1E7A4F7556}") = "06-ModifiedLibrary", "Exercises\06-ModifiedLibrary\06-ModifiedLibrary.csproj", "{1C41EC42-5834-4559-90D1-A3307FF03353}"
EndProject
Project("{9A19103F-16F7-4668-BE54-9A1E7A4F7556}") = "07-AndreyAndBillard", "Exercises\07-AndreyAndBillard\07-AndreyAndBillard.csproj", "{4B62910B-BC25-403E-8322-758A172F293C}"
EndProject
Project("{9A19103F-16F7-4668-BE54-9A1E7A4F7556}") = "09-TeamWorkProject", "Exercises\09-TeamWorkProject\09-TeamWorkProject.csproj", "{BBF2F39F-CC7E-42F7-8D61-B0F36E96CEC5}"
EndProject
Project("{9A19103F-16F7-4668-BE54-9A1E7A4F7556}") = "10-StudentGroups", "Exercises\10-StudentGroups\10-StudentGroups.csproj", "{AA5E3C76-F21E-4E30-BAC4-947A813A3A50}"
EndProject
Project("{9A19103F-16F7-4668-BE54-9A1E7A4F7556}") = "01-DayOfWeek", "Lab\01-DayOfWeek\01-DayOfWeek.csproj", "{6F92B290-0CF3-49DC-B834-847A844EB05C}"
EndProject
Project("{9A19103F-16F7-4668-BE54-9A1E7A4F7556}") = "02-RandomizeWords", "Lab\02-RandomizeWords\02-RandomizeWords.csproj", "{6E1AA8F6-FE03-4BBB-A165-7802B6001133}"
EndProject
Project("{9A19103F-16F7-4668-BE54-9A1E7A4F7556}") = "03-BigFactorial", "Lab\03-BigFactorial\03-BigFactorial.csproj", "{CEB4E0F9-169F-40B6-A262-FDE44F5BB51B}"
EndProject
Project("{9A19103F-16F7-4668-BE54-9A1E7A4F7556}") = "04-DistanceBetweenTwoPoints", "Lab\04-DistanceBetweenTwoPoints\04-DistanceBetweenTwoPoints.csproj", "{245397D1-8689-40FD-814E-B60015B7ED35}"
EndProject
Project("{9A19103F-16F7-4668-BE54-9A1E7A4F7556}") = "05-ClosestTwoPoints", "Lab\05-ClosestTwoPoints\05-ClosestTwoPoints.csproj", "{30965C16-CBEF-45B4-AFA9-7F31354A0192}"
EndProject
Project("{9A19103F-16F7-4668-BE54-9A1E7A4F7556}") = "06-RectAnglePosition", "Lab\06-RectAnglePosition\06-RectAnglePosition.csproj", "{79C435FE-31C4-456C-A52D-9F9E08C5F006}"
EndProject
Project("{9A19103F-16F7-4668-BE54-9A1E7A4F7556}") = "07-SalesReport", "Lab\07-SalesReport\07-SalesReport.csproj", "{5D842720-D2D0-41F4-90D0-1E6D05443EFC}"
EndProject
Project("{9A19103F-16F7-4668-BE54-9A1E7A4F7556}") = "08-Mentor", "Exercises\08-Mentor\08-Mentor.csproj", "{0C7E94E1-F1B1-4DA8-8F0A-906FA7511363}"
EndProject
Global
	GlobalSection(SolutionConfigurationPlatforms) = preSolution
		Debug|Any CPU = Debug|Any CPU
		Release|Any CPU = Release|Any CPU
	EndGlobalSection
	GlobalSection(ProjectConfigurationPlatforms) = postSolution
		{3E35E38A-4A5F-43E8-83E2-64B7825D6F14}.Debug|Any CPU.ActiveCfg = Debug|Any CPU
		{3E35E38A-4A5F-43E8-83E2-64B7825D6F14}.Debug|Any CPU.Build.0 = Debug|Any CPU
		{3E35E38A-4A5F-43E8-83E2-64B7825D6F14}.Release|Any CPU.ActiveCfg = Release|Any CPU
		{3E35E38A-4A5F-43E8-83E2-64B7825D6F14}.Release|Any CPU.Build.0 = Release|Any CPU
		{15B8AFD7-737A-4345-B9F7-5BCD5F60A75D}.Debug|Any CPU.ActiveCfg = Debug|Any CPU
		{15B8AFD7-737A-4345-B9F7-5BCD5F60A75D}.Debug|Any CPU.Build.0 = Debug|Any CPU
		{15B8AFD7-737A-4345-B9F7-5BCD5F60A75D}.Release|Any CPU.ActiveCfg = Release|Any CPU
		{15B8AFD7-737A-4345-B9F7-5BCD5F60A75D}.Release|Any CPU.Build.0 = Release|Any CPU
		{EEC69C3A-6B39-4E33-A85D-AF16CA80896C}.Debug|Any CPU.ActiveCfg = Debug|Any CPU
		{EEC69C3A-6B39-4E33-A85D-AF16CA80896C}.Debug|Any CPU.Build.0 = Debug|Any CPU
		{EEC69C3A-6B39-4E33-A85D-AF16CA80896C}.Release|Any CPU.ActiveCfg = Release|Any CPU
		{EEC69C3A-6B39-4E33-A85D-AF16CA80896C}.Release|Any CPU.Build.0 = Release|Any CPU
		{54F5DEF6-DA3B-4EDF-8188-9D1D1F23B047}.Debug|Any CPU.ActiveCfg = Debug|Any CPU
		{54F5DEF6-DA3B-4EDF-8188-9D1D1F23B047}.Debug|Any CPU.Build.0 = Debug|Any CPU
		{54F5DEF6-DA3B-4EDF-8188-9D1D1F23B047}.Release|Any CPU.ActiveCfg = Release|Any CPU
		{54F5DEF6-DA3B-4EDF-8188-9D1D1F23B047}.Release|Any CPU.Build.0 = Release|Any CPU
		{5BA0B12A-A55A-4AAE-AB2A-234DD1DAA0F9}.Debug|Any CPU.ActiveCfg = Debug|Any CPU
		{5BA0B12A-A55A-4AAE-AB2A-234DD1DAA0F9}.Debug|Any CPU.Build.0 = Debug|Any CPU
		{5BA0B12A-A55A-4AAE-AB2A-234DD1DAA0F9}.Release|Any CPU.ActiveCfg = Release|Any CPU
		{5BA0B12A-A55A-4AAE-AB2A-234DD1DAA0F9}.Release|Any CPU.Build.0 = Release|Any CPU
		{1C41EC42-5834-4559-90D1-A3307FF03353}.Debug|Any CPU.ActiveCfg = Debug|Any CPU
		{1C41EC42-5834-4559-90D1-A3307FF03353}.Debug|Any CPU.Build.0 = Debug|Any CPU
		{1C41EC42-5834-4559-90D1-A3307FF03353}.Release|Any CPU.ActiveCfg = Release|Any CPU
		{1C41EC42-5834-4559-90D1-A3307FF03353}.Release|Any CPU.Build.0 = Release|Any CPU
		{4B62910B-BC25-403E-8322-758A172F293C}.Debug|Any CPU.ActiveCfg = Debug|Any CPU
		{4B62910B-BC25-403E-8322-758A172F293C}.Debug|Any CPU.Build.0 = Debug|Any CPU
		{4B62910B-BC25-403E-8322-758A172F293C}.Release|Any CPU.ActiveCfg = Release|Any CPU
		{4B62910B-BC25-403E-8322-758A172F293C}.Release|Any CPU.Build.0 = Release|Any CPU
		{BBF2F39F-CC7E-42F7-8D61-B0F36E96CEC5}.Debug|Any CPU.ActiveCfg = Debug|Any CPU
		{BBF2F39F-CC7E-42F7-8D61-B0F36E96CEC5}.Debug|Any CPU.Build.0 = Debug|Any CPU
		{BBF2F39F-CC7E-42F7-8D61-B0F36E96CEC5}.Release|Any CPU.ActiveCfg = Release|Any CPU
		{BBF2F39F-CC7E-42F7-8D61-B0F36E96CEC5}.Release|Any CPU.Build.0 = Release|Any CPU
		{AA5E3C76-F21E-4E30-BAC4-947A813A3A50}.Debug|Any CPU.ActiveCfg = Debug|Any CPU
		{AA5E3C76-F21E-4E30-BAC4-947A813A3A50}.Debug|Any CPU.Build.0 = Debug|Any CPU
		{AA5E3C76-F21E-4E30-BAC4-947A813A3A50}.Release|Any CPU.ActiveCfg = Release|Any CPU
		{AA5E3C76-F21E-4E30-BAC4-947A813A3A50}.Release|Any CPU.Build.0 = Release|Any CPU
		{6F92B290-0CF3-49DC-B834-847A844EB05C}.Debug|Any CPU.ActiveCfg = Debug|Any CPU
		{6F92B290-0CF3-49DC-B834-847A844EB05C}.Debug|Any CPU.Build.0 = Debug|Any CPU
		{6F92B290-0CF3-49DC-B834-847A844EB05C}.Release|Any CPU.ActiveCfg = Release|Any CPU
		{6F92B290-0CF3-49DC-B834-847A844EB05C}.Release|Any CPU.Build.0 = Release|Any CPU
		{6E1AA8F6-FE03-4BBB-A165-7802B6001133}.Debug|Any CPU.ActiveCfg = Debug|Any CPU
		{6E1AA8F6-FE03-4BBB-A165-7802B6001133}.Debug|Any CPU.Build.0 = Debug|Any CPU
		{6E1AA8F6-FE03-4BBB-A165-7802B6001133}.Release|Any CPU.ActiveCfg = Release|Any CPU
		{6E1AA8F6-FE03-4BBB-A165-7802B6001133}.Release|Any CPU.Build.0 = Release|Any CPU
		{CEB4E0F9-169F-40B6-A262-FDE44F5BB51B}.Debug|Any CPU.ActiveCfg = Debug|Any CPU
		{CEB4E0F9-169F-40B6-A262-FDE44F5BB51B}.Debug|Any CPU.Build.0 = Debug|Any CPU
		{CEB4E0F9-169F-40B6-A262-FDE44F5BB51B}.Release|Any CPU.ActiveCfg = Release|Any CPU
		{CEB4E0F9-169F-40B6-A262-FDE44F5BB51B}.Release|Any CPU.Build.0 = Release|Any CPU
		{245397D1-8689-40FD-814E-B60015B7ED35}.Debug|Any CPU.ActiveCfg = Debug|Any CPU
		{245397D1-8689-40FD-814E-B60015B7ED35}.Debug|Any CPU.Build.0 = Debug|Any CPU
		{245397D1-8689-40FD-814E-B60015B7ED35}.Release|Any CPU.ActiveCfg = Release|Any CPU
		{245397D1-8689-40FD-814E-B60015B7ED35}.Release|Any CPU.Build.0 = Release|Any CPU
		{30965C16-CBEF-45B4-AFA9-7F31354A0192}.Debug|Any CPU.ActiveCfg = Debug|Any CPU
		{30965C16-CBEF-45B4-AFA9-7F31354A0192}.Debug|Any CPU.Build.0 = Debug|Any CPU
		{30965C16-CBEF-45B4-AFA9-7F31354A0192}.Release|Any CPU.ActiveCfg = Release|Any CPU
		{30965C16-CBEF-45B4-AFA9-7F31354A0192}.Release|Any CPU.Build.0 = Release|Any CPU
		{79C435FE-31C4-456C-A52D-9F9E08C5F006}.Debug|Any CPU.ActiveCfg = Debug|Any CPU
		{79C435FE-31C4-456C-A52D-9F9E08C5F006}.Debug|Any CPU.Build.0 = Debug|Any CPU
		{79C435FE-31C4-456C-A52D-9F9E08C5F006}.Release|Any CPU.ActiveCfg = Release|Any CPU
		{79C435FE-31C4-456C-A52D-9F9E08C5F006}.Release|Any CPU.Build.0 = Release|Any CPU
		{5D842720-D2D0-41F4-90D0-1E6D05443EFC}.Debug|Any CPU.ActiveCfg = Debug|Any CPU
		{5D842720-D2D0-41F4-90D0-1E6D05443EFC}.Debug|Any CPU.Build.0 = Debug|Any CPU
		{5D842720-D2D0-41F4-90D0-1E6D05443EFC}.Release|Any CPU.ActiveCfg = Release|Any CPU
		{5D842720-D2D0-41F4-90D0-1E6D05443EFC}.Release|Any CPU.Build.0 = Release|Any CPU
		{0C7E94E1-F1B1-4DA8-8F0A-906FA7511363}.Debug|Any CPU.ActiveCfg = Debug|Any CPU
		{0C7E94E1-F1B1-4DA8-8F0A-906FA7511363}.Debug|Any CPU.Build.0 = Debug|Any CPU
		{0C7E94E1-F1B1-4DA8-8F0A-906FA7511363}.Release|Any CPU.ActiveCfg = Release|Any CPU
		{0C7E94E1-F1B1-4DA8-8F0A-906FA7511363}.Release|Any CPU.Build.0 = Release|Any CPU
	EndGlobalSection
	GlobalSection(SolutionProperties) = preSolution
		HideSolutionNode = FALSE
	EndGlobalSection
	GlobalSection(NestedProjects) = preSolution
		{3E35E38A-4A5F-43E8-83E2-64B7825D6F14} = {17D6A605-A1EF-4CF4-9BCC-298D40DEF873}
		{15B8AFD7-737A-4345-B9F7-5BCD5F60A75D} = {17D6A605-A1EF-4CF4-9BCC-298D40DEF873}
		{EEC69C3A-6B39-4E33-A85D-AF16CA80896C} = {17D6A605-A1EF-4CF4-9BCC-298D40DEF873}
		{54F5DEF6-DA3B-4EDF-8188-9D1D1F23B047} = {17D6A605-A1EF-4CF4-9BCC-298D40DEF873}
		{5BA0B12A-A55A-4AAE-AB2A-234DD1DAA0F9} = {17D6A605-A1EF-4CF4-9BCC-298D40DEF873}
		{1C41EC42-5834-4559-90D1-A3307FF03353} = {17D6A605-A1EF-4CF4-9BCC-298D40DEF873}
		{4B62910B-BC25-403E-8322-758A172F293C} = {17D6A605-A1EF-4CF4-9BCC-298D40DEF873}
		{BBF2F39F-CC7E-42F7-8D61-B0F36E96CEC5} = {17D6A605-A1EF-4CF4-9BCC-298D40DEF873}
		{AA5E3C76-F21E-4E30-BAC4-947A813A3A50} = {17D6A605-A1EF-4CF4-9BCC-298D40DEF873}
		{6F92B290-0CF3-49DC-B834-847A844EB05C} = {DD6A9DD3-3D41-426C-BB44-908B45CD71C7}
		{6E1AA8F6-FE03-4BBB-A165-7802B6001133} = {DD6A9DD3-3D41-426C-BB44-908B45CD71C7}
		{CEB4E0F9-169F-40B6-A262-FDE44F5BB51B} = {DD6A9DD3-3D41-426C-BB44-908B45CD71C7}
		{245397D1-8689-40FD-814E-B60015B7ED35} = {DD6A9DD3-3D41-426C-BB44-908B45CD71C7}
		{30965C16-CBEF-45B4-AFA9-7F31354A0192} = {DD6A9DD3-3D41-426C-BB44-908B45CD71C7}
		{79C435FE-31C4-456C-A52D-9F9E08C5F006} = {DD6A9DD3-3D41-426C-BB44-908B45CD71C7}
		{5D842720-D2D0-41F4-90D0-1E6D05443EFC} = {DD6A9DD3-3D41-426C-BB44-908B45CD71C7}
		{0C7E94E1-F1B1-4DA8-8F0A-906FA7511363} = {17D6A605-A1EF-4CF4-9BCC-298D40DEF873}
	EndGlobalSection
	GlobalSection(ExtensibilityGlobals) = postSolution
		SolutionGuid = {10486EC7-19A0-4FC7-A44E-14F2FD0D4F90}
	EndGlobalSection
EndGlobal
