
Microsoft Visual Studio Solution File, Format Version 12.00
# Visual Studio 15
VisualStudioVersion = 15.0.27703.2000
MinimumVisualStudioVersion = 10.0.40219.1
Project("{2150E333-8FDC-42A3-9474-1A3956D46DE8}") = "Exercises", "Exercises", "{BE47B086-4C05-4F88-9BB7-34CDCBC731CC}"
EndProject
Project("{9A19103F-16F7-4668-BE54-9A1E7A4F7556}") = "01-ChoseADrink", "Exercises\01-ChoseADrink\01-ChoseADrink.csproj", "{DC298329-F52D-44C3-B312-34D962F36807}"
EndProject
Project("{9A19103F-16F7-4668-BE54-9A1E7A4F7556}") = "02-ChooseADrink2", "Exercises\02-ChooseADrink2\02-ChooseADrink2.csproj", "{11199695-DDC8-411F-A3F3-03F172DD8BD6}"
EndProject
Project("{9A19103F-16F7-4668-BE54-9A1E7A4F7556}") = "03-RestaurantDiscount", "Exercises\03-RestaurantDiscount\03-RestaurantDiscount.csproj", "{0A25200F-C5EF-45D8-BBD0-BDEE3A1D78ED}"
EndProject
Project("{9A19103F-16F7-4668-BE54-9A1E7A4F7556}") = "04-Hotel", "Exercises\04-Hotel\04-Hotel.csproj", "{1DA76FE7-754D-43FB-9077-02EAD415F00D}"
EndProject
Project("{9A19103F-16F7-4668-BE54-9A1E7A4F7556}") = "05-WordInPlural", "Exercises\05-WordInPlural\05-WordInPlural.csproj", "{06CAA483-9643-4505-886D-E01F2AE7C3C3}"
EndProject
Project("{9A19103F-16F7-4668-BE54-9A1E7A4F7556}") = "06-IntervalOfNumbers", "Exercises\06-IntervalOfNumbers\06-IntervalOfNumbers.csproj", "{088DF38B-EAD5-46CA-9843-A0E53E249E39}"
EndProject
Project("{9A19103F-16F7-4668-BE54-9A1E7A4F7556}") = "07-CakeIngredients", "Exercises\07-CakeIngredients\07-CakeIngredients.csproj", "{DA50E6F6-7EDB-4669-BAC5-D2B12EC15CB7}"
EndProject
Project("{9A19103F-16F7-4668-BE54-9A1E7A4F7556}") = "08-CaloriesCounter", "Exercises\08-CaloriesCounter\08-CaloriesCounter.csproj", "{92AE0735-E05F-4A62-89FA-736D0B1E777C}"
EndProject
Project("{9A19103F-16F7-4668-BE54-9A1E7A4F7556}") = "09-CountTheIntegers", "Exercises\09-CountTheIntegers\09-CountTheIntegers.csproj", "{20E49433-B0E2-4FEE-ADBB-7F636F994CE2}"
EndProject
Project("{9A19103F-16F7-4668-BE54-9A1E7A4F7556}") = "10-TriangleOfNumbers", "Exercises\10-TriangleOfNumbers\10-TriangleOfNumbers.csproj", "{DBC16545-4967-4426-B0A7-BBCA8452CA5B}"
EndProject
Project("{9A19103F-16F7-4668-BE54-9A1E7A4F7556}") = "11-DifferentNumbers", "Exercises\11-DifferentNumbers\11-DifferentNumbers.csproj", "{31AF626F-1D4D-4748-BF8A-96A9C07E3FE9}"
EndProject
Project("{9A19103F-16F7-4668-BE54-9A1E7A4F7556}") = "12-ТestNumbers", "Exercises\12-ТestNumbers\12-ТestNumbers.csproj", "{57063F7E-0964-4181-B05B-0816AB23AA05}"
EndProject
Project("{9A19103F-16F7-4668-BE54-9A1E7A4F7556}") = "13-GameOfNumbers", "Exercises\13-GameOfNumbers\13-GameOfNumbers.csproj", "{CF6BABDC-7491-4F5B-BA9A-385A46C32AA8}"
EndProject
Project("{9A19103F-16F7-4668-BE54-9A1E7A4F7556}") = "14-МagicLatter", "Exercises\14-МagicLatter\14-МagicLatter.csproj", "{3EF03535-6F7C-4881-91E7-4C87A58D563E}"
EndProject
Project("{9A19103F-16F7-4668-BE54-9A1E7A4F7556}") = "15-NeighBoursFights", "Exercises\15-NeighBoursFights\15-NeighBoursFights.csproj", "{B201ED02-FB0F-4B60-9284-BDFF993CD517}"
EndProject
Project("{2150E333-8FDC-42A3-9474-1A3956D46DE8}") = "Lab", "Lab", "{0A500E20-280F-4307-9C32-6707A55F06A0}"
EndProject
Project("{FAE04EC0-301F-11D3-BF4B-00C04F79EFBC}") = "01-Passed", "Lab\01-Passed\01-Passed.csproj", "{75146F4A-0CA1-43CB-8C57-AE33FCEC80EE}"
EndProject
Project("{FAE04EC0-301F-11D3-BF4B-00C04F79EFBC}") = "02-BackOn30Minutes", "Lab\02-BackOn30Minutes\02-BackOn30Minutes.csproj", "{EDF3DEA3-D2FE-473C-B6D6-E84A061389EA}"
EndProject
Project("{FAE04EC0-301F-11D3-BF4B-00C04F79EFBC}") = "03-MonthPrinter", "Lab\03-MonthPrinter\03-MonthPrinter.csproj", "{761F6FA3-5271-456E-8687-526CFA7D75B4}"
EndProject
Project("{FAE04EC0-301F-11D3-BF4B-00C04F79EFBC}") = "04-ForeignLanguages", "Lab\04-ForeignLanguages\04-ForeignLanguages.csproj", "{105F2346-E345-43F2-99CA-27FDE5DC7E8C}"
EndProject
Project("{FAE04EC0-301F-11D3-BF4B-00C04F79EFBC}") = "05-TheatrePromotions", "Lab\05-TheatrePromotions\05-TheatrePromotions.csproj", "{805C0B46-7D57-4FE1-952C-FD26DA5D9A23}"
EndProject
Project("{FAE04EC0-301F-11D3-BF4B-00C04F79EFBC}") = "06-DivisibleBy3", "Lab\06-DivisibleBy3\06-DivisibleBy3.csproj", "{CBCE9546-BBF3-48DA-B3A2-C72659F2DF5E}"
EndProject
Project("{FAE04EC0-301F-11D3-BF4B-00C04F79EFBC}") = "07-OddNumbers", "Lab\07-OddNumbers\07-OddNumbers.csproj", "{694BFDDF-C4AC-4B2F-8015-270551D93E8E}"
EndProject
Project("{FAE04EC0-301F-11D3-BF4B-00C04F79EFBC}") = "08-Multiplicationtable", "Lab\08-Multiplicationtable\08-Multiplicationtable.csproj", "{843CDC30-FBD2-49E0-AE88-3A85B5D7798C}"
EndProject
Project("{9A19103F-16F7-4668-BE54-9A1E7A4F7556}") = "09-MultiplicationTable2", "Lab\09-MultiplicationTable2\09-MultiplicationTable2.csproj", "{E72BCC12-8E01-4D1A-BD1C-EFB13972D4E7}"
EndProject
Project("{FAE04EC0-301F-11D3-BF4B-00C04F79EFBC}") = "10-OddNumber", "Lab\10-OddNumber\10-OddNumber.csproj", "{ADB58092-8F9B-4433-AA10-FF58DD300E8F}"
EndProject
Project("{9A19103F-16F7-4668-BE54-9A1E7A4F7556}") = "11-NumberChecker", "Lab\11-NumberChecker\11-NumberChecker.csproj", "{3A32C117-89A1-43F7-9DFF-0E96BAEFA857}"
EndProject
Global
	GlobalSection(SolutionConfigurationPlatforms) = preSolution
		Debug|Any CPU = Debug|Any CPU
		Release|Any CPU = Release|Any CPU
	EndGlobalSection
	GlobalSection(ProjectConfigurationPlatforms) = postSolution
		{DC298329-F52D-44C3-B312-34D962F36807}.Debug|Any CPU.ActiveCfg = Debug|Any CPU
		{DC298329-F52D-44C3-B312-34D962F36807}.Debug|Any CPU.Build.0 = Debug|Any CPU
		{DC298329-F52D-44C3-B312-34D962F36807}.Release|Any CPU.ActiveCfg = Release|Any CPU
		{DC298329-F52D-44C3-B312-34D962F36807}.Release|Any CPU.Build.0 = Release|Any CPU
		{11199695-DDC8-411F-A3F3-03F172DD8BD6}.Debug|Any CPU.ActiveCfg = Debug|Any CPU
		{11199695-DDC8-411F-A3F3-03F172DD8BD6}.Debug|Any CPU.Build.0 = Debug|Any CPU
		{11199695-DDC8-411F-A3F3-03F172DD8BD6}.Release|Any CPU.ActiveCfg = Release|Any CPU
		{11199695-DDC8-411F-A3F3-03F172DD8BD6}.Release|Any CPU.Build.0 = Release|Any CPU
		{0A25200F-C5EF-45D8-BBD0-BDEE3A1D78ED}.Debug|Any CPU.ActiveCfg = Debug|Any CPU
		{0A25200F-C5EF-45D8-BBD0-BDEE3A1D78ED}.Debug|Any CPU.Build.0 = Debug|Any CPU
		{0A25200F-C5EF-45D8-BBD0-BDEE3A1D78ED}.Release|Any CPU.ActiveCfg = Release|Any CPU
		{0A25200F-C5EF-45D8-BBD0-BDEE3A1D78ED}.Release|Any CPU.Build.0 = Release|Any CPU
		{1DA76FE7-754D-43FB-9077-02EAD415F00D}.Debug|Any CPU.ActiveCfg = Debug|Any CPU
		{1DA76FE7-754D-43FB-9077-02EAD415F00D}.Debug|Any CPU.Build.0 = Debug|Any CPU
		{1DA76FE7-754D-43FB-9077-02EAD415F00D}.Release|Any CPU.ActiveCfg = Release|Any CPU
		{1DA76FE7-754D-43FB-9077-02EAD415F00D}.Release|Any CPU.Build.0 = Release|Any CPU
		{06CAA483-9643-4505-886D-E01F2AE7C3C3}.Debug|Any CPU.ActiveCfg = Debug|Any CPU
		{06CAA483-9643-4505-886D-E01F2AE7C3C3}.Debug|Any CPU.Build.0 = Debug|Any CPU
		{06CAA483-9643-4505-886D-E01F2AE7C3C3}.Release|Any CPU.ActiveCfg = Release|Any CPU
		{06CAA483-9643-4505-886D-E01F2AE7C3C3}.Release|Any CPU.Build.0 = Release|Any CPU
		{088DF38B-EAD5-46CA-9843-A0E53E249E39}.Debug|Any CPU.ActiveCfg = Debug|Any CPU
		{088DF38B-EAD5-46CA-9843-A0E53E249E39}.Debug|Any CPU.Build.0 = Debug|Any CPU
		{088DF38B-EAD5-46CA-9843-A0E53E249E39}.Release|Any CPU.ActiveCfg = Release|Any CPU
		{088DF38B-EAD5-46CA-9843-A0E53E249E39}.Release|Any CPU.Build.0 = Release|Any CPU
		{DA50E6F6-7EDB-4669-BAC5-D2B12EC15CB7}.Debug|Any CPU.ActiveCfg = Debug|Any CPU
		{DA50E6F6-7EDB-4669-BAC5-D2B12EC15CB7}.Debug|Any CPU.Build.0 = Debug|Any CPU
		{DA50E6F6-7EDB-4669-BAC5-D2B12EC15CB7}.Release|Any CPU.ActiveCfg = Release|Any CPU
		{DA50E6F6-7EDB-4669-BAC5-D2B12EC15CB7}.Release|Any CPU.Build.0 = Release|Any CPU
		{92AE0735-E05F-4A62-89FA-736D0B1E777C}.Debug|Any CPU.ActiveCfg = Debug|Any CPU
		{92AE0735-E05F-4A62-89FA-736D0B1E777C}.Debug|Any CPU.Build.0 = Debug|Any CPU
		{92AE0735-E05F-4A62-89FA-736D0B1E777C}.Release|Any CPU.ActiveCfg = Release|Any CPU
		{92AE0735-E05F-4A62-89FA-736D0B1E777C}.Release|Any CPU.Build.0 = Release|Any CPU
		{20E49433-B0E2-4FEE-ADBB-7F636F994CE2}.Debug|Any CPU.ActiveCfg = Debug|Any CPU
		{20E49433-B0E2-4FEE-ADBB-7F636F994CE2}.Debug|Any CPU.Build.0 = Debug|Any CPU
		{20E49433-B0E2-4FEE-ADBB-7F636F994CE2}.Release|Any CPU.ActiveCfg = Release|Any CPU
		{20E49433-B0E2-4FEE-ADBB-7F636F994CE2}.Release|Any CPU.Build.0 = Release|Any CPU
		{DBC16545-4967-4426-B0A7-BBCA8452CA5B}.Debug|Any CPU.ActiveCfg = Debug|Any CPU
		{DBC16545-4967-4426-B0A7-BBCA8452CA5B}.Debug|Any CPU.Build.0 = Debug|Any CPU
		{DBC16545-4967-4426-B0A7-BBCA8452CA5B}.Release|Any CPU.ActiveCfg = Release|Any CPU
		{DBC16545-4967-4426-B0A7-BBCA8452CA5B}.Release|Any CPU.Build.0 = Release|Any CPU
		{31AF626F-1D4D-4748-BF8A-96A9C07E3FE9}.Debug|Any CPU.ActiveCfg = Debug|Any CPU
		{31AF626F-1D4D-4748-BF8A-96A9C07E3FE9}.Debug|Any CPU.Build.0 = Debug|Any CPU
		{31AF626F-1D4D-4748-BF8A-96A9C07E3FE9}.Release|Any CPU.ActiveCfg = Release|Any CPU
		{31AF626F-1D4D-4748-BF8A-96A9C07E3FE9}.Release|Any CPU.Build.0 = Release|Any CPU
		{57063F7E-0964-4181-B05B-0816AB23AA05}.Debug|Any CPU.ActiveCfg = Debug|Any CPU
		{57063F7E-0964-4181-B05B-0816AB23AA05}.Debug|Any CPU.Build.0 = Debug|Any CPU
		{57063F7E-0964-4181-B05B-0816AB23AA05}.Release|Any CPU.ActiveCfg = Release|Any CPU
		{57063F7E-0964-4181-B05B-0816AB23AA05}.Release|Any CPU.Build.0 = Release|Any CPU
		{CF6BABDC-7491-4F5B-BA9A-385A46C32AA8}.Debug|Any CPU.ActiveCfg = Debug|Any CPU
		{CF6BABDC-7491-4F5B-BA9A-385A46C32AA8}.Debug|Any CPU.Build.0 = Debug|Any CPU
		{CF6BABDC-7491-4F5B-BA9A-385A46C32AA8}.Release|Any CPU.ActiveCfg = Release|Any CPU
		{CF6BABDC-7491-4F5B-BA9A-385A46C32AA8}.Release|Any CPU.Build.0 = Release|Any CPU
		{3EF03535-6F7C-4881-91E7-4C87A58D563E}.Debug|Any CPU.ActiveCfg = Debug|Any CPU
		{3EF03535-6F7C-4881-91E7-4C87A58D563E}.Debug|Any CPU.Build.0 = Debug|Any CPU
		{3EF03535-6F7C-4881-91E7-4C87A58D563E}.Release|Any CPU.ActiveCfg = Release|Any CPU
		{3EF03535-6F7C-4881-91E7-4C87A58D563E}.Release|Any CPU.Build.0 = Release|Any CPU
		{B201ED02-FB0F-4B60-9284-BDFF993CD517}.Debug|Any CPU.ActiveCfg = Debug|Any CPU
		{B201ED02-FB0F-4B60-9284-BDFF993CD517}.Debug|Any CPU.Build.0 = Debug|Any CPU
		{B201ED02-FB0F-4B60-9284-BDFF993CD517}.Release|Any CPU.ActiveCfg = Release|Any CPU
		{B201ED02-FB0F-4B60-9284-BDFF993CD517}.Release|Any CPU.Build.0 = Release|Any CPU
		{75146F4A-0CA1-43CB-8C57-AE33FCEC80EE}.Debug|Any CPU.ActiveCfg = Debug|Any CPU
		{75146F4A-0CA1-43CB-8C57-AE33FCEC80EE}.Debug|Any CPU.Build.0 = Debug|Any CPU
		{75146F4A-0CA1-43CB-8C57-AE33FCEC80EE}.Release|Any CPU.ActiveCfg = Release|Any CPU
		{75146F4A-0CA1-43CB-8C57-AE33FCEC80EE}.Release|Any CPU.Build.0 = Release|Any CPU
		{EDF3DEA3-D2FE-473C-B6D6-E84A061389EA}.Debug|Any CPU.ActiveCfg = Debug|Any CPU
		{EDF3DEA3-D2FE-473C-B6D6-E84A061389EA}.Debug|Any CPU.Build.0 = Debug|Any CPU
		{EDF3DEA3-D2FE-473C-B6D6-E84A061389EA}.Release|Any CPU.ActiveCfg = Release|Any CPU
		{EDF3DEA3-D2FE-473C-B6D6-E84A061389EA}.Release|Any CPU.Build.0 = Release|Any CPU
		{761F6FA3-5271-456E-8687-526CFA7D75B4}.Debug|Any CPU.ActiveCfg = Debug|Any CPU
		{761F6FA3-5271-456E-8687-526CFA7D75B4}.Debug|Any CPU.Build.0 = Debug|Any CPU
		{761F6FA3-5271-456E-8687-526CFA7D75B4}.Release|Any CPU.ActiveCfg = Release|Any CPU
		{761F6FA3-5271-456E-8687-526CFA7D75B4}.Release|Any CPU.Build.0 = Release|Any CPU
		{105F2346-E345-43F2-99CA-27FDE5DC7E8C}.Debug|Any CPU.ActiveCfg = Debug|Any CPU
		{105F2346-E345-43F2-99CA-27FDE5DC7E8C}.Debug|Any CPU.Build.0 = Debug|Any CPU
		{105F2346-E345-43F2-99CA-27FDE5DC7E8C}.Release|Any CPU.ActiveCfg = Release|Any CPU
		{105F2346-E345-43F2-99CA-27FDE5DC7E8C}.Release|Any CPU.Build.0 = Release|Any CPU
		{805C0B46-7D57-4FE1-952C-FD26DA5D9A23}.Debug|Any CPU.ActiveCfg = Debug|Any CPU
		{805C0B46-7D57-4FE1-952C-FD26DA5D9A23}.Debug|Any CPU.Build.0 = Debug|Any CPU
		{805C0B46-7D57-4FE1-952C-FD26DA5D9A23}.Release|Any CPU.ActiveCfg = Release|Any CPU
		{805C0B46-7D57-4FE1-952C-FD26DA5D9A23}.Release|Any CPU.Build.0 = Release|Any CPU
		{CBCE9546-BBF3-48DA-B3A2-C72659F2DF5E}.Debug|Any CPU.ActiveCfg = Debug|Any CPU
		{CBCE9546-BBF3-48DA-B3A2-C72659F2DF5E}.Debug|Any CPU.Build.0 = Debug|Any CPU
		{CBCE9546-BBF3-48DA-B3A2-C72659F2DF5E}.Release|Any CPU.ActiveCfg = Release|Any CPU
		{CBCE9546-BBF3-48DA-B3A2-C72659F2DF5E}.Release|Any CPU.Build.0 = Release|Any CPU
		{694BFDDF-C4AC-4B2F-8015-270551D93E8E}.Debug|Any CPU.ActiveCfg = Debug|Any CPU
		{694BFDDF-C4AC-4B2F-8015-270551D93E8E}.Debug|Any CPU.Build.0 = Debug|Any CPU
		{694BFDDF-C4AC-4B2F-8015-270551D93E8E}.Release|Any CPU.ActiveCfg = Release|Any CPU
		{694BFDDF-C4AC-4B2F-8015-270551D93E8E}.Release|Any CPU.Build.0 = Release|Any CPU
		{843CDC30-FBD2-49E0-AE88-3A85B5D7798C}.Debug|Any CPU.ActiveCfg = Debug|Any CPU
		{843CDC30-FBD2-49E0-AE88-3A85B5D7798C}.Debug|Any CPU.Build.0 = Debug|Any CPU
		{843CDC30-FBD2-49E0-AE88-3A85B5D7798C}.Release|Any CPU.ActiveCfg = Release|Any CPU
		{843CDC30-FBD2-49E0-AE88-3A85B5D7798C}.Release|Any CPU.Build.0 = Release|Any CPU
		{E72BCC12-8E01-4D1A-BD1C-EFB13972D4E7}.Debug|Any CPU.ActiveCfg = Debug|Any CPU
		{E72BCC12-8E01-4D1A-BD1C-EFB13972D4E7}.Debug|Any CPU.Build.0 = Debug|Any CPU
		{E72BCC12-8E01-4D1A-BD1C-EFB13972D4E7}.Release|Any CPU.ActiveCfg = Release|Any CPU
		{E72BCC12-8E01-4D1A-BD1C-EFB13972D4E7}.Release|Any CPU.Build.0 = Release|Any CPU
		{ADB58092-8F9B-4433-AA10-FF58DD300E8F}.Debug|Any CPU.ActiveCfg = Debug|Any CPU
		{ADB58092-8F9B-4433-AA10-FF58DD300E8F}.Debug|Any CPU.Build.0 = Debug|Any CPU
		{ADB58092-8F9B-4433-AA10-FF58DD300E8F}.Release|Any CPU.ActiveCfg = Release|Any CPU
		{ADB58092-8F9B-4433-AA10-FF58DD300E8F}.Release|Any CPU.Build.0 = Release|Any CPU
		{3A32C117-89A1-43F7-9DFF-0E96BAEFA857}.Debug|Any CPU.ActiveCfg = Debug|Any CPU
		{3A32C117-89A1-43F7-9DFF-0E96BAEFA857}.Debug|Any CPU.Build.0 = Debug|Any CPU
		{3A32C117-89A1-43F7-9DFF-0E96BAEFA857}.Release|Any CPU.ActiveCfg = Release|Any CPU
		{3A32C117-89A1-43F7-9DFF-0E96BAEFA857}.Release|Any CPU.Build.0 = Release|Any CPU
	EndGlobalSection
	GlobalSection(SolutionProperties) = preSolution
		HideSolutionNode = FALSE
	EndGlobalSection
	GlobalSection(NestedProjects) = preSolution
		{DC298329-F52D-44C3-B312-34D962F36807} = {BE47B086-4C05-4F88-9BB7-34CDCBC731CC}
		{11199695-DDC8-411F-A3F3-03F172DD8BD6} = {BE47B086-4C05-4F88-9BB7-34CDCBC731CC}
		{0A25200F-C5EF-45D8-BBD0-BDEE3A1D78ED} = {BE47B086-4C05-4F88-9BB7-34CDCBC731CC}
		{1DA76FE7-754D-43FB-9077-02EAD415F00D} = {BE47B086-4C05-4F88-9BB7-34CDCBC731CC}
		{06CAA483-9643-4505-886D-E01F2AE7C3C3} = {BE47B086-4C05-4F88-9BB7-34CDCBC731CC}
		{088DF38B-EAD5-46CA-9843-A0E53E249E39} = {BE47B086-4C05-4F88-9BB7-34CDCBC731CC}
		{DA50E6F6-7EDB-4669-BAC5-D2B12EC15CB7} = {BE47B086-4C05-4F88-9BB7-34CDCBC731CC}
		{92AE0735-E05F-4A62-89FA-736D0B1E777C} = {BE47B086-4C05-4F88-9BB7-34CDCBC731CC}
		{20E49433-B0E2-4FEE-ADBB-7F636F994CE2} = {BE47B086-4C05-4F88-9BB7-34CDCBC731CC}
		{DBC16545-4967-4426-B0A7-BBCA8452CA5B} = {BE47B086-4C05-4F88-9BB7-34CDCBC731CC}
		{31AF626F-1D4D-4748-BF8A-96A9C07E3FE9} = {BE47B086-4C05-4F88-9BB7-34CDCBC731CC}
		{57063F7E-0964-4181-B05B-0816AB23AA05} = {BE47B086-4C05-4F88-9BB7-34CDCBC731CC}
		{CF6BABDC-7491-4F5B-BA9A-385A46C32AA8} = {BE47B086-4C05-4F88-9BB7-34CDCBC731CC}
		{3EF03535-6F7C-4881-91E7-4C87A58D563E} = {BE47B086-4C05-4F88-9BB7-34CDCBC731CC}
		{B201ED02-FB0F-4B60-9284-BDFF993CD517} = {BE47B086-4C05-4F88-9BB7-34CDCBC731CC}
		{75146F4A-0CA1-43CB-8C57-AE33FCEC80EE} = {0A500E20-280F-4307-9C32-6707A55F06A0}
		{EDF3DEA3-D2FE-473C-B6D6-E84A061389EA} = {0A500E20-280F-4307-9C32-6707A55F06A0}
		{761F6FA3-5271-456E-8687-526CFA7D75B4} = {0A500E20-280F-4307-9C32-6707A55F06A0}
		{105F2346-E345-43F2-99CA-27FDE5DC7E8C} = {0A500E20-280F-4307-9C32-6707A55F06A0}
		{805C0B46-7D57-4FE1-952C-FD26DA5D9A23} = {0A500E20-280F-4307-9C32-6707A55F06A0}
		{CBCE9546-BBF3-48DA-B3A2-C72659F2DF5E} = {0A500E20-280F-4307-9C32-6707A55F06A0}
		{694BFDDF-C4AC-4B2F-8015-270551D93E8E} = {0A500E20-280F-4307-9C32-6707A55F06A0}
		{843CDC30-FBD2-49E0-AE88-3A85B5D7798C} = {0A500E20-280F-4307-9C32-6707A55F06A0}
		{E72BCC12-8E01-4D1A-BD1C-EFB13972D4E7} = {0A500E20-280F-4307-9C32-6707A55F06A0}
		{ADB58092-8F9B-4433-AA10-FF58DD300E8F} = {0A500E20-280F-4307-9C32-6707A55F06A0}
		{3A32C117-89A1-43F7-9DFF-0E96BAEFA857} = {0A500E20-280F-4307-9C32-6707A55F06A0}
	EndGlobalSection
	GlobalSection(ExtensibilityGlobals) = postSolution
		SolutionGuid = {828EA96E-9BAB-466C-9ED3-97F10E4DE214}
	EndGlobalSection
EndGlobal
