
Microsoft Visual Studio Solution File, Format Version 12.00
# Visual Studio 15
VisualStudioVersion = 15.0.28010.2026
MinimumVisualStudioVersion = 10.0.40219.1
Project("{2150E333-8FDC-42A3-9474-1A3956D46DE8}") = "Exercises", "Exercises", "{7BC4D4A6-B91A-4957-9239-09535EDE099D}"
EndProject
Project("{9A19103F-16F7-4668-BE54-9A1E7A4F7556}") = "01.DebitCardNumber", "Exercises\01.DebitCardNumber\01.DebitCardNumber.csproj", "{28A1EE98-DD77-4D13-A472-698C680B0FE7}"
EndProject
Project("{9A19103F-16F7-4668-BE54-9A1E7A4F7556}") = "02.RectangleArea", "Exercises\02.RectangleArea\02.RectangleArea.csproj", "{FF68F97E-8F8E-4EC4-96EB-251535127762}"
EndProject
Project("{9A19103F-16F7-4668-BE54-9A1E7A4F7556}") = "03.BeverageLabels", "Exercises\03.BeverageLabels\03.BeverageLabels.csproj", "{56DA145E-C215-4113-92C9-6E26835C9FA5}"
EndProject
Project("{9A19103F-16F7-4668-BE54-9A1E7A4F7556}") = "04.MilesToKm", "Exercises\04.MilesToKm\04.MilesToKm.csproj", "{A52600EB-44B1-4550-AE64-31F221DE8FFC}"
EndProject
Project("{9A19103F-16F7-4668-BE54-9A1E7A4F7556}") = "05.CharacterStats", "Exercises\05.CharacterStats\05.CharacterStats.csproj", "{49F0705A-C4C7-47DD-8888-12A5320D01A4}"
EndProject
Project("{2150E333-8FDC-42A3-9474-1A3956D46DE8}") = "Lab", "Lab", "{53C711EB-83F0-446A-807C-9CD491679C70}"
EndProject
Project("{9A19103F-16F7-4668-BE54-9A1E7A4F7556}") = "01.HelloCSharp", "Lab\01.HelloCSharp\01.HelloCSharp.csproj", "{531DE456-0C29-4A44-BE2A-08B62C4C0358}"
EndProject
Project("{9A19103F-16F7-4668-BE54-9A1E7A4F7556}") = "02.HelloYou", "Lab\02.HelloYou\02.HelloYou.csproj", "{97896620-C0E1-4723-B8E6-77D39A767EC6}"
EndProject
Project("{9A19103F-16F7-4668-BE54-9A1E7A4F7556}") = "03.Add2Number", "Lab\03.Add2Number\03.Add2Number.csproj", "{38B3B336-5AE5-4C4B-AB55-33965CFF1376}"
EndProject
Project("{9A19103F-16F7-4668-BE54-9A1E7A4F7556}") = "04.EmployeeData", "Lab\04.EmployeeData\04.EmployeeData.csproj", "{94157D62-C045-488D-92B1-AAA8DCB3867E}"
EndProject
Global
	GlobalSection(SolutionConfigurationPlatforms) = preSolution
		Debug|Any CPU = Debug|Any CPU
		Release|Any CPU = Release|Any CPU
	EndGlobalSection
	GlobalSection(ProjectConfigurationPlatforms) = postSolution
		{28A1EE98-DD77-4D13-A472-698C680B0FE7}.Debug|Any CPU.ActiveCfg = Debug|Any CPU
		{28A1EE98-DD77-4D13-A472-698C680B0FE7}.Debug|Any CPU.Build.0 = Debug|Any CPU
		{28A1EE98-DD77-4D13-A472-698C680B0FE7}.Release|Any CPU.ActiveCfg = Release|Any CPU
		{28A1EE98-DD77-4D13-A472-698C680B0FE7}.Release|Any CPU.Build.0 = Release|Any CPU
		{FF68F97E-8F8E-4EC4-96EB-251535127762}.Debug|Any CPU.ActiveCfg = Debug|Any CPU
		{FF68F97E-8F8E-4EC4-96EB-251535127762}.Debug|Any CPU.Build.0 = Debug|Any CPU
		{FF68F97E-8F8E-4EC4-96EB-251535127762}.Release|Any CPU.ActiveCfg = Release|Any CPU
		{FF68F97E-8F8E-4EC4-96EB-251535127762}.Release|Any CPU.Build.0 = Release|Any CPU
		{56DA145E-C215-4113-92C9-6E26835C9FA5}.Debug|Any CPU.ActiveCfg = Debug|Any CPU
		{56DA145E-C215-4113-92C9-6E26835C9FA5}.Debug|Any CPU.Build.0 = Debug|Any CPU
		{56DA145E-C215-4113-92C9-6E26835C9FA5}.Release|Any CPU.ActiveCfg = Release|Any CPU
		{56DA145E-C215-4113-92C9-6E26835C9FA5}.Release|Any CPU.Build.0 = Release|Any CPU
		{A52600EB-44B1-4550-AE64-31F221DE8FFC}.Debug|Any CPU.ActiveCfg = Debug|Any CPU
		{A52600EB-44B1-4550-AE64-31F221DE8FFC}.Debug|Any CPU.Build.0 = Debug|Any CPU
		{A52600EB-44B1-4550-AE64-31F221DE8FFC}.Release|Any CPU.ActiveCfg = Release|Any CPU
		{A52600EB-44B1-4550-AE64-31F221DE8FFC}.Release|Any CPU.Build.0 = Release|Any CPU
		{49F0705A-C4C7-47DD-8888-12A5320D01A4}.Debug|Any CPU.ActiveCfg = Debug|Any CPU
		{49F0705A-C4C7-47DD-8888-12A5320D01A4}.Debug|Any CPU.Build.0 = Debug|Any CPU
		{49F0705A-C4C7-47DD-8888-12A5320D01A4}.Release|Any CPU.ActiveCfg = Release|Any CPU
		{49F0705A-C4C7-47DD-8888-12A5320D01A4}.Release|Any CPU.Build.0 = Release|Any CPU
		{531DE456-0C29-4A44-BE2A-08B62C4C0358}.Debug|Any CPU.ActiveCfg = Debug|Any CPU
		{531DE456-0C29-4A44-BE2A-08B62C4C0358}.Debug|Any CPU.Build.0 = Debug|Any CPU
		{531DE456-0C29-4A44-BE2A-08B62C4C0358}.Release|Any CPU.ActiveCfg = Release|Any CPU
		{531DE456-0C29-4A44-BE2A-08B62C4C0358}.Release|Any CPU.Build.0 = Release|Any CPU
		{97896620-C0E1-4723-B8E6-77D39A767EC6}.Debug|Any CPU.ActiveCfg = Debug|Any CPU
		{97896620-C0E1-4723-B8E6-77D39A767EC6}.Debug|Any CPU.Build.0 = Debug|Any CPU
		{97896620-C0E1-4723-B8E6-77D39A767EC6}.Release|Any CPU.ActiveCfg = Release|Any CPU
		{97896620-C0E1-4723-B8E6-77D39A767EC6}.Release|Any CPU.Build.0 = Release|Any CPU
		{38B3B336-5AE5-4C4B-AB55-33965CFF1376}.Debug|Any CPU.ActiveCfg = Debug|Any CPU
		{38B3B336-5AE5-4C4B-AB55-33965CFF1376}.Debug|Any CPU.Build.0 = Debug|Any CPU
		{38B3B336-5AE5-4C4B-AB55-33965CFF1376}.Release|Any CPU.ActiveCfg = Release|Any CPU
		{38B3B336-5AE5-4C4B-AB55-33965CFF1376}.Release|Any CPU.Build.0 = Release|Any CPU
		{94157D62-C045-488D-92B1-AAA8DCB3867E}.Debug|Any CPU.ActiveCfg = Debug|Any CPU
		{94157D62-C045-488D-92B1-AAA8DCB3867E}.Debug|Any CPU.Build.0 = Debug|Any CPU
		{94157D62-C045-488D-92B1-AAA8DCB3867E}.Release|Any CPU.ActiveCfg = Release|Any CPU
		{94157D62-C045-488D-92B1-AAA8DCB3867E}.Release|Any CPU.Build.0 = Release|Any CPU
	EndGlobalSection
	GlobalSection(SolutionProperties) = preSolution
		HideSolutionNode = FALSE
	EndGlobalSection
	GlobalSection(NestedProjects) = preSolution
		{28A1EE98-DD77-4D13-A472-698C680B0FE7} = {7BC4D4A6-B91A-4957-9239-09535EDE099D}
		{FF68F97E-8F8E-4EC4-96EB-251535127762} = {7BC4D4A6-B91A-4957-9239-09535EDE099D}
		{56DA145E-C215-4113-92C9-6E26835C9FA5} = {7BC4D4A6-B91A-4957-9239-09535EDE099D}
		{A52600EB-44B1-4550-AE64-31F221DE8FFC} = {7BC4D4A6-B91A-4957-9239-09535EDE099D}
		{49F0705A-C4C7-47DD-8888-12A5320D01A4} = {7BC4D4A6-B91A-4957-9239-09535EDE099D}
		{531DE456-0C29-4A44-BE2A-08B62C4C0358} = {53C711EB-83F0-446A-807C-9CD491679C70}
		{97896620-C0E1-4723-B8E6-77D39A767EC6} = {53C711EB-83F0-446A-807C-9CD491679C70}
		{38B3B336-5AE5-4C4B-AB55-33965CFF1376} = {53C711EB-83F0-446A-807C-9CD491679C70}
		{94157D62-C045-488D-92B1-AAA8DCB3867E} = {53C711EB-83F0-446A-807C-9CD491679C70}
	EndGlobalSection
	GlobalSection(ExtensibilityGlobals) = postSolution
		SolutionGuid = {533C59B1-61C6-4EF9-A468-FD399DE5A625}
	EndGlobalSection
EndGlobal
